
Microsoft Visual Studio Solution File, Format Version 12.00
# Visual Studio 14
VisualStudioVersion = 14.0.25420.1
MinimumVisualStudioVersion = 10.0.40219.1
Project("{FAE04EC0-301F-11D3-BF4B-00C04F79EFBC}") = "Salesforce.Core", "Salesforce.Core\Salesforce.Core.csproj", "{BE81BAE8-5A4F-4D7F-AB03-C9AF5D1710FF}"
EndProject
Project("{FAE04EC0-301F-11D3-BF4B-00C04F79EFBC}") = "Salesforce.Android", "Salesforce.Android\Salesforce.Android.csproj", "{0D1F9D33-D146-4DDC-973E-160B8763FD1C}"
EndProject
Project("{FAE04EC0-301F-11D3-BF4B-00C04F79EFBC}") = "Salesforce.iOS", "Salesforce.iOS\Salesforce.iOS.csproj", "{0FC90089-3230-45DB-8DF5-3BC206F2C955}"
EndProject
Project("{FAE04EC0-301F-11D3-BF4B-00C04F79EFBC}") = "Salesforce.XamarinAndroid", "Salesforce.XamarinAndroid\Salesforce.XamarinAndroid.csproj", "{60A13CA1-2F48-4577-B375-6A4D8C434862}"
EndProject
Project("{FAE04EC0-301F-11D3-BF4B-00C04F79EFBC}") = "Salesforce.XamarinIOS", "Salesforce.XamarinIOS\Salesforce.XamarinIOS.csproj", "{0B68648C-59FA-453B-B751-E2987BC0DE1E}"
EndProject
Project("{FAE04EC0-301F-11D3-BF4B-00C04F79EFBC}") = "Salesforce.Core.Portable", "Salesforce.Core.Portable\Salesforce.Core.Portable.csproj", "{715DCA9F-B5DB-44BA-AA6D-5267CB7BC70A}"
EndProject
Global
	GlobalSection(SolutionConfigurationPlatforms) = preSolution
		Ad-Hoc|Any CPU = Ad-Hoc|Any CPU
		Ad-Hoc|ARM = Ad-Hoc|ARM
		Ad-Hoc|iPhone = Ad-Hoc|iPhone
		Ad-Hoc|iPhoneSimulator = Ad-Hoc|iPhoneSimulator
		Ad-Hoc|Mixed Platforms = Ad-Hoc|Mixed Platforms
		Ad-Hoc|x64 = Ad-Hoc|x64
		Ad-Hoc|x86 = Ad-Hoc|x86
		AppStore|Any CPU = AppStore|Any CPU
		AppStore|ARM = AppStore|ARM
		AppStore|iPhone = AppStore|iPhone
		AppStore|iPhoneSimulator = AppStore|iPhoneSimulator
		AppStore|Mixed Platforms = AppStore|Mixed Platforms
		AppStore|x64 = AppStore|x64
		AppStore|x86 = AppStore|x86
		Debug|Any CPU = Debug|Any CPU
		Debug|ARM = Debug|ARM
		Debug|iPhone = Debug|iPhone
		Debug|iPhoneSimulator = Debug|iPhoneSimulator
		Debug|Mixed Platforms = Debug|Mixed Platforms
		Debug|x64 = Debug|x64
		Debug|x86 = Debug|x86
		Release|Any CPU = Release|Any CPU
		Release|ARM = Release|ARM
		Release|iPhone = Release|iPhone
		Release|iPhoneSimulator = Release|iPhoneSimulator
		Release|Mixed Platforms = Release|Mixed Platforms
		Release|x64 = Release|x64
		Release|x86 = Release|x86
	EndGlobalSection
	GlobalSection(ProjectConfigurationPlatforms) = postSolution
		{BE81BAE8-5A4F-4D7F-AB03-C9AF5D1710FF}.Ad-Hoc|Any CPU.ActiveCfg = Debug|Any CPU
		{BE81BAE8-5A4F-4D7F-AB03-C9AF5D1710FF}.Ad-Hoc|Any CPU.Build.0 = Debug|Any CPU
		{BE81BAE8-5A4F-4D7F-AB03-C9AF5D1710FF}.Ad-Hoc|ARM.ActiveCfg = Release|Any CPU
		{BE81BAE8-5A4F-4D7F-AB03-C9AF5D1710FF}.Ad-Hoc|ARM.Build.0 = Release|Any CPU
		{BE81BAE8-5A4F-4D7F-AB03-C9AF5D1710FF}.Ad-Hoc|iPhone.ActiveCfg = Release|Any CPU
		{BE81BAE8-5A4F-4D7F-AB03-C9AF5D1710FF}.Ad-Hoc|iPhone.Build.0 = Release|Any CPU
		{BE81BAE8-5A4F-4D7F-AB03-C9AF5D1710FF}.Ad-Hoc|iPhoneSimulator.ActiveCfg = Debug|Any CPU
		{BE81BAE8-5A4F-4D7F-AB03-C9AF5D1710FF}.Ad-Hoc|iPhoneSimulator.Build.0 = Debug|Any CPU
		{BE81BAE8-5A4F-4D7F-AB03-C9AF5D1710FF}.Ad-Hoc|Mixed Platforms.ActiveCfg = Release|Any CPU
		{BE81BAE8-5A4F-4D7F-AB03-C9AF5D1710FF}.Ad-Hoc|Mixed Platforms.Build.0 = Release|Any CPU
		{BE81BAE8-5A4F-4D7F-AB03-C9AF5D1710FF}.Ad-Hoc|x64.ActiveCfg = Release|Any CPU
		{BE81BAE8-5A4F-4D7F-AB03-C9AF5D1710FF}.Ad-Hoc|x64.Build.0 = Release|Any CPU
		{BE81BAE8-5A4F-4D7F-AB03-C9AF5D1710FF}.Ad-Hoc|x86.ActiveCfg = Release|Any CPU
		{BE81BAE8-5A4F-4D7F-AB03-C9AF5D1710FF}.Ad-Hoc|x86.Build.0 = Release|Any CPU
		{BE81BAE8-5A4F-4D7F-AB03-C9AF5D1710FF}.AppStore|Any CPU.ActiveCfg = Debug|Any CPU
		{BE81BAE8-5A4F-4D7F-AB03-C9AF5D1710FF}.AppStore|Any CPU.Build.0 = Debug|Any CPU
		{BE81BAE8-5A4F-4D7F-AB03-C9AF5D1710FF}.AppStore|ARM.ActiveCfg = Release|Any CPU
		{BE81BAE8-5A4F-4D7F-AB03-C9AF5D1710FF}.AppStore|ARM.Build.0 = Release|Any CPU
		{BE81BAE8-5A4F-4D7F-AB03-C9AF5D1710FF}.AppStore|iPhone.ActiveCfg = Release|Any CPU
		{BE81BAE8-5A4F-4D7F-AB03-C9AF5D1710FF}.AppStore|iPhone.Build.0 = Release|Any CPU
		{BE81BAE8-5A4F-4D7F-AB03-C9AF5D1710FF}.AppStore|iPhoneSimulator.ActiveCfg = Debug|Any CPU
		{BE81BAE8-5A4F-4D7F-AB03-C9AF5D1710FF}.AppStore|iPhoneSimulator.Build.0 = Debug|Any CPU
		{BE81BAE8-5A4F-4D7F-AB03-C9AF5D1710FF}.AppStore|Mixed Platforms.ActiveCfg = Release|Any CPU
		{BE81BAE8-5A4F-4D7F-AB03-C9AF5D1710FF}.AppStore|Mixed Platforms.Build.0 = Release|Any CPU
		{BE81BAE8-5A4F-4D7F-AB03-C9AF5D1710FF}.AppStore|x64.ActiveCfg = Release|Any CPU
		{BE81BAE8-5A4F-4D7F-AB03-C9AF5D1710FF}.AppStore|x64.Build.0 = Release|Any CPU
		{BE81BAE8-5A4F-4D7F-AB03-C9AF5D1710FF}.AppStore|x86.ActiveCfg = Release|Any CPU
		{BE81BAE8-5A4F-4D7F-AB03-C9AF5D1710FF}.AppStore|x86.Build.0 = Release|Any CPU
		{BE81BAE8-5A4F-4D7F-AB03-C9AF5D1710FF}.Debug|Any CPU.ActiveCfg = Debug|Any CPU
		{BE81BAE8-5A4F-4D7F-AB03-C9AF5D1710FF}.Debug|Any CPU.Build.0 = Debug|Any CPU
		{BE81BAE8-5A4F-4D7F-AB03-C9AF5D1710FF}.Debug|ARM.ActiveCfg = Debug|Any CPU
		{BE81BAE8-5A4F-4D7F-AB03-C9AF5D1710FF}.Debug|ARM.Build.0 = Debug|Any CPU
		{BE81BAE8-5A4F-4D7F-AB03-C9AF5D1710FF}.Debug|iPhone.ActiveCfg = Debug|Any CPU
		{BE81BAE8-5A4F-4D7F-AB03-C9AF5D1710FF}.Debug|iPhone.Build.0 = Debug|Any CPU
		{BE81BAE8-5A4F-4D7F-AB03-C9AF5D1710FF}.Debug|iPhoneSimulator.ActiveCfg = Debug|Any CPU
		{BE81BAE8-5A4F-4D7F-AB03-C9AF5D1710FF}.Debug|iPhoneSimulator.Build.0 = Debug|Any CPU
		{BE81BAE8-5A4F-4D7F-AB03-C9AF5D1710FF}.Debug|Mixed Platforms.ActiveCfg = Debug|Any CPU
		{BE81BAE8-5A4F-4D7F-AB03-C9AF5D1710FF}.Debug|Mixed Platforms.Build.0 = Debug|Any CPU
		{BE81BAE8-5A4F-4D7F-AB03-C9AF5D1710FF}.Debug|x64.ActiveCfg = Debug|Any CPU
		{BE81BAE8-5A4F-4D7F-AB03-C9AF5D1710FF}.Debug|x64.Build.0 = Debug|Any CPU
		{BE81BAE8-5A4F-4D7F-AB03-C9AF5D1710FF}.Debug|x86.ActiveCfg = Debug|Any CPU
		{BE81BAE8-5A4F-4D7F-AB03-C9AF5D1710FF}.Debug|x86.Build.0 = Debug|Any CPU
		{BE81BAE8-5A4F-4D7F-AB03-C9AF5D1710FF}.Release|Any CPU.ActiveCfg = Release|Any CPU
		{BE81BAE8-5A4F-4D7F-AB03-C9AF5D1710FF}.Release|Any CPU.Build.0 = Release|Any CPU
		{BE81BAE8-5A4F-4D7F-AB03-C9AF5D1710FF}.Release|ARM.ActiveCfg = Release|Any CPU
		{BE81BAE8-5A4F-4D7F-AB03-C9AF5D1710FF}.Release|ARM.Build.0 = Release|Any CPU
		{BE81BAE8-5A4F-4D7F-AB03-C9AF5D1710FF}.Release|iPhone.ActiveCfg = Release|Any CPU
		{BE81BAE8-5A4F-4D7F-AB03-C9AF5D1710FF}.Release|iPhone.Build.0 = Release|Any CPU
		{BE81BAE8-5A4F-4D7F-AB03-C9AF5D1710FF}.Release|iPhoneSimulator.ActiveCfg = Release|Any CPU
		{BE81BAE8-5A4F-4D7F-AB03-C9AF5D1710FF}.Release|iPhoneSimulator.Build.0 = Release|Any CPU
		{BE81BAE8-5A4F-4D7F-AB03-C9AF5D1710FF}.Release|Mixed Platforms.ActiveCfg = Release|Any CPU
		{BE81BAE8-5A4F-4D7F-AB03-C9AF5D1710FF}.Release|Mixed Platforms.Build.0 = Release|Any CPU
		{BE81BAE8-5A4F-4D7F-AB03-C9AF5D1710FF}.Release|x64.ActiveCfg = Release|Any CPU
		{BE81BAE8-5A4F-4D7F-AB03-C9AF5D1710FF}.Release|x64.Build.0 = Release|Any CPU
		{BE81BAE8-5A4F-4D7F-AB03-C9AF5D1710FF}.Release|x86.ActiveCfg = Release|Any CPU
		{BE81BAE8-5A4F-4D7F-AB03-C9AF5D1710FF}.Release|x86.Build.0 = Release|Any CPU
		{0D1F9D33-D146-4DDC-973E-160B8763FD1C}.Ad-Hoc|Any CPU.ActiveCfg = Debug|Any CPU
		{0D1F9D33-D146-4DDC-973E-160B8763FD1C}.Ad-Hoc|Any CPU.Build.0 = Debug|Any CPU
		{0D1F9D33-D146-4DDC-973E-160B8763FD1C}.Ad-Hoc|ARM.ActiveCfg = Release|Any CPU
		{0D1F9D33-D146-4DDC-973E-160B8763FD1C}.Ad-Hoc|ARM.Build.0 = Release|Any CPU
		{0D1F9D33-D146-4DDC-973E-160B8763FD1C}.Ad-Hoc|iPhone.ActiveCfg = Release|Any CPU
		{0D1F9D33-D146-4DDC-973E-160B8763FD1C}.Ad-Hoc|iPhone.Build.0 = Release|Any CPU
		{0D1F9D33-D146-4DDC-973E-160B8763FD1C}.Ad-Hoc|iPhoneSimulator.ActiveCfg = Debug|Any CPU
		{0D1F9D33-D146-4DDC-973E-160B8763FD1C}.Ad-Hoc|iPhoneSimulator.Build.0 = Debug|Any CPU
		{0D1F9D33-D146-4DDC-973E-160B8763FD1C}.Ad-Hoc|Mixed Platforms.ActiveCfg = Release|Any CPU
		{0D1F9D33-D146-4DDC-973E-160B8763FD1C}.Ad-Hoc|Mixed Platforms.Build.0 = Release|Any CPU
		{0D1F9D33-D146-4DDC-973E-160B8763FD1C}.Ad-Hoc|x64.ActiveCfg = Release|Any CPU
		{0D1F9D33-D146-4DDC-973E-160B8763FD1C}.Ad-Hoc|x64.Build.0 = Release|Any CPU
		{0D1F9D33-D146-4DDC-973E-160B8763FD1C}.Ad-Hoc|x86.ActiveCfg = Release|Any CPU
		{0D1F9D33-D146-4DDC-973E-160B8763FD1C}.Ad-Hoc|x86.Build.0 = Release|Any CPU
		{0D1F9D33-D146-4DDC-973E-160B8763FD1C}.AppStore|Any CPU.ActiveCfg = Debug|Any CPU
		{0D1F9D33-D146-4DDC-973E-160B8763FD1C}.AppStore|Any CPU.Build.0 = Debug|Any CPU
		{0D1F9D33-D146-4DDC-973E-160B8763FD1C}.AppStore|ARM.ActiveCfg = Release|Any CPU
		{0D1F9D33-D146-4DDC-973E-160B8763FD1C}.AppStore|ARM.Build.0 = Release|Any CPU
		{0D1F9D33-D146-4DDC-973E-160B8763FD1C}.AppStore|iPhone.ActiveCfg = Release|Any CPU
		{0D1F9D33-D146-4DDC-973E-160B8763FD1C}.AppStore|iPhone.Build.0 = Release|Any CPU
		{0D1F9D33-D146-4DDC-973E-160B8763FD1C}.AppStore|iPhoneSimulator.ActiveCfg = Debug|Any CPU
		{0D1F9D33-D146-4DDC-973E-160B8763FD1C}.AppStore|iPhoneSimulator.Build.0 = Debug|Any CPU
		{0D1F9D33-D146-4DDC-973E-160B8763FD1C}.AppStore|Mixed Platforms.ActiveCfg = Release|Any CPU
		{0D1F9D33-D146-4DDC-973E-160B8763FD1C}.AppStore|Mixed Platforms.Build.0 = Release|Any CPU
		{0D1F9D33-D146-4DDC-973E-160B8763FD1C}.AppStore|x64.ActiveCfg = Release|Any CPU
		{0D1F9D33-D146-4DDC-973E-160B8763FD1C}.AppStore|x64.Build.0 = Release|Any CPU
		{0D1F9D33-D146-4DDC-973E-160B8763FD1C}.AppStore|x86.ActiveCfg = Release|Any CPU
		{0D1F9D33-D146-4DDC-973E-160B8763FD1C}.AppStore|x86.Build.0 = Release|Any CPU
		{0D1F9D33-D146-4DDC-973E-160B8763FD1C}.Debug|Any CPU.ActiveCfg = Debug|Any CPU
		{0D1F9D33-D146-4DDC-973E-160B8763FD1C}.Debug|Any CPU.Build.0 = Debug|Any CPU
		{0D1F9D33-D146-4DDC-973E-160B8763FD1C}.Debug|ARM.ActiveCfg = Debug|Any CPU
		{0D1F9D33-D146-4DDC-973E-160B8763FD1C}.Debug|ARM.Build.0 = Debug|Any CPU
		{0D1F9D33-D146-4DDC-973E-160B8763FD1C}.Debug|iPhone.ActiveCfg = Debug|Any CPU
		{0D1F9D33-D146-4DDC-973E-160B8763FD1C}.Debug|iPhone.Build.0 = Debug|Any CPU
		{0D1F9D33-D146-4DDC-973E-160B8763FD1C}.Debug|iPhoneSimulator.ActiveCfg = Debug|Any CPU
		{0D1F9D33-D146-4DDC-973E-160B8763FD1C}.Debug|iPhoneSimulator.Build.0 = Debug|Any CPU
		{0D1F9D33-D146-4DDC-973E-160B8763FD1C}.Debug|Mixed Platforms.ActiveCfg = Debug|Any CPU
		{0D1F9D33-D146-4DDC-973E-160B8763FD1C}.Debug|Mixed Platforms.Build.0 = Debug|Any CPU
		{0D1F9D33-D146-4DDC-973E-160B8763FD1C}.Debug|x64.ActiveCfg = Debug|Any CPU
		{0D1F9D33-D146-4DDC-973E-160B8763FD1C}.Debug|x64.Build.0 = Debug|Any CPU
		{0D1F9D33-D146-4DDC-973E-160B8763FD1C}.Debug|x86.ActiveCfg = Debug|Any CPU
		{0D1F9D33-D146-4DDC-973E-160B8763FD1C}.Debug|x86.Build.0 = Debug|Any CPU
		{0D1F9D33-D146-4DDC-973E-160B8763FD1C}.Release|Any CPU.ActiveCfg = Release|Any CPU
		{0D1F9D33-D146-4DDC-973E-160B8763FD1C}.Release|Any CPU.Build.0 = Release|Any CPU
		{0D1F9D33-D146-4DDC-973E-160B8763FD1C}.Release|ARM.ActiveCfg = Release|Any CPU
		{0D1F9D33-D146-4DDC-973E-160B8763FD1C}.Release|ARM.Build.0 = Release|Any CPU
		{0D1F9D33-D146-4DDC-973E-160B8763FD1C}.Release|iPhone.ActiveCfg = Release|Any CPU
		{0D1F9D33-D146-4DDC-973E-160B8763FD1C}.Release|iPhone.Build.0 = Release|Any CPU
		{0D1F9D33-D146-4DDC-973E-160B8763FD1C}.Release|iPhoneSimulator.ActiveCfg = Release|Any CPU
		{0D1F9D33-D146-4DDC-973E-160B8763FD1C}.Release|iPhoneSimulator.Build.0 = Release|Any CPU
		{0D1F9D33-D146-4DDC-973E-160B8763FD1C}.Release|Mixed Platforms.ActiveCfg = Release|Any CPU
		{0D1F9D33-D146-4DDC-973E-160B8763FD1C}.Release|Mixed Platforms.Build.0 = Release|Any CPU
		{0D1F9D33-D146-4DDC-973E-160B8763FD1C}.Release|x64.ActiveCfg = Release|Any CPU
		{0D1F9D33-D146-4DDC-973E-160B8763FD1C}.Release|x64.Build.0 = Release|Any CPU
		{0D1F9D33-D146-4DDC-973E-160B8763FD1C}.Release|x86.ActiveCfg = Release|Any CPU
		{0D1F9D33-D146-4DDC-973E-160B8763FD1C}.Release|x86.Build.0 = Release|Any CPU
		{0FC90089-3230-45DB-8DF5-3BC206F2C955}.Ad-Hoc|Any CPU.ActiveCfg = Debug|Any CPU
		{0FC90089-3230-45DB-8DF5-3BC206F2C955}.Ad-Hoc|Any CPU.Build.0 = Debug|Any CPU
		{0FC90089-3230-45DB-8DF5-3BC206F2C955}.Ad-Hoc|ARM.ActiveCfg = Release|Any CPU
		{0FC90089-3230-45DB-8DF5-3BC206F2C955}.Ad-Hoc|ARM.Build.0 = Release|Any CPU
		{0FC90089-3230-45DB-8DF5-3BC206F2C955}.Ad-Hoc|iPhone.ActiveCfg = Release|Any CPU
		{0FC90089-3230-45DB-8DF5-3BC206F2C955}.Ad-Hoc|iPhone.Build.0 = Release|Any CPU
		{0FC90089-3230-45DB-8DF5-3BC206F2C955}.Ad-Hoc|iPhoneSimulator.ActiveCfg = Release|Any CPU
		{0FC90089-3230-45DB-8DF5-3BC206F2C955}.Ad-Hoc|iPhoneSimulator.Build.0 = Release|Any CPU
		{0FC90089-3230-45DB-8DF5-3BC206F2C955}.Ad-Hoc|Mixed Platforms.ActiveCfg = Release|Any CPU
		{0FC90089-3230-45DB-8DF5-3BC206F2C955}.Ad-Hoc|Mixed Platforms.Build.0 = Release|Any CPU
		{0FC90089-3230-45DB-8DF5-3BC206F2C955}.Ad-Hoc|x64.ActiveCfg = Release|Any CPU
		{0FC90089-3230-45DB-8DF5-3BC206F2C955}.Ad-Hoc|x64.Build.0 = Release|Any CPU
		{0FC90089-3230-45DB-8DF5-3BC206F2C955}.Ad-Hoc|x86.ActiveCfg = Release|Any CPU
		{0FC90089-3230-45DB-8DF5-3BC206F2C955}.Ad-Hoc|x86.Build.0 = Release|Any CPU
		{0FC90089-3230-45DB-8DF5-3BC206F2C955}.AppStore|Any CPU.ActiveCfg = Debug|Any CPU
		{0FC90089-3230-45DB-8DF5-3BC206F2C955}.AppStore|Any CPU.Build.0 = Debug|Any CPU
		{0FC90089-3230-45DB-8DF5-3BC206F2C955}.AppStore|ARM.ActiveCfg = Release|Any CPU
		{0FC90089-3230-45DB-8DF5-3BC206F2C955}.AppStore|ARM.Build.0 = Release|Any CPU
		{0FC90089-3230-45DB-8DF5-3BC206F2C955}.AppStore|iPhone.ActiveCfg = Release|Any CPU
		{0FC90089-3230-45DB-8DF5-3BC206F2C955}.AppStore|iPhone.Build.0 = Release|Any CPU
		{0FC90089-3230-45DB-8DF5-3BC206F2C955}.AppStore|iPhoneSimulator.ActiveCfg = Release|Any CPU
		{0FC90089-3230-45DB-8DF5-3BC206F2C955}.AppStore|iPhoneSimulator.Build.0 = Release|Any CPU
		{0FC90089-3230-45DB-8DF5-3BC206F2C955}.AppStore|Mixed Platforms.ActiveCfg = Release|Any CPU
		{0FC90089-3230-45DB-8DF5-3BC206F2C955}.AppStore|Mixed Platforms.Build.0 = Release|Any CPU
		{0FC90089-3230-45DB-8DF5-3BC206F2C955}.AppStore|x64.ActiveCfg = Release|Any CPU
		{0FC90089-3230-45DB-8DF5-3BC206F2C955}.AppStore|x64.Build.0 = Release|Any CPU
		{0FC90089-3230-45DB-8DF5-3BC206F2C955}.AppStore|x86.ActiveCfg = Release|Any CPU
		{0FC90089-3230-45DB-8DF5-3BC206F2C955}.AppStore|x86.Build.0 = Release|Any CPU
		{0FC90089-3230-45DB-8DF5-3BC206F2C955}.Debug|Any CPU.ActiveCfg = Debug|Any CPU
		{0FC90089-3230-45DB-8DF5-3BC206F2C955}.Debug|Any CPU.Build.0 = Debug|Any CPU
		{0FC90089-3230-45DB-8DF5-3BC206F2C955}.Debug|ARM.ActiveCfg = Debug|Any CPU
		{0FC90089-3230-45DB-8DF5-3BC206F2C955}.Debug|ARM.Build.0 = Debug|Any CPU
		{0FC90089-3230-45DB-8DF5-3BC206F2C955}.Debug|iPhone.ActiveCfg = Debug|Any CPU
		{0FC90089-3230-45DB-8DF5-3BC206F2C955}.Debug|iPhone.Build.0 = Debug|Any CPU
		{0FC90089-3230-45DB-8DF5-3BC206F2C955}.Debug|iPhoneSimulator.ActiveCfg = Debug|Any CPU
		{0FC90089-3230-45DB-8DF5-3BC206F2C955}.Debug|iPhoneSimulator.Build.0 = Debug|Any CPU
		{0FC90089-3230-45DB-8DF5-3BC206F2C955}.Debug|Mixed Platforms.ActiveCfg = Debug|Any CPU
		{0FC90089-3230-45DB-8DF5-3BC206F2C955}.Debug|Mixed Platforms.Build.0 = Debug|Any CPU
		{0FC90089-3230-45DB-8DF5-3BC206F2C955}.Debug|x64.ActiveCfg = Debug|Any CPU
		{0FC90089-3230-45DB-8DF5-3BC206F2C955}.Debug|x64.Build.0 = Debug|Any CPU
		{0FC90089-3230-45DB-8DF5-3BC206F2C955}.Debug|x86.ActiveCfg = Debug|Any CPU
		{0FC90089-3230-45DB-8DF5-3BC206F2C955}.Debug|x86.Build.0 = Debug|Any CPU
		{0FC90089-3230-45DB-8DF5-3BC206F2C955}.Release|Any CPU.ActiveCfg = Release|Any CPU
		{0FC90089-3230-45DB-8DF5-3BC206F2C955}.Release|Any CPU.Build.0 = Release|Any CPU
		{0FC90089-3230-45DB-8DF5-3BC206F2C955}.Release|ARM.ActiveCfg = Release|Any CPU
		{0FC90089-3230-45DB-8DF5-3BC206F2C955}.Release|ARM.Build.0 = Release|Any CPU
		{0FC90089-3230-45DB-8DF5-3BC206F2C955}.Release|iPhone.ActiveCfg = Release|Any CPU
		{0FC90089-3230-45DB-8DF5-3BC206F2C955}.Release|iPhone.Build.0 = Release|Any CPU
		{0FC90089-3230-45DB-8DF5-3BC206F2C955}.Release|iPhoneSimulator.ActiveCfg = Release|Any CPU
		{0FC90089-3230-45DB-8DF5-3BC206F2C955}.Release|iPhoneSimulator.Build.0 = Release|Any CPU
		{0FC90089-3230-45DB-8DF5-3BC206F2C955}.Release|Mixed Platforms.ActiveCfg = Release|Any CPU
		{0FC90089-3230-45DB-8DF5-3BC206F2C955}.Release|Mixed Platforms.Build.0 = Release|Any CPU
		{0FC90089-3230-45DB-8DF5-3BC206F2C955}.Release|x64.ActiveCfg = Release|Any CPU
		{0FC90089-3230-45DB-8DF5-3BC206F2C955}.Release|x64.Build.0 = Release|Any CPU
		{0FC90089-3230-45DB-8DF5-3BC206F2C955}.Release|x86.ActiveCfg = Release|Any CPU
		{0FC90089-3230-45DB-8DF5-3BC206F2C955}.Release|x86.Build.0 = Release|Any CPU
		{60A13CA1-2F48-4577-B375-6A4D8C434862}.Ad-Hoc|Any CPU.ActiveCfg = Debug|Any CPU
		{60A13CA1-2F48-4577-B375-6A4D8C434862}.Ad-Hoc|Any CPU.Build.0 = Debug|Any CPU
		{60A13CA1-2F48-4577-B375-6A4D8C434862}.Ad-Hoc|ARM.ActiveCfg = Release|Any CPU
		{60A13CA1-2F48-4577-B375-6A4D8C434862}.Ad-Hoc|ARM.Build.0 = Release|Any CPU
		{60A13CA1-2F48-4577-B375-6A4D8C434862}.Ad-Hoc|iPhone.ActiveCfg = Release|Any CPU
		{60A13CA1-2F48-4577-B375-6A4D8C434862}.Ad-Hoc|iPhone.Build.0 = Release|Any CPU
		{60A13CA1-2F48-4577-B375-6A4D8C434862}.Ad-Hoc|iPhoneSimulator.ActiveCfg = Debug|Any CPU
		{60A13CA1-2F48-4577-B375-6A4D8C434862}.Ad-Hoc|iPhoneSimulator.Build.0 = Debug|Any CPU
		{60A13CA1-2F48-4577-B375-6A4D8C434862}.Ad-Hoc|Mixed Platforms.ActiveCfg = Release|Any CPU
		{60A13CA1-2F48-4577-B375-6A4D8C434862}.Ad-Hoc|Mixed Platforms.Build.0 = Release|Any CPU
		{60A13CA1-2F48-4577-B375-6A4D8C434862}.Ad-Hoc|x64.ActiveCfg = Release|Any CPU
		{60A13CA1-2F48-4577-B375-6A4D8C434862}.Ad-Hoc|x64.Build.0 = Release|Any CPU
		{60A13CA1-2F48-4577-B375-6A4D8C434862}.Ad-Hoc|x86.ActiveCfg = Release|Any CPU
		{60A13CA1-2F48-4577-B375-6A4D8C434862}.Ad-Hoc|x86.Build.0 = Release|Any CPU
		{60A13CA1-2F48-4577-B375-6A4D8C434862}.AppStore|Any CPU.ActiveCfg = Debug|Any CPU
		{60A13CA1-2F48-4577-B375-6A4D8C434862}.AppStore|Any CPU.Build.0 = Debug|Any CPU
		{60A13CA1-2F48-4577-B375-6A4D8C434862}.AppStore|ARM.ActiveCfg = Release|Any CPU
		{60A13CA1-2F48-4577-B375-6A4D8C434862}.AppStore|ARM.Build.0 = Release|Any CPU
		{60A13CA1-2F48-4577-B375-6A4D8C434862}.AppStore|iPhone.ActiveCfg = Release|Any CPU
		{60A13CA1-2F48-4577-B375-6A4D8C434862}.AppStore|iPhone.Build.0 = Release|Any CPU
		{60A13CA1-2F48-4577-B375-6A4D8C434862}.AppStore|iPhoneSimulator.ActiveCfg = Debug|Any CPU
		{60A13CA1-2F48-4577-B375-6A4D8C434862}.AppStore|iPhoneSimulator.Build.0 = Debug|Any CPU
		{60A13CA1-2F48-4577-B375-6A4D8C434862}.AppStore|Mixed Platforms.ActiveCfg = Release|Any CPU
		{60A13CA1-2F48-4577-B375-6A4D8C434862}.AppStore|Mixed Platforms.Build.0 = Release|Any CPU
		{60A13CA1-2F48-4577-B375-6A4D8C434862}.AppStore|x64.ActiveCfg = Release|Any CPU
		{60A13CA1-2F48-4577-B375-6A4D8C434862}.AppStore|x64.Build.0 = Release|Any CPU
		{60A13CA1-2F48-4577-B375-6A4D8C434862}.AppStore|x86.ActiveCfg = Release|Any CPU
		{60A13CA1-2F48-4577-B375-6A4D8C434862}.AppStore|x86.Build.0 = Release|Any CPU
		{60A13CA1-2F48-4577-B375-6A4D8C434862}.Debug|Any CPU.ActiveCfg = Debug|Any CPU
		{60A13CA1-2F48-4577-B375-6A4D8C434862}.Debug|Any CPU.Build.0 = Debug|Any CPU
		{60A13CA1-2F48-4577-B375-6A4D8C434862}.Debug|ARM.ActiveCfg = Debug|Any CPU
		{60A13CA1-2F48-4577-B375-6A4D8C434862}.Debug|ARM.Build.0 = Debug|Any CPU
		{60A13CA1-2F48-4577-B375-6A4D8C434862}.Debug|iPhone.ActiveCfg = Debug|Any CPU
		{60A13CA1-2F48-4577-B375-6A4D8C434862}.Debug|iPhone.Build.0 = Debug|Any CPU
		{60A13CA1-2F48-4577-B375-6A4D8C434862}.Debug|iPhoneSimulator.ActiveCfg = Debug|Any CPU
		{60A13CA1-2F48-4577-B375-6A4D8C434862}.Debug|iPhoneSimulator.Build.0 = Debug|Any CPU
		{60A13CA1-2F48-4577-B375-6A4D8C434862}.Debug|Mixed Platforms.ActiveCfg = Debug|Any CPU
		{60A13CA1-2F48-4577-B375-6A4D8C434862}.Debug|Mixed Platforms.Build.0 = Debug|Any CPU
		{60A13CA1-2F48-4577-B375-6A4D8C434862}.Debug|x64.ActiveCfg = Debug|Any CPU
		{60A13CA1-2F48-4577-B375-6A4D8C434862}.Debug|x64.Build.0 = Debug|Any CPU
		{60A13CA1-2F48-4577-B375-6A4D8C434862}.Debug|x86.ActiveCfg = Debug|Any CPU
		{60A13CA1-2F48-4577-B375-6A4D8C434862}.Debug|x86.Build.0 = Debug|Any CPU
		{60A13CA1-2F48-4577-B375-6A4D8C434862}.Release|Any CPU.ActiveCfg = Release|Any CPU
		{60A13CA1-2F48-4577-B375-6A4D8C434862}.Release|Any CPU.Build.0 = Release|Any CPU
		{60A13CA1-2F48-4577-B375-6A4D8C434862}.Release|ARM.ActiveCfg = Release|Any CPU
		{60A13CA1-2F48-4577-B375-6A4D8C434862}.Release|ARM.Build.0 = Release|Any CPU
		{60A13CA1-2F48-4577-B375-6A4D8C434862}.Release|iPhone.ActiveCfg = Release|Any CPU
		{60A13CA1-2F48-4577-B375-6A4D8C434862}.Release|iPhone.Build.0 = Release|Any CPU
		{60A13CA1-2F48-4577-B375-6A4D8C434862}.Release|iPhoneSimulator.ActiveCfg = Release|Any CPU
		{60A13CA1-2F48-4577-B375-6A4D8C434862}.Release|iPhoneSimulator.Build.0 = Release|Any CPU
		{60A13CA1-2F48-4577-B375-6A4D8C434862}.Release|Mixed Platforms.ActiveCfg = Release|Any CPU
		{60A13CA1-2F48-4577-B375-6A4D8C434862}.Release|Mixed Platforms.Build.0 = Release|Any CPU
		{60A13CA1-2F48-4577-B375-6A4D8C434862}.Release|x64.ActiveCfg = Release|Any CPU
		{60A13CA1-2F48-4577-B375-6A4D8C434862}.Release|x64.Build.0 = Release|Any CPU
		{60A13CA1-2F48-4577-B375-6A4D8C434862}.Release|x86.ActiveCfg = Release|Any CPU
		{60A13CA1-2F48-4577-B375-6A4D8C434862}.Release|x86.Build.0 = Release|Any CPU
		{0B68648C-59FA-453B-B751-E2987BC0DE1E}.Ad-Hoc|Any CPU.ActiveCfg = Debug|Any CPU
		{0B68648C-59FA-453B-B751-E2987BC0DE1E}.Ad-Hoc|Any CPU.Build.0 = Debug|Any CPU
		{0B68648C-59FA-453B-B751-E2987BC0DE1E}.Ad-Hoc|ARM.ActiveCfg = Release|Any CPU
		{0B68648C-59FA-453B-B751-E2987BC0DE1E}.Ad-Hoc|ARM.Build.0 = Release|Any CPU
		{0B68648C-59FA-453B-B751-E2987BC0DE1E}.Ad-Hoc|iPhone.ActiveCfg = Release|Any CPU
		{0B68648C-59FA-453B-B751-E2987BC0DE1E}.Ad-Hoc|iPhone.Build.0 = Release|Any CPU
		{0B68648C-59FA-453B-B751-E2987BC0DE1E}.Ad-Hoc|iPhoneSimulator.ActiveCfg = Debug|Any CPU
		{0B68648C-59FA-453B-B751-E2987BC0DE1E}.Ad-Hoc|iPhoneSimulator.Build.0 = Debug|Any CPU
		{0B68648C-59FA-453B-B751-E2987BC0DE1E}.Ad-Hoc|Mixed Platforms.ActiveCfg = Release|Any CPU
		{0B68648C-59FA-453B-B751-E2987BC0DE1E}.Ad-Hoc|Mixed Platforms.Build.0 = Release|Any CPU
		{0B68648C-59FA-453B-B751-E2987BC0DE1E}.Ad-Hoc|x64.ActiveCfg = Release|Any CPU
		{0B68648C-59FA-453B-B751-E2987BC0DE1E}.Ad-Hoc|x64.Build.0 = Release|Any CPU
		{0B68648C-59FA-453B-B751-E2987BC0DE1E}.Ad-Hoc|x86.ActiveCfg = Release|Any CPU
		{0B68648C-59FA-453B-B751-E2987BC0DE1E}.Ad-Hoc|x86.Build.0 = Release|Any CPU
		{0B68648C-59FA-453B-B751-E2987BC0DE1E}.AppStore|Any CPU.ActiveCfg = Debug|Any CPU
		{0B68648C-59FA-453B-B751-E2987BC0DE1E}.AppStore|Any CPU.Build.0 = Debug|Any CPU
		{0B68648C-59FA-453B-B751-E2987BC0DE1E}.AppStore|ARM.ActiveCfg = Release|Any CPU
		{0B68648C-59FA-453B-B751-E2987BC0DE1E}.AppStore|ARM.Build.0 = Release|Any CPU
		{0B68648C-59FA-453B-B751-E2987BC0DE1E}.AppStore|iPhone.ActiveCfg = Release|Any CPU
		{0B68648C-59FA-453B-B751-E2987BC0DE1E}.AppStore|iPhone.Build.0 = Release|Any CPU
		{0B68648C-59FA-453B-B751-E2987BC0DE1E}.AppStore|iPhoneSimulator.ActiveCfg = Debug|Any CPU
		{0B68648C-59FA-453B-B751-E2987BC0DE1E}.AppStore|iPhoneSimulator.Build.0 = Debug|Any CPU
		{0B68648C-59FA-453B-B751-E2987BC0DE1E}.AppStore|Mixed Platforms.ActiveCfg = Release|Any CPU
		{0B68648C-59FA-453B-B751-E2987BC0DE1E}.AppStore|Mixed Platforms.Build.0 = Release|Any CPU
		{0B68648C-59FA-453B-B751-E2987BC0DE1E}.AppStore|x64.ActiveCfg = Release|Any CPU
		{0B68648C-59FA-453B-B751-E2987BC0DE1E}.AppStore|x64.Build.0 = Release|Any CPU
		{0B68648C-59FA-453B-B751-E2987BC0DE1E}.AppStore|x86.ActiveCfg = Release|Any CPU
		{0B68648C-59FA-453B-B751-E2987BC0DE1E}.AppStore|x86.Build.0 = Release|Any CPU
		{0B68648C-59FA-453B-B751-E2987BC0DE1E}.Debug|Any CPU.ActiveCfg = Debug|Any CPU
		{0B68648C-59FA-453B-B751-E2987BC0DE1E}.Debug|Any CPU.Build.0 = Debug|Any CPU
		{0B68648C-59FA-453B-B751-E2987BC0DE1E}.Debug|ARM.ActiveCfg = Debug|Any CPU
		{0B68648C-59FA-453B-B751-E2987BC0DE1E}.Debug|ARM.Build.0 = Debug|Any CPU
		{0B68648C-59FA-453B-B751-E2987BC0DE1E}.Debug|iPhone.ActiveCfg = Debug|Any CPU
		{0B68648C-59FA-453B-B751-E2987BC0DE1E}.Debug|iPhone.Build.0 = Debug|Any CPU
		{0B68648C-59FA-453B-B751-E2987BC0DE1E}.Debug|iPhoneSimulator.ActiveCfg = Debug|Any CPU
		{0B68648C-59FA-453B-B751-E2987BC0DE1E}.Debug|iPhoneSimulator.Build.0 = Debug|Any CPU
		{0B68648C-59FA-453B-B751-E2987BC0DE1E}.Debug|Mixed Platforms.ActiveCfg = Debug|Any CPU
		{0B68648C-59FA-453B-B751-E2987BC0DE1E}.Debug|Mixed Platforms.Build.0 = Debug|Any CPU
		{0B68648C-59FA-453B-B751-E2987BC0DE1E}.Debug|x64.ActiveCfg = Debug|Any CPU
		{0B68648C-59FA-453B-B751-E2987BC0DE1E}.Debug|x64.Build.0 = Debug|Any CPU
		{0B68648C-59FA-453B-B751-E2987BC0DE1E}.Debug|x86.ActiveCfg = Debug|Any CPU
		{0B68648C-59FA-453B-B751-E2987BC0DE1E}.Debug|x86.Build.0 = Debug|Any CPU
		{0B68648C-59FA-453B-B751-E2987BC0DE1E}.Release|Any CPU.ActiveCfg = Release|Any CPU
		{0B68648C-59FA-453B-B751-E2987BC0DE1E}.Release|Any CPU.Build.0 = Release|Any CPU
		{0B68648C-59FA-453B-B751-E2987BC0DE1E}.Release|ARM.ActiveCfg = Release|Any CPU
		{0B68648C-59FA-453B-B751-E2987BC0DE1E}.Release|ARM.Build.0 = Release|Any CPU
		{0B68648C-59FA-453B-B751-E2987BC0DE1E}.Release|iPhone.ActiveCfg = Release|Any CPU
		{0B68648C-59FA-453B-B751-E2987BC0DE1E}.Release|iPhone.Build.0 = Release|Any CPU
		{0B68648C-59FA-453B-B751-E2987BC0DE1E}.Release|iPhoneSimulator.ActiveCfg = Release|Any CPU
		{0B68648C-59FA-453B-B751-E2987BC0DE1E}.Release|iPhoneSimulator.Build.0 = Release|Any CPU
		{0B68648C-59FA-453B-B751-E2987BC0DE1E}.Release|Mixed Platforms.ActiveCfg = Release|Any CPU
		{0B68648C-59FA-453B-B751-E2987BC0DE1E}.Release|Mixed Platforms.Build.0 = Release|Any CPU
		{0B68648C-59FA-453B-B751-E2987BC0DE1E}.Release|x64.ActiveCfg = Release|Any CPU
		{0B68648C-59FA-453B-B751-E2987BC0DE1E}.Release|x64.Build.0 = Release|Any CPU
		{0B68648C-59FA-453B-B751-E2987BC0DE1E}.Release|x86.ActiveCfg = Release|Any CPU
		{0B68648C-59FA-453B-B751-E2987BC0DE1E}.Release|x86.Build.0 = Release|Any CPU
		{715DCA9F-B5DB-44BA-AA6D-5267CB7BC70A}.Ad-Hoc|Any CPU.ActiveCfg = Debug|Any CPU
		{715DCA9F-B5DB-44BA-AA6D-5267CB7BC70A}.Ad-Hoc|Any CPU.Build.0 = Debug|Any CPU
		{715DCA9F-B5DB-44BA-AA6D-5267CB7BC70A}.Ad-Hoc|ARM.ActiveCfg = Release|Any CPU
		{715DCA9F-B5DB-44BA-AA6D-5267CB7BC70A}.Ad-Hoc|ARM.Build.0 = Release|Any CPU
		{715DCA9F-B5DB-44BA-AA6D-5267CB7BC70A}.Ad-Hoc|iPhone.ActiveCfg = Release|Any CPU
		{715DCA9F-B5DB-44BA-AA6D-5267CB7BC70A}.Ad-Hoc|iPhone.Build.0 = Release|Any CPU
		{715DCA9F-B5DB-44BA-AA6D-5267CB7BC70A}.Ad-Hoc|iPhoneSimulator.ActiveCfg = Debug|Any CPU
		{715DCA9F-B5DB-44BA-AA6D-5267CB7BC70A}.Ad-Hoc|iPhoneSimulator.Build.0 = Debug|Any CPU
		{715DCA9F-B5DB-44BA-AA6D-5267CB7BC70A}.Ad-Hoc|Mixed Platforms.ActiveCfg = Release|Any CPU
		{715DCA9F-B5DB-44BA-AA6D-5267CB7BC70A}.Ad-Hoc|Mixed Platforms.Build.0 = Release|Any CPU
		{715DCA9F-B5DB-44BA-AA6D-5267CB7BC70A}.Ad-Hoc|x64.ActiveCfg = Release|Any CPU
		{715DCA9F-B5DB-44BA-AA6D-5267CB7BC70A}.Ad-Hoc|x64.Build.0 = Release|Any CPU
		{715DCA9F-B5DB-44BA-AA6D-5267CB7BC70A}.Ad-Hoc|x86.ActiveCfg = Release|Any CPU
		{715DCA9F-B5DB-44BA-AA6D-5267CB7BC70A}.Ad-Hoc|x86.Build.0 = Release|Any CPU
		{715DCA9F-B5DB-44BA-AA6D-5267CB7BC70A}.AppStore|Any CPU.ActiveCfg = Debug|Any CPU
		{715DCA9F-B5DB-44BA-AA6D-5267CB7BC70A}.AppStore|Any CPU.Build.0 = Debug|Any CPU
		{715DCA9F-B5DB-44BA-AA6D-5267CB7BC70A}.AppStore|ARM.ActiveCfg = Release|Any CPU
		{715DCA9F-B5DB-44BA-AA6D-5267CB7BC70A}.AppStore|ARM.Build.0 = Release|Any CPU
		{715DCA9F-B5DB-44BA-AA6D-5267CB7BC70A}.AppStore|iPhone.ActiveCfg = Release|Any CPU
		{715DCA9F-B5DB-44BA-AA6D-5267CB7BC70A}.AppStore|iPhone.Build.0 = Release|Any CPU
		{715DCA9F-B5DB-44BA-AA6D-5267CB7BC70A}.AppStore|iPhoneSimulator.ActiveCfg = Debug|Any CPU
		{715DCA9F-B5DB-44BA-AA6D-5267CB7BC70A}.AppStore|iPhoneSimulator.Build.0 = Debug|Any CPU
		{715DCA9F-B5DB-44BA-AA6D-5267CB7BC70A}.AppStore|Mixed Platforms.ActiveCfg = Release|Any CPU
		{715DCA9F-B5DB-44BA-AA6D-5267CB7BC70A}.AppStore|Mixed Platforms.Build.0 = Release|Any CPU
		{715DCA9F-B5DB-44BA-AA6D-5267CB7BC70A}.AppStore|x64.ActiveCfg = Release|Any CPU
		{715DCA9F-B5DB-44BA-AA6D-5267CB7BC70A}.AppStore|x64.Build.0 = Release|Any CPU
		{715DCA9F-B5DB-44BA-AA6D-5267CB7BC70A}.AppStore|x86.ActiveCfg = Release|Any CPU
		{715DCA9F-B5DB-44BA-AA6D-5267CB7BC70A}.AppStore|x86.Build.0 = Release|Any CPU
		{715DCA9F-B5DB-44BA-AA6D-5267CB7BC70A}.Debug|Any CPU.ActiveCfg = Debug|Any CPU
		{715DCA9F-B5DB-44BA-AA6D-5267CB7BC70A}.Debug|Any CPU.Build.0 = Debug|Any CPU
		{715DCA9F-B5DB-44BA-AA6D-5267CB7BC70A}.Debug|ARM.ActiveCfg = Debug|Any CPU
		{715DCA9F-B5DB-44BA-AA6D-5267CB7BC70A}.Debug|ARM.Build.0 = Debug|Any CPU
		{715DCA9F-B5DB-44BA-AA6D-5267CB7BC70A}.Debug|iPhone.ActiveCfg = Debug|Any CPU
		{715DCA9F-B5DB-44BA-AA6D-5267CB7BC70A}.Debug|iPhone.Build.0 = Debug|Any CPU
		{715DCA9F-B5DB-44BA-AA6D-5267CB7BC70A}.Debug|iPhoneSimulator.ActiveCfg = Debug|Any CPU
		{715DCA9F-B5DB-44BA-AA6D-5267CB7BC70A}.Debug|iPhoneSimulator.Build.0 = Debug|Any CPU
		{715DCA9F-B5DB-44BA-AA6D-5267CB7BC70A}.Debug|Mixed Platforms.ActiveCfg = Debug|Any CPU
		{715DCA9F-B5DB-44BA-AA6D-5267CB7BC70A}.Debug|Mixed Platforms.Build.0 = Debug|Any CPU
		{715DCA9F-B5DB-44BA-AA6D-5267CB7BC70A}.Debug|x64.ActiveCfg = Debug|Any CPU
		{715DCA9F-B5DB-44BA-AA6D-5267CB7BC70A}.Debug|x64.Build.0 = Debug|Any CPU
		{715DCA9F-B5DB-44BA-AA6D-5267CB7BC70A}.Debug|x86.ActiveCfg = Debug|Any CPU
		{715DCA9F-B5DB-44BA-AA6D-5267CB7BC70A}.Debug|x86.Build.0 = Debug|Any CPU
		{715DCA9F-B5DB-44BA-AA6D-5267CB7BC70A}.Release|Any CPU.ActiveCfg = Release|Any CPU
		{715DCA9F-B5DB-44BA-AA6D-5267CB7BC70A}.Release|Any CPU.Build.0 = Release|Any CPU
		{715DCA9F-B5DB-44BA-AA6D-5267CB7BC70A}.Release|ARM.ActiveCfg = Release|Any CPU
		{715DCA9F-B5DB-44BA-AA6D-5267CB7BC70A}.Release|ARM.Build.0 = Release|Any CPU
		{715DCA9F-B5DB-44BA-AA6D-5267CB7BC70A}.Release|iPhone.ActiveCfg = Release|Any CPU
		{715DCA9F-B5DB-44BA-AA6D-5267CB7BC70A}.Release|iPhone.Build.0 = Release|Any CPU
		{715DCA9F-B5DB-44BA-AA6D-5267CB7BC70A}.Release|iPhoneSimulator.ActiveCfg = Release|Any CPU
		{715DCA9F-B5DB-44BA-AA6D-5267CB7BC70A}.Release|iPhoneSimulator.Build.0 = Release|Any CPU
		{715DCA9F-B5DB-44BA-AA6D-5267CB7BC70A}.Release|Mixed Platforms.ActiveCfg = Release|Any CPU
		{715DCA9F-B5DB-44BA-AA6D-5267CB7BC70A}.Release|Mixed Platforms.Build.0 = Release|Any CPU
		{715DCA9F-B5DB-44BA-AA6D-5267CB7BC70A}.Release|x64.ActiveCfg = Release|Any CPU
		{715DCA9F-B5DB-44BA-AA6D-5267CB7BC70A}.Release|x64.Build.0 = Release|Any CPU
		{715DCA9F-B5DB-44BA-AA6D-5267CB7BC70A}.Release|x86.ActiveCfg = Release|Any CPU
		{715DCA9F-B5DB-44BA-AA6D-5267CB7BC70A}.Release|x86.Build.0 = Release|Any CPU
	EndGlobalSection
	GlobalSection(SolutionProperties) = preSolution
		HideSolutionNode = FALSE
	EndGlobalSection
	GlobalSection(NestedProjects) = preSolution
	EndGlobalSection
EndGlobal
