
Microsoft Visual Studio Solution File, Format Version 12.00
# Visual Studio 2012
Project("{FAE04EC0-301F-11D3-BF4B-00C04F79EFBC}") = "Salesforce.iOS", "Salesforce.iOS\Salesforce.iOS.csproj", "{BF8CE0D9-4555-4567-8084-8B35233FF6B2}"
EndProject
Project("{2150E333-8FDC-42A3-9474-1A3956D46DE8}") = "Tests", "Tests", "{EE388814-D4D9-451F-8B16-278A11253B4F}"
EndProject
Project("{FAE04EC0-301F-11D3-BF4B-00C04F79EFBC}") = "Tests.iOS", "Tests.iOS\Tests.iOS.csproj", "{FDD16A97-903A-4CDE-A556-3FE3B6C71DE5}"
EndProject
Project("{FAE04EC0-301F-11D3-BF4B-00C04F79EFBC}") = "Tests.Android", "Tests.Android\Tests.Android.csproj", "{A955C126-37B9-4155-92E9-77ECBB09BE0E}"
EndProject
Project("{FAE04EC0-301F-11D3-BF4B-00C04F79EFBC}") = "Salesforce.Core", "Salesforce.Core\Salesforce.Core.csproj", "{BE81BAE8-5A4F-4D7F-AB03-C9AF5D1710FF}"
EndProject
Project("{2150E333-8FDC-42A3-9474-1A3956D46DE8}") = "Etc", "Etc", "{F50BD8DD-DE82-4618-91BF-655D08CFE1D6}"
	ProjectSection(SolutionItems) = preProject
		Documentation\ApiDefinitions.cs = Documentation\ApiDefinitions.cs
		Documentation\Salesforce.txt = Documentation\Salesforce.txt
		Documentation\salesforce_api_rest_developer_cheatsheet.pdf = Documentation\salesforce_api_rest_developer_cheatsheet.pdf
	EndProjectSection
EndProject
Project("{2150E333-8FDC-42A3-9474-1A3956D46DE8}") = "Samples", "Samples", "{4AA4108E-1598-44BD-AC9D-A181E30D87D8}"
EndProject
Project("{FAE04EC0-301F-11D3-BF4B-00C04F79EFBC}") = "SalesforceSample.iOS", "SalesforceSample.iOS\SalesforceSample.iOS.csproj", "{F15665F3-A8F8-42D7-ABD9-28A2DDB8C3BE}"
EndProject
Project("{FAE04EC0-301F-11D3-BF4B-00C04F79EFBC}") = "SalesforceSample.Android", "SalesforceSample.Android\SalesforceSample.Android.csproj", "{36F843DB-3E1F-4F3D-AD98-4E466EBFD841}"
EndProject
Project("{FAE04EC0-301F-11D3-BF4B-00C04F79EFBC}") = "Salesforce.Android", "Salesforce.Android\Salesforce.Android.csproj", "{0D1F9D33-D146-4DDC-973E-160B8763FD1C}"
EndProject
Global
	GlobalSection(SolutionConfigurationPlatforms) = preSolution
		Ad-Hoc|iPhone = Ad-Hoc|iPhone
		Ad-Hoc|iPhoneSimulator = Ad-Hoc|iPhoneSimulator
		AppStore|iPhone = AppStore|iPhone
		AppStore|iPhoneSimulator = AppStore|iPhoneSimulator
		Debug|iPhone = Debug|iPhone
		Debug|iPhoneSimulator = Debug|iPhoneSimulator
		Release|iPhone = Release|iPhone
		Release|iPhoneSimulator = Release|iPhoneSimulator
	EndGlobalSection
	GlobalSection(ProjectConfigurationPlatforms) = postSolution
		{0D1F9D33-D146-4DDC-973E-160B8763FD1C}.Ad-Hoc|iPhone.ActiveCfg = Release|Any CPU
		{0D1F9D33-D146-4DDC-973E-160B8763FD1C}.Ad-Hoc|iPhone.Build.0 = Release|Any CPU
		{0D1F9D33-D146-4DDC-973E-160B8763FD1C}.Ad-Hoc|iPhoneSimulator.ActiveCfg = Debug|Any CPU
		{0D1F9D33-D146-4DDC-973E-160B8763FD1C}.Ad-Hoc|iPhoneSimulator.Build.0 = Debug|Any CPU
		{0D1F9D33-D146-4DDC-973E-160B8763FD1C}.AppStore|iPhone.ActiveCfg = Release|Any CPU
		{0D1F9D33-D146-4DDC-973E-160B8763FD1C}.AppStore|iPhone.Build.0 = Release|Any CPU
		{0D1F9D33-D146-4DDC-973E-160B8763FD1C}.AppStore|iPhoneSimulator.ActiveCfg = Debug|Any CPU
		{0D1F9D33-D146-4DDC-973E-160B8763FD1C}.AppStore|iPhoneSimulator.Build.0 = Debug|Any CPU
		{0D1F9D33-D146-4DDC-973E-160B8763FD1C}.Debug|iPhone.ActiveCfg = Debug|Any CPU
		{0D1F9D33-D146-4DDC-973E-160B8763FD1C}.Debug|iPhone.Build.0 = Debug|Any CPU
		{0D1F9D33-D146-4DDC-973E-160B8763FD1C}.Debug|iPhoneSimulator.ActiveCfg = Debug|Any CPU
		{0D1F9D33-D146-4DDC-973E-160B8763FD1C}.Debug|iPhoneSimulator.Build.0 = Debug|Any CPU
		{0D1F9D33-D146-4DDC-973E-160B8763FD1C}.Release|iPhone.ActiveCfg = Release|Any CPU
		{0D1F9D33-D146-4DDC-973E-160B8763FD1C}.Release|iPhone.Build.0 = Release|Any CPU
		{0D1F9D33-D146-4DDC-973E-160B8763FD1C}.Release|iPhoneSimulator.ActiveCfg = Release|Any CPU
		{0D1F9D33-D146-4DDC-973E-160B8763FD1C}.Release|iPhoneSimulator.Build.0 = Release|Any CPU
		{36F843DB-3E1F-4F3D-AD98-4E466EBFD841}.Ad-Hoc|iPhone.ActiveCfg = Release|Any CPU
		{36F843DB-3E1F-4F3D-AD98-4E466EBFD841}.Ad-Hoc|iPhone.Build.0 = Release|Any CPU
		{36F843DB-3E1F-4F3D-AD98-4E466EBFD841}.Ad-Hoc|iPhoneSimulator.ActiveCfg = Debug|Any CPU
		{36F843DB-3E1F-4F3D-AD98-4E466EBFD841}.Ad-Hoc|iPhoneSimulator.Build.0 = Debug|Any CPU
		{36F843DB-3E1F-4F3D-AD98-4E466EBFD841}.AppStore|iPhone.ActiveCfg = Release|Any CPU
		{36F843DB-3E1F-4F3D-AD98-4E466EBFD841}.AppStore|iPhone.Build.0 = Release|Any CPU
		{36F843DB-3E1F-4F3D-AD98-4E466EBFD841}.AppStore|iPhoneSimulator.ActiveCfg = Debug|Any CPU
		{36F843DB-3E1F-4F3D-AD98-4E466EBFD841}.AppStore|iPhoneSimulator.Build.0 = Debug|Any CPU
		{36F843DB-3E1F-4F3D-AD98-4E466EBFD841}.Debug|iPhone.ActiveCfg = Debug|Any CPU
		{36F843DB-3E1F-4F3D-AD98-4E466EBFD841}.Debug|iPhone.Build.0 = Debug|Any CPU
		{36F843DB-3E1F-4F3D-AD98-4E466EBFD841}.Debug|iPhoneSimulator.ActiveCfg = Debug|Any CPU
		{36F843DB-3E1F-4F3D-AD98-4E466EBFD841}.Debug|iPhoneSimulator.Build.0 = Debug|Any CPU
		{36F843DB-3E1F-4F3D-AD98-4E466EBFD841}.Debug|iPhoneSimulator.Deploy.0 = Debug|Any CPU
		{36F843DB-3E1F-4F3D-AD98-4E466EBFD841}.Release|iPhone.ActiveCfg = Release|Any CPU
		{36F843DB-3E1F-4F3D-AD98-4E466EBFD841}.Release|iPhone.Build.0 = Release|Any CPU
		{36F843DB-3E1F-4F3D-AD98-4E466EBFD841}.Release|iPhoneSimulator.ActiveCfg = Release|Any CPU
		{36F843DB-3E1F-4F3D-AD98-4E466EBFD841}.Release|iPhoneSimulator.Build.0 = Release|Any CPU
		{A955C126-37B9-4155-92E9-77ECBB09BE0E}.Ad-Hoc|iPhone.ActiveCfg = Debug|Any CPU
		{A955C126-37B9-4155-92E9-77ECBB09BE0E}.Ad-Hoc|iPhone.Build.0 = Debug|Any CPU
		{A955C126-37B9-4155-92E9-77ECBB09BE0E}.Ad-Hoc|iPhoneSimulator.ActiveCfg = Release|Any CPU
		{A955C126-37B9-4155-92E9-77ECBB09BE0E}.AppStore|iPhone.ActiveCfg = Debug|Any CPU
		{A955C126-37B9-4155-92E9-77ECBB09BE0E}.AppStore|iPhone.Build.0 = Debug|Any CPU
		{A955C126-37B9-4155-92E9-77ECBB09BE0E}.AppStore|iPhoneSimulator.ActiveCfg = Release|Any CPU
		{A955C126-37B9-4155-92E9-77ECBB09BE0E}.Debug|iPhone.ActiveCfg = Debug|Any CPU
		{A955C126-37B9-4155-92E9-77ECBB09BE0E}.Debug|iPhone.Build.0 = Debug|Any CPU
		{A955C126-37B9-4155-92E9-77ECBB09BE0E}.Debug|iPhoneSimulator.ActiveCfg = Debug|Any CPU
		{A955C126-37B9-4155-92E9-77ECBB09BE0E}.Debug|iPhoneSimulator.Build.0 = Debug|Any CPU
		{A955C126-37B9-4155-92E9-77ECBB09BE0E}.Debug|iPhoneSimulator.Deploy.0 = Debug|Any CPU
		{A955C126-37B9-4155-92E9-77ECBB09BE0E}.Release|iPhone.ActiveCfg = Release|Any CPU
		{A955C126-37B9-4155-92E9-77ECBB09BE0E}.Release|iPhone.Build.0 = Release|Any CPU
		{A955C126-37B9-4155-92E9-77ECBB09BE0E}.Release|iPhoneSimulator.ActiveCfg = Release|Any CPU
		{A955C126-37B9-4155-92E9-77ECBB09BE0E}.Release|iPhoneSimulator.Build.0 = Release|Any CPU
		{BE81BAE8-5A4F-4D7F-AB03-C9AF5D1710FF}.Ad-Hoc|iPhone.ActiveCfg = Release|Any CPU
		{BE81BAE8-5A4F-4D7F-AB03-C9AF5D1710FF}.Ad-Hoc|iPhone.Build.0 = Release|Any CPU
		{BE81BAE8-5A4F-4D7F-AB03-C9AF5D1710FF}.Ad-Hoc|iPhoneSimulator.ActiveCfg = Debug|Any CPU
		{BE81BAE8-5A4F-4D7F-AB03-C9AF5D1710FF}.Ad-Hoc|iPhoneSimulator.Build.0 = Debug|Any CPU
		{BE81BAE8-5A4F-4D7F-AB03-C9AF5D1710FF}.AppStore|iPhone.ActiveCfg = Release|Any CPU
		{BE81BAE8-5A4F-4D7F-AB03-C9AF5D1710FF}.AppStore|iPhone.Build.0 = Release|Any CPU
		{BE81BAE8-5A4F-4D7F-AB03-C9AF5D1710FF}.AppStore|iPhoneSimulator.ActiveCfg = Debug|Any CPU
		{BE81BAE8-5A4F-4D7F-AB03-C9AF5D1710FF}.AppStore|iPhoneSimulator.Build.0 = Debug|Any CPU
		{BE81BAE8-5A4F-4D7F-AB03-C9AF5D1710FF}.Debug|iPhone.ActiveCfg = Debug|Any CPU
		{BE81BAE8-5A4F-4D7F-AB03-C9AF5D1710FF}.Debug|iPhone.Build.0 = Debug|Any CPU
		{BE81BAE8-5A4F-4D7F-AB03-C9AF5D1710FF}.Debug|iPhoneSimulator.ActiveCfg = Debug|Any CPU
		{BE81BAE8-5A4F-4D7F-AB03-C9AF5D1710FF}.Debug|iPhoneSimulator.Build.0 = Debug|Any CPU
		{BE81BAE8-5A4F-4D7F-AB03-C9AF5D1710FF}.Release|iPhone.ActiveCfg = Release|Any CPU
		{BE81BAE8-5A4F-4D7F-AB03-C9AF5D1710FF}.Release|iPhone.Build.0 = Release|Any CPU
		{BE81BAE8-5A4F-4D7F-AB03-C9AF5D1710FF}.Release|iPhoneSimulator.ActiveCfg = Release|Any CPU
		{BE81BAE8-5A4F-4D7F-AB03-C9AF5D1710FF}.Release|iPhoneSimulator.Build.0 = Release|Any CPU
		{BF8CE0D9-4555-4567-8084-8B35233FF6B2}.Ad-Hoc|iPhone.ActiveCfg = Release|Any CPU
		{BF8CE0D9-4555-4567-8084-8B35233FF6B2}.Ad-Hoc|iPhone.Build.0 = Release|Any CPU
		{BF8CE0D9-4555-4567-8084-8B35233FF6B2}.Ad-Hoc|iPhoneSimulator.ActiveCfg = Debug|Any CPU
		{BF8CE0D9-4555-4567-8084-8B35233FF6B2}.Ad-Hoc|iPhoneSimulator.Build.0 = Debug|Any CPU
		{BF8CE0D9-4555-4567-8084-8B35233FF6B2}.AppStore|iPhone.ActiveCfg = Release|Any CPU
		{BF8CE0D9-4555-4567-8084-8B35233FF6B2}.AppStore|iPhone.Build.0 = Release|Any CPU
		{BF8CE0D9-4555-4567-8084-8B35233FF6B2}.AppStore|iPhoneSimulator.ActiveCfg = Debug|Any CPU
		{BF8CE0D9-4555-4567-8084-8B35233FF6B2}.AppStore|iPhoneSimulator.Build.0 = Debug|Any CPU
		{BF8CE0D9-4555-4567-8084-8B35233FF6B2}.Debug|iPhone.ActiveCfg = Debug|Any CPU
		{BF8CE0D9-4555-4567-8084-8B35233FF6B2}.Debug|iPhone.Build.0 = Debug|Any CPU
		{BF8CE0D9-4555-4567-8084-8B35233FF6B2}.Debug|iPhoneSimulator.ActiveCfg = Debug|Any CPU
		{BF8CE0D9-4555-4567-8084-8B35233FF6B2}.Debug|iPhoneSimulator.Build.0 = Debug|Any CPU
		{BF8CE0D9-4555-4567-8084-8B35233FF6B2}.Release|iPhone.ActiveCfg = Release|Any CPU
		{BF8CE0D9-4555-4567-8084-8B35233FF6B2}.Release|iPhone.Build.0 = Release|Any CPU
		{BF8CE0D9-4555-4567-8084-8B35233FF6B2}.Release|iPhoneSimulator.ActiveCfg = Release|Any CPU
		{BF8CE0D9-4555-4567-8084-8B35233FF6B2}.Release|iPhoneSimulator.Build.0 = Release|Any CPU
		{F15665F3-A8F8-42D7-ABD9-28A2DDB8C3BE}.Ad-Hoc|iPhone.ActiveCfg = Ad-Hoc|iPhone
		{F15665F3-A8F8-42D7-ABD9-28A2DDB8C3BE}.Ad-Hoc|iPhone.Build.0 = Ad-Hoc|iPhone
		{F15665F3-A8F8-42D7-ABD9-28A2DDB8C3BE}.Ad-Hoc|iPhoneSimulator.ActiveCfg = Debug|iPhoneSimulator
		{F15665F3-A8F8-42D7-ABD9-28A2DDB8C3BE}.Ad-Hoc|iPhoneSimulator.Build.0 = Debug|iPhoneSimulator
		{F15665F3-A8F8-42D7-ABD9-28A2DDB8C3BE}.AppStore|iPhone.ActiveCfg = AppStore|iPhone
		{F15665F3-A8F8-42D7-ABD9-28A2DDB8C3BE}.AppStore|iPhone.Build.0 = AppStore|iPhone
		{F15665F3-A8F8-42D7-ABD9-28A2DDB8C3BE}.AppStore|iPhoneSimulator.ActiveCfg = Debug|iPhoneSimulator
		{F15665F3-A8F8-42D7-ABD9-28A2DDB8C3BE}.AppStore|iPhoneSimulator.Build.0 = Debug|iPhoneSimulator
		{F15665F3-A8F8-42D7-ABD9-28A2DDB8C3BE}.Debug|iPhone.ActiveCfg = Debug|iPhone
		{F15665F3-A8F8-42D7-ABD9-28A2DDB8C3BE}.Debug|iPhone.Build.0 = Debug|iPhone
		{F15665F3-A8F8-42D7-ABD9-28A2DDB8C3BE}.Debug|iPhoneSimulator.ActiveCfg = Debug|iPhoneSimulator
		{F15665F3-A8F8-42D7-ABD9-28A2DDB8C3BE}.Debug|iPhoneSimulator.Build.0 = Debug|iPhoneSimulator
		{F15665F3-A8F8-42D7-ABD9-28A2DDB8C3BE}.Release|iPhone.ActiveCfg = Release|iPhone
		{F15665F3-A8F8-42D7-ABD9-28A2DDB8C3BE}.Release|iPhone.Build.0 = Release|iPhone
		{F15665F3-A8F8-42D7-ABD9-28A2DDB8C3BE}.Release|iPhoneSimulator.ActiveCfg = Release|iPhoneSimulator
		{F15665F3-A8F8-42D7-ABD9-28A2DDB8C3BE}.Release|iPhoneSimulator.Build.0 = Release|iPhoneSimulator
		{FDD16A97-903A-4CDE-A556-3FE3B6C71DE5}.Ad-Hoc|iPhone.ActiveCfg = Ad-Hoc|iPhone
		{FDD16A97-903A-4CDE-A556-3FE3B6C71DE5}.Ad-Hoc|iPhone.Build.0 = Ad-Hoc|iPhone
		{FDD16A97-903A-4CDE-A556-3FE3B6C71DE5}.Ad-Hoc|iPhoneSimulator.ActiveCfg = Ad-Hoc|iPhone
		{FDD16A97-903A-4CDE-A556-3FE3B6C71DE5}.AppStore|iPhone.ActiveCfg = AppStore|iPhone
		{FDD16A97-903A-4CDE-A556-3FE3B6C71DE5}.AppStore|iPhone.Build.0 = AppStore|iPhone
		{FDD16A97-903A-4CDE-A556-3FE3B6C71DE5}.AppStore|iPhoneSimulator.ActiveCfg = AppStore|iPhone
		{FDD16A97-903A-4CDE-A556-3FE3B6C71DE5}.Debug|iPhone.ActiveCfg = Debug|iPhone
		{FDD16A97-903A-4CDE-A556-3FE3B6C71DE5}.Debug|iPhone.Build.0 = Debug|iPhone
		{FDD16A97-903A-4CDE-A556-3FE3B6C71DE5}.Debug|iPhoneSimulator.ActiveCfg = Debug|iPhoneSimulator
		{FDD16A97-903A-4CDE-A556-3FE3B6C71DE5}.Debug|iPhoneSimulator.Build.0 = Debug|iPhoneSimulator
		{FDD16A97-903A-4CDE-A556-3FE3B6C71DE5}.Release|iPhone.ActiveCfg = Release|iPhone
		{FDD16A97-903A-4CDE-A556-3FE3B6C71DE5}.Release|iPhone.Build.0 = Release|iPhone
		{FDD16A97-903A-4CDE-A556-3FE3B6C71DE5}.Release|iPhoneSimulator.ActiveCfg = Release|iPhoneSimulator
		{FDD16A97-903A-4CDE-A556-3FE3B6C71DE5}.Release|iPhoneSimulator.Build.0 = Release|iPhoneSimulator
	EndGlobalSection
	GlobalSection(NestedProjects) = preSolution
		{FDD16A97-903A-4CDE-A556-3FE3B6C71DE5} = {EE388814-D4D9-451F-8B16-278A11253B4F}
		{A955C126-37B9-4155-92E9-77ECBB09BE0E} = {EE388814-D4D9-451F-8B16-278A11253B4F}
		{F15665F3-A8F8-42D7-ABD9-28A2DDB8C3BE} = {4AA4108E-1598-44BD-AC9D-A181E30D87D8}
		{36F843DB-3E1F-4F3D-AD98-4E466EBFD841} = {4AA4108E-1598-44BD-AC9D-A181E30D87D8}
	EndGlobalSection
	GlobalSection(MonoDevelopProperties) = preSolution
		StartupItem = SalesforceSample.iOS\SalesforceSample.iOS.csproj
	EndGlobalSection
	GlobalSection(SolutionProperties) = preSolution
		HideSolutionNode = FALSE
	EndGlobalSection
EndGlobal
