
Microsoft Visual Studio Solution File, Format Version 11.00
# Visual Studio 2010
Project("{FAE04EC0-301F-11D3-BF4B-00C04F79EFBC}") = "SalesforceSample.iOS-Classic", "SalesforceSample.iOS-Classic.csproj", "{F15665F3-A8F8-42D7-ABD9-28A2DDB8C3BE}"
EndProject
Global
	GlobalSection(SolutionConfigurationPlatforms) = preSolution
		Debug|iPhoneSimulator = Debug|iPhoneSimulator
		Release|iPhoneSimulator = Release|iPhoneSimulator
		Debug|iPhone = Debug|iPhone
		Release|iPhone = Release|iPhone
		Ad-Hoc|iPhone = Ad-Hoc|iPhone
		AppStore|iPhone = AppStore|iPhone
	EndGlobalSection
	GlobalSection(ProjectConfigurationPlatforms) = postSolution
		{F15665F3-A8F8-42D7-ABD9-28A2DDB8C3BE}.Ad-Hoc|iPhone.ActiveCfg = Ad-Hoc|iPhone
		{F15665F3-A8F8-42D7-ABD9-28A2DDB8C3BE}.Ad-Hoc|iPhone.Build.0 = Ad-Hoc|iPhone
		{F15665F3-A8F8-42D7-ABD9-28A2DDB8C3BE}.AppStore|iPhone.ActiveCfg = AppStore|iPhone
		{F15665F3-A8F8-42D7-ABD9-28A2DDB8C3BE}.AppStore|iPhone.Build.0 = AppStore|iPhone
		{F15665F3-A8F8-42D7-ABD9-28A2DDB8C3BE}.Debug|iPhone.ActiveCfg = Debug|iPhone
		{F15665F3-A8F8-42D7-ABD9-28A2DDB8C3BE}.Debug|iPhone.Build.0 = Debug|iPhone
		{F15665F3-A8F8-42D7-ABD9-28A2DDB8C3BE}.Debug|iPhoneSimulator.ActiveCfg = Debug|iPhoneSimulator
		{F15665F3-A8F8-42D7-ABD9-28A2DDB8C3BE}.Debug|iPhoneSimulator.Build.0 = Debug|iPhoneSimulator
		{F15665F3-A8F8-42D7-ABD9-28A2DDB8C3BE}.Release|iPhone.ActiveCfg = Release|iPhone
		{F15665F3-A8F8-42D7-ABD9-28A2DDB8C3BE}.Release|iPhone.Build.0 = Release|iPhone
		{F15665F3-A8F8-42D7-ABD9-28A2DDB8C3BE}.Release|iPhoneSimulator.ActiveCfg = Release|iPhoneSimulator
		{F15665F3-A8F8-42D7-ABD9-28A2DDB8C3BE}.Release|iPhoneSimulator.Build.0 = Release|iPhoneSimulator
	EndGlobalSection
	GlobalSection(MonoDevelopProperties) = preSolution
		StartupItem = SalesforceSample.iOS-Classic.csproj
	EndGlobalSection
EndGlobal
