
Microsoft Visual Studio Solution File, Format Version 12.00
# Visual Studio 14
VisualStudioVersion = 14.0.23107.0
MinimumVisualStudioVersion = 10.0.40219.1
Project("{2150E333-8FDC-42A3-9474-1A3956D46DE8}") = "Samples", "Samples", "{4AA4108E-1598-44BD-AC9D-A181E30D87D8}"
EndProject
Project("{FAE04EC0-301F-11D3-BF4B-00C04F79EFBC}") = "SalesforceSample.Android", "SalesforceSample.Android\SalesforceSample.Android.csproj", "{36F843DB-3E1F-4F3D-AD98-4E466EBFD841}"
EndProject
Project("{FAE04EC0-301F-11D3-BF4B-00C04F79EFBC}") = "SalesforceSample.iOS-Classic", "SalesforceSample.iOS\SalesforceSample.iOS-Classic.csproj", "{F15665F3-A8F8-42D7-ABD9-28A2DDB8C3BE}"
EndProject
Project("{FAE04EC0-301F-11D3-BF4B-00C04F79EFBC}") = "SalesforceSample.iOS", "SalesforceSample.iOS\SalesforceSample.iOS.csproj", "{1458C32D-4B42-4F7A-BD35-5C8555DBDEA6}"
EndProject
Project("{2150E333-8FDC-42A3-9474-1A3956D46DE8}") = "Library", "Library", "{CB6E644A-6EB1-4477-AF43-E9034995067E}"
EndProject
Project("{FAE04EC0-301F-11D3-BF4B-00C04F79EFBC}") = "Salesforce.Core", "..\source\Salesforce.Core\Salesforce.Core.csproj", "{BE81BAE8-5A4F-4D7F-AB03-C9AF5D1710FF}"
EndProject
Project("{FAE04EC0-301F-11D3-BF4B-00C04F79EFBC}") = "Salesforce.Android", "..\source\Salesforce.Android\Salesforce.Android.csproj", "{0D1F9D33-D146-4DDC-973E-160B8763FD1C}"
EndProject
Project("{FAE04EC0-301F-11D3-BF4B-00C04F79EFBC}") = "Salesforce.iOS-Classic", "..\source\Salesforce.iOS\Salesforce.iOS-Classic.csproj", "{BF8CE0D9-4555-4567-8084-8B35233FF6B2}"
EndProject
Project("{FAE04EC0-301F-11D3-BF4B-00C04F79EFBC}") = "Salesforce.iOS", "..\source\Salesforce.iOS\Salesforce.iOS.csproj", "{0FC90089-3230-45DB-8DF5-3BC206F2C955}"
EndProject
Global
	GlobalSection(SolutionConfigurationPlatforms) = preSolution
		Ad-Hoc|Any CPU = Ad-Hoc|Any CPU
		Ad-Hoc|iPhone = Ad-Hoc|iPhone
		Ad-Hoc|iPhoneSimulator = Ad-Hoc|iPhoneSimulator
		AppStore|Any CPU = AppStore|Any CPU
		AppStore|iPhone = AppStore|iPhone
		AppStore|iPhoneSimulator = AppStore|iPhoneSimulator
		Debug|Any CPU = Debug|Any CPU
		Debug|iPhone = Debug|iPhone
		Debug|iPhoneSimulator = Debug|iPhoneSimulator
		Release|Any CPU = Release|Any CPU
		Release|iPhone = Release|iPhone
		Release|iPhoneSimulator = Release|iPhoneSimulator
	EndGlobalSection
	GlobalSection(ProjectConfigurationPlatforms) = postSolution
		{36F843DB-3E1F-4F3D-AD98-4E466EBFD841}.Ad-Hoc|Any CPU.ActiveCfg = Debug|Any CPU
		{36F843DB-3E1F-4F3D-AD98-4E466EBFD841}.Ad-Hoc|Any CPU.Build.0 = Debug|Any CPU
		{36F843DB-3E1F-4F3D-AD98-4E466EBFD841}.Ad-Hoc|Any CPU.Deploy.0 = Debug|Any CPU
		{36F843DB-3E1F-4F3D-AD98-4E466EBFD841}.Ad-Hoc|iPhone.ActiveCfg = Release|Any CPU
		{36F843DB-3E1F-4F3D-AD98-4E466EBFD841}.Ad-Hoc|iPhone.Build.0 = Release|Any CPU
		{36F843DB-3E1F-4F3D-AD98-4E466EBFD841}.Ad-Hoc|iPhoneSimulator.ActiveCfg = Debug|Any CPU
		{36F843DB-3E1F-4F3D-AD98-4E466EBFD841}.Ad-Hoc|iPhoneSimulator.Build.0 = Debug|Any CPU
		{36F843DB-3E1F-4F3D-AD98-4E466EBFD841}.AppStore|Any CPU.ActiveCfg = Debug|Any CPU
		{36F843DB-3E1F-4F3D-AD98-4E466EBFD841}.AppStore|Any CPU.Build.0 = Debug|Any CPU
		{36F843DB-3E1F-4F3D-AD98-4E466EBFD841}.AppStore|Any CPU.Deploy.0 = Debug|Any CPU
		{36F843DB-3E1F-4F3D-AD98-4E466EBFD841}.AppStore|iPhone.ActiveCfg = Release|Any CPU
		{36F843DB-3E1F-4F3D-AD98-4E466EBFD841}.AppStore|iPhone.Build.0 = Release|Any CPU
		{36F843DB-3E1F-4F3D-AD98-4E466EBFD841}.AppStore|iPhoneSimulator.ActiveCfg = Debug|Any CPU
		{36F843DB-3E1F-4F3D-AD98-4E466EBFD841}.AppStore|iPhoneSimulator.Build.0 = Debug|Any CPU
		{36F843DB-3E1F-4F3D-AD98-4E466EBFD841}.Debug|Any CPU.ActiveCfg = Debug|Any CPU
		{36F843DB-3E1F-4F3D-AD98-4E466EBFD841}.Debug|Any CPU.Build.0 = Debug|Any CPU
		{36F843DB-3E1F-4F3D-AD98-4E466EBFD841}.Debug|iPhone.ActiveCfg = Debug|Any CPU
		{36F843DB-3E1F-4F3D-AD98-4E466EBFD841}.Debug|iPhone.Build.0 = Debug|Any CPU
		{36F843DB-3E1F-4F3D-AD98-4E466EBFD841}.Debug|iPhoneSimulator.ActiveCfg = Debug|Any CPU
		{36F843DB-3E1F-4F3D-AD98-4E466EBFD841}.Debug|iPhoneSimulator.Build.0 = Debug|Any CPU
		{36F843DB-3E1F-4F3D-AD98-4E466EBFD841}.Debug|iPhoneSimulator.Deploy.0 = Debug|Any CPU
		{36F843DB-3E1F-4F3D-AD98-4E466EBFD841}.Release|Any CPU.ActiveCfg = Release|Any CPU
		{36F843DB-3E1F-4F3D-AD98-4E466EBFD841}.Release|Any CPU.Build.0 = Release|Any CPU
		{36F843DB-3E1F-4F3D-AD98-4E466EBFD841}.Release|iPhone.ActiveCfg = Release|Any CPU
		{36F843DB-3E1F-4F3D-AD98-4E466EBFD841}.Release|iPhone.Build.0 = Release|Any CPU
		{36F843DB-3E1F-4F3D-AD98-4E466EBFD841}.Release|iPhoneSimulator.ActiveCfg = Release|Any CPU
		{36F843DB-3E1F-4F3D-AD98-4E466EBFD841}.Release|iPhoneSimulator.Build.0 = Release|Any CPU
		{F15665F3-A8F8-42D7-ABD9-28A2DDB8C3BE}.Ad-Hoc|Any CPU.ActiveCfg = Ad-Hoc|Any CPU
		{F15665F3-A8F8-42D7-ABD9-28A2DDB8C3BE}.Ad-Hoc|Any CPU.Build.0 = Ad-Hoc|Any CPU
		{F15665F3-A8F8-42D7-ABD9-28A2DDB8C3BE}.Ad-Hoc|iPhone.ActiveCfg = Ad-Hoc|iPhone
		{F15665F3-A8F8-42D7-ABD9-28A2DDB8C3BE}.Ad-Hoc|iPhone.Build.0 = Ad-Hoc|iPhone
		{F15665F3-A8F8-42D7-ABD9-28A2DDB8C3BE}.Ad-Hoc|iPhoneSimulator.ActiveCfg = Ad-Hoc|iPhone
		{F15665F3-A8F8-42D7-ABD9-28A2DDB8C3BE}.Ad-Hoc|iPhoneSimulator.Build.0 = Ad-Hoc|iPhone
		{F15665F3-A8F8-42D7-ABD9-28A2DDB8C3BE}.AppStore|Any CPU.ActiveCfg = AppStore|Any CPU
		{F15665F3-A8F8-42D7-ABD9-28A2DDB8C3BE}.AppStore|Any CPU.Build.0 = AppStore|Any CPU
		{F15665F3-A8F8-42D7-ABD9-28A2DDB8C3BE}.AppStore|iPhone.ActiveCfg = AppStore|iPhone
		{F15665F3-A8F8-42D7-ABD9-28A2DDB8C3BE}.AppStore|iPhone.Build.0 = AppStore|iPhone
		{F15665F3-A8F8-42D7-ABD9-28A2DDB8C3BE}.AppStore|iPhoneSimulator.ActiveCfg = AppStore|iPhone
		{F15665F3-A8F8-42D7-ABD9-28A2DDB8C3BE}.AppStore|iPhoneSimulator.Build.0 = AppStore|iPhone
		{F15665F3-A8F8-42D7-ABD9-28A2DDB8C3BE}.Debug|Any CPU.ActiveCfg = Debug|Any CPU
		{F15665F3-A8F8-42D7-ABD9-28A2DDB8C3BE}.Debug|Any CPU.Build.0 = Debug|Any CPU
		{F15665F3-A8F8-42D7-ABD9-28A2DDB8C3BE}.Debug|iPhone.ActiveCfg = Debug|iPhone
		{F15665F3-A8F8-42D7-ABD9-28A2DDB8C3BE}.Debug|iPhone.Build.0 = Debug|iPhone
		{F15665F3-A8F8-42D7-ABD9-28A2DDB8C3BE}.Debug|iPhoneSimulator.ActiveCfg = Debug|iPhoneSimulator
		{F15665F3-A8F8-42D7-ABD9-28A2DDB8C3BE}.Debug|iPhoneSimulator.Build.0 = Debug|iPhoneSimulator
		{F15665F3-A8F8-42D7-ABD9-28A2DDB8C3BE}.Release|Any CPU.ActiveCfg = Release|Any CPU
		{F15665F3-A8F8-42D7-ABD9-28A2DDB8C3BE}.Release|Any CPU.Build.0 = Release|Any CPU
		{F15665F3-A8F8-42D7-ABD9-28A2DDB8C3BE}.Release|iPhone.ActiveCfg = Release|iPhone
		{F15665F3-A8F8-42D7-ABD9-28A2DDB8C3BE}.Release|iPhone.Build.0 = Release|iPhone
		{F15665F3-A8F8-42D7-ABD9-28A2DDB8C3BE}.Release|iPhoneSimulator.ActiveCfg = Release|iPhoneSimulator
		{F15665F3-A8F8-42D7-ABD9-28A2DDB8C3BE}.Release|iPhoneSimulator.Build.0 = Release|iPhoneSimulator
		{1458C32D-4B42-4F7A-BD35-5C8555DBDEA6}.Ad-Hoc|Any CPU.ActiveCfg = Ad-Hoc|Any CPU
		{1458C32D-4B42-4F7A-BD35-5C8555DBDEA6}.Ad-Hoc|Any CPU.Build.0 = Ad-Hoc|Any CPU
		{1458C32D-4B42-4F7A-BD35-5C8555DBDEA6}.Ad-Hoc|iPhone.ActiveCfg = Ad-Hoc|iPhone
		{1458C32D-4B42-4F7A-BD35-5C8555DBDEA6}.Ad-Hoc|iPhone.Build.0 = Ad-Hoc|iPhone
		{1458C32D-4B42-4F7A-BD35-5C8555DBDEA6}.Ad-Hoc|iPhoneSimulator.ActiveCfg = Ad-Hoc|iPhone
		{1458C32D-4B42-4F7A-BD35-5C8555DBDEA6}.Ad-Hoc|iPhoneSimulator.Build.0 = Ad-Hoc|iPhone
		{1458C32D-4B42-4F7A-BD35-5C8555DBDEA6}.AppStore|Any CPU.ActiveCfg = AppStore|Any CPU
		{1458C32D-4B42-4F7A-BD35-5C8555DBDEA6}.AppStore|Any CPU.Build.0 = AppStore|Any CPU
		{1458C32D-4B42-4F7A-BD35-5C8555DBDEA6}.AppStore|iPhone.ActiveCfg = AppStore|iPhone
		{1458C32D-4B42-4F7A-BD35-5C8555DBDEA6}.AppStore|iPhone.Build.0 = AppStore|iPhone
		{1458C32D-4B42-4F7A-BD35-5C8555DBDEA6}.AppStore|iPhoneSimulator.ActiveCfg = AppStore|iPhone
		{1458C32D-4B42-4F7A-BD35-5C8555DBDEA6}.AppStore|iPhoneSimulator.Build.0 = AppStore|iPhone
		{1458C32D-4B42-4F7A-BD35-5C8555DBDEA6}.Debug|Any CPU.ActiveCfg = Debug|Any CPU
		{1458C32D-4B42-4F7A-BD35-5C8555DBDEA6}.Debug|Any CPU.Build.0 = Debug|Any CPU
		{1458C32D-4B42-4F7A-BD35-5C8555DBDEA6}.Debug|iPhone.ActiveCfg = Debug|iPhone
		{1458C32D-4B42-4F7A-BD35-5C8555DBDEA6}.Debug|iPhone.Build.0 = Debug|iPhone
		{1458C32D-4B42-4F7A-BD35-5C8555DBDEA6}.Debug|iPhoneSimulator.ActiveCfg = Debug|iPhoneSimulator
		{1458C32D-4B42-4F7A-BD35-5C8555DBDEA6}.Debug|iPhoneSimulator.Build.0 = Debug|iPhoneSimulator
		{1458C32D-4B42-4F7A-BD35-5C8555DBDEA6}.Release|Any CPU.ActiveCfg = Release|Any CPU
		{1458C32D-4B42-4F7A-BD35-5C8555DBDEA6}.Release|Any CPU.Build.0 = Release|Any CPU
		{1458C32D-4B42-4F7A-BD35-5C8555DBDEA6}.Release|iPhone.ActiveCfg = Release|iPhone
		{1458C32D-4B42-4F7A-BD35-5C8555DBDEA6}.Release|iPhone.Build.0 = Release|iPhone
		{1458C32D-4B42-4F7A-BD35-5C8555DBDEA6}.Release|iPhoneSimulator.ActiveCfg = Release|iPhoneSimulator
		{1458C32D-4B42-4F7A-BD35-5C8555DBDEA6}.Release|iPhoneSimulator.Build.0 = Release|iPhoneSimulator
		{BE81BAE8-5A4F-4D7F-AB03-C9AF5D1710FF}.Ad-Hoc|Any CPU.ActiveCfg = Debug|Any CPU
		{BE81BAE8-5A4F-4D7F-AB03-C9AF5D1710FF}.Ad-Hoc|Any CPU.Build.0 = Debug|Any CPU
		{BE81BAE8-5A4F-4D7F-AB03-C9AF5D1710FF}.Ad-Hoc|iPhone.ActiveCfg = Release|Any CPU
		{BE81BAE8-5A4F-4D7F-AB03-C9AF5D1710FF}.Ad-Hoc|iPhone.Build.0 = Release|Any CPU
		{BE81BAE8-5A4F-4D7F-AB03-C9AF5D1710FF}.Ad-Hoc|iPhoneSimulator.ActiveCfg = Debug|Any CPU
		{BE81BAE8-5A4F-4D7F-AB03-C9AF5D1710FF}.Ad-Hoc|iPhoneSimulator.Build.0 = Debug|Any CPU
		{BE81BAE8-5A4F-4D7F-AB03-C9AF5D1710FF}.AppStore|Any CPU.ActiveCfg = Debug|Any CPU
		{BE81BAE8-5A4F-4D7F-AB03-C9AF5D1710FF}.AppStore|Any CPU.Build.0 = Debug|Any CPU
		{BE81BAE8-5A4F-4D7F-AB03-C9AF5D1710FF}.AppStore|iPhone.ActiveCfg = Release|Any CPU
		{BE81BAE8-5A4F-4D7F-AB03-C9AF5D1710FF}.AppStore|iPhone.Build.0 = Release|Any CPU
		{BE81BAE8-5A4F-4D7F-AB03-C9AF5D1710FF}.AppStore|iPhoneSimulator.ActiveCfg = Debug|Any CPU
		{BE81BAE8-5A4F-4D7F-AB03-C9AF5D1710FF}.AppStore|iPhoneSimulator.Build.0 = Debug|Any CPU
		{BE81BAE8-5A4F-4D7F-AB03-C9AF5D1710FF}.Debug|Any CPU.ActiveCfg = Debug|Any CPU
		{BE81BAE8-5A4F-4D7F-AB03-C9AF5D1710FF}.Debug|Any CPU.Build.0 = Debug|Any CPU
		{BE81BAE8-5A4F-4D7F-AB03-C9AF5D1710FF}.Debug|iPhone.ActiveCfg = Debug|Any CPU
		{BE81BAE8-5A4F-4D7F-AB03-C9AF5D1710FF}.Debug|iPhone.Build.0 = Debug|Any CPU
		{BE81BAE8-5A4F-4D7F-AB03-C9AF5D1710FF}.Debug|iPhoneSimulator.ActiveCfg = Debug|Any CPU
		{BE81BAE8-5A4F-4D7F-AB03-C9AF5D1710FF}.Debug|iPhoneSimulator.Build.0 = Debug|Any CPU
		{BE81BAE8-5A4F-4D7F-AB03-C9AF5D1710FF}.Release|Any CPU.ActiveCfg = Release|Any CPU
		{BE81BAE8-5A4F-4D7F-AB03-C9AF5D1710FF}.Release|Any CPU.Build.0 = Release|Any CPU
		{BE81BAE8-5A4F-4D7F-AB03-C9AF5D1710FF}.Release|iPhone.ActiveCfg = Release|Any CPU
		{BE81BAE8-5A4F-4D7F-AB03-C9AF5D1710FF}.Release|iPhone.Build.0 = Release|Any CPU
		{BE81BAE8-5A4F-4D7F-AB03-C9AF5D1710FF}.Release|iPhoneSimulator.ActiveCfg = Release|Any CPU
		{BE81BAE8-5A4F-4D7F-AB03-C9AF5D1710FF}.Release|iPhoneSimulator.Build.0 = Release|Any CPU
		{0D1F9D33-D146-4DDC-973E-160B8763FD1C}.Ad-Hoc|Any CPU.ActiveCfg = Debug|Any CPU
		{0D1F9D33-D146-4DDC-973E-160B8763FD1C}.Ad-Hoc|Any CPU.Build.0 = Debug|Any CPU
		{0D1F9D33-D146-4DDC-973E-160B8763FD1C}.Ad-Hoc|iPhone.ActiveCfg = Release|Any CPU
		{0D1F9D33-D146-4DDC-973E-160B8763FD1C}.Ad-Hoc|iPhone.Build.0 = Release|Any CPU
		{0D1F9D33-D146-4DDC-973E-160B8763FD1C}.Ad-Hoc|iPhoneSimulator.ActiveCfg = Debug|Any CPU
		{0D1F9D33-D146-4DDC-973E-160B8763FD1C}.Ad-Hoc|iPhoneSimulator.Build.0 = Debug|Any CPU
		{0D1F9D33-D146-4DDC-973E-160B8763FD1C}.AppStore|Any CPU.ActiveCfg = Debug|Any CPU
		{0D1F9D33-D146-4DDC-973E-160B8763FD1C}.AppStore|Any CPU.Build.0 = Debug|Any CPU
		{0D1F9D33-D146-4DDC-973E-160B8763FD1C}.AppStore|iPhone.ActiveCfg = Release|Any CPU
		{0D1F9D33-D146-4DDC-973E-160B8763FD1C}.AppStore|iPhone.Build.0 = Release|Any CPU
		{0D1F9D33-D146-4DDC-973E-160B8763FD1C}.AppStore|iPhoneSimulator.ActiveCfg = Debug|Any CPU
		{0D1F9D33-D146-4DDC-973E-160B8763FD1C}.AppStore|iPhoneSimulator.Build.0 = Debug|Any CPU
		{0D1F9D33-D146-4DDC-973E-160B8763FD1C}.Debug|Any CPU.ActiveCfg = Debug|Any CPU
		{0D1F9D33-D146-4DDC-973E-160B8763FD1C}.Debug|Any CPU.Build.0 = Debug|Any CPU
		{0D1F9D33-D146-4DDC-973E-160B8763FD1C}.Debug|iPhone.ActiveCfg = Debug|Any CPU
		{0D1F9D33-D146-4DDC-973E-160B8763FD1C}.Debug|iPhone.Build.0 = Debug|Any CPU
		{0D1F9D33-D146-4DDC-973E-160B8763FD1C}.Debug|iPhoneSimulator.ActiveCfg = Debug|Any CPU
		{0D1F9D33-D146-4DDC-973E-160B8763FD1C}.Debug|iPhoneSimulator.Build.0 = Debug|Any CPU
		{0D1F9D33-D146-4DDC-973E-160B8763FD1C}.Release|Any CPU.ActiveCfg = Release|Any CPU
		{0D1F9D33-D146-4DDC-973E-160B8763FD1C}.Release|Any CPU.Build.0 = Release|Any CPU
		{0D1F9D33-D146-4DDC-973E-160B8763FD1C}.Release|iPhone.ActiveCfg = Release|Any CPU
		{0D1F9D33-D146-4DDC-973E-160B8763FD1C}.Release|iPhone.Build.0 = Release|Any CPU
		{0D1F9D33-D146-4DDC-973E-160B8763FD1C}.Release|iPhoneSimulator.ActiveCfg = Release|Any CPU
		{0D1F9D33-D146-4DDC-973E-160B8763FD1C}.Release|iPhoneSimulator.Build.0 = Release|Any CPU
		{BF8CE0D9-4555-4567-8084-8B35233FF6B2}.Ad-Hoc|Any CPU.ActiveCfg = Debug|Any CPU
		{BF8CE0D9-4555-4567-8084-8B35233FF6B2}.Ad-Hoc|Any CPU.Build.0 = Debug|Any CPU
		{BF8CE0D9-4555-4567-8084-8B35233FF6B2}.Ad-Hoc|iPhone.ActiveCfg = Release|Any CPU
		{BF8CE0D9-4555-4567-8084-8B35233FF6B2}.Ad-Hoc|iPhone.Build.0 = Release|Any CPU
		{BF8CE0D9-4555-4567-8084-8B35233FF6B2}.Ad-Hoc|iPhoneSimulator.ActiveCfg = Release|Any CPU
		{BF8CE0D9-4555-4567-8084-8B35233FF6B2}.Ad-Hoc|iPhoneSimulator.Build.0 = Release|Any CPU
		{BF8CE0D9-4555-4567-8084-8B35233FF6B2}.AppStore|Any CPU.ActiveCfg = Debug|Any CPU
		{BF8CE0D9-4555-4567-8084-8B35233FF6B2}.AppStore|Any CPU.Build.0 = Debug|Any CPU
		{BF8CE0D9-4555-4567-8084-8B35233FF6B2}.AppStore|iPhone.ActiveCfg = Release|Any CPU
		{BF8CE0D9-4555-4567-8084-8B35233FF6B2}.AppStore|iPhone.Build.0 = Release|Any CPU
		{BF8CE0D9-4555-4567-8084-8B35233FF6B2}.AppStore|iPhoneSimulator.ActiveCfg = Release|Any CPU
		{BF8CE0D9-4555-4567-8084-8B35233FF6B2}.AppStore|iPhoneSimulator.Build.0 = Release|Any CPU
		{BF8CE0D9-4555-4567-8084-8B35233FF6B2}.Debug|Any CPU.ActiveCfg = Debug|Any CPU
		{BF8CE0D9-4555-4567-8084-8B35233FF6B2}.Debug|Any CPU.Build.0 = Debug|Any CPU
		{BF8CE0D9-4555-4567-8084-8B35233FF6B2}.Debug|iPhone.ActiveCfg = Debug|Any CPU
		{BF8CE0D9-4555-4567-8084-8B35233FF6B2}.Debug|iPhone.Build.0 = Debug|Any CPU
		{BF8CE0D9-4555-4567-8084-8B35233FF6B2}.Debug|iPhoneSimulator.ActiveCfg = Debug|Any CPU
		{BF8CE0D9-4555-4567-8084-8B35233FF6B2}.Debug|iPhoneSimulator.Build.0 = Debug|Any CPU
		{BF8CE0D9-4555-4567-8084-8B35233FF6B2}.Release|Any CPU.ActiveCfg = Release|Any CPU
		{BF8CE0D9-4555-4567-8084-8B35233FF6B2}.Release|Any CPU.Build.0 = Release|Any CPU
		{BF8CE0D9-4555-4567-8084-8B35233FF6B2}.Release|iPhone.ActiveCfg = Release|Any CPU
		{BF8CE0D9-4555-4567-8084-8B35233FF6B2}.Release|iPhone.Build.0 = Release|Any CPU
		{BF8CE0D9-4555-4567-8084-8B35233FF6B2}.Release|iPhoneSimulator.ActiveCfg = Release|Any CPU
		{BF8CE0D9-4555-4567-8084-8B35233FF6B2}.Release|iPhoneSimulator.Build.0 = Release|Any CPU
		{0FC90089-3230-45DB-8DF5-3BC206F2C955}.Ad-Hoc|Any CPU.ActiveCfg = Debug|Any CPU
		{0FC90089-3230-45DB-8DF5-3BC206F2C955}.Ad-Hoc|Any CPU.Build.0 = Debug|Any CPU
		{0FC90089-3230-45DB-8DF5-3BC206F2C955}.Ad-Hoc|iPhone.ActiveCfg = Release|Any CPU
		{0FC90089-3230-45DB-8DF5-3BC206F2C955}.Ad-Hoc|iPhone.Build.0 = Release|Any CPU
		{0FC90089-3230-45DB-8DF5-3BC206F2C955}.Ad-Hoc|iPhoneSimulator.ActiveCfg = Release|Any CPU
		{0FC90089-3230-45DB-8DF5-3BC206F2C955}.Ad-Hoc|iPhoneSimulator.Build.0 = Release|Any CPU
		{0FC90089-3230-45DB-8DF5-3BC206F2C955}.AppStore|Any CPU.ActiveCfg = Debug|Any CPU
		{0FC90089-3230-45DB-8DF5-3BC206F2C955}.AppStore|Any CPU.Build.0 = Debug|Any CPU
		{0FC90089-3230-45DB-8DF5-3BC206F2C955}.AppStore|iPhone.ActiveCfg = Release|Any CPU
		{0FC90089-3230-45DB-8DF5-3BC206F2C955}.AppStore|iPhone.Build.0 = Release|Any CPU
		{0FC90089-3230-45DB-8DF5-3BC206F2C955}.AppStore|iPhoneSimulator.ActiveCfg = Release|Any CPU
		{0FC90089-3230-45DB-8DF5-3BC206F2C955}.AppStore|iPhoneSimulator.Build.0 = Release|Any CPU
		{0FC90089-3230-45DB-8DF5-3BC206F2C955}.Debug|Any CPU.ActiveCfg = Debug|Any CPU
		{0FC90089-3230-45DB-8DF5-3BC206F2C955}.Debug|Any CPU.Build.0 = Debug|Any CPU
		{0FC90089-3230-45DB-8DF5-3BC206F2C955}.Debug|iPhone.ActiveCfg = Debug|Any CPU
		{0FC90089-3230-45DB-8DF5-3BC206F2C955}.Debug|iPhone.Build.0 = Debug|Any CPU
		{0FC90089-3230-45DB-8DF5-3BC206F2C955}.Debug|iPhoneSimulator.ActiveCfg = Debug|Any CPU
		{0FC90089-3230-45DB-8DF5-3BC206F2C955}.Debug|iPhoneSimulator.Build.0 = Debug|Any CPU
		{0FC90089-3230-45DB-8DF5-3BC206F2C955}.Release|Any CPU.ActiveCfg = Release|Any CPU
		{0FC90089-3230-45DB-8DF5-3BC206F2C955}.Release|Any CPU.Build.0 = Release|Any CPU
		{0FC90089-3230-45DB-8DF5-3BC206F2C955}.Release|iPhone.ActiveCfg = Release|Any CPU
		{0FC90089-3230-45DB-8DF5-3BC206F2C955}.Release|iPhone.Build.0 = Release|Any CPU
		{0FC90089-3230-45DB-8DF5-3BC206F2C955}.Release|iPhoneSimulator.ActiveCfg = Release|Any CPU
		{0FC90089-3230-45DB-8DF5-3BC206F2C955}.Release|iPhoneSimulator.Build.0 = Release|Any CPU
	EndGlobalSection
	GlobalSection(SolutionProperties) = preSolution
		HideSolutionNode = FALSE
	EndGlobalSection
	GlobalSection(NestedProjects) = preSolution
		{36F843DB-3E1F-4F3D-AD98-4E466EBFD841} = {4AA4108E-1598-44BD-AC9D-A181E30D87D8}
		{F15665F3-A8F8-42D7-ABD9-28A2DDB8C3BE} = {4AA4108E-1598-44BD-AC9D-A181E30D87D8}
		{1458C32D-4B42-4F7A-BD35-5C8555DBDEA6} = {4AA4108E-1598-44BD-AC9D-A181E30D87D8}
		{BE81BAE8-5A4F-4D7F-AB03-C9AF5D1710FF} = {CB6E644A-6EB1-4477-AF43-E9034995067E}
		{0D1F9D33-D146-4DDC-973E-160B8763FD1C} = {CB6E644A-6EB1-4477-AF43-E9034995067E}
		{BF8CE0D9-4555-4567-8084-8B35233FF6B2} = {CB6E644A-6EB1-4477-AF43-E9034995067E}
		{0FC90089-3230-45DB-8DF5-3BC206F2C955} = {CB6E644A-6EB1-4477-AF43-E9034995067E}
	EndGlobalSection
EndGlobal
