
Microsoft Visual Studio Solution File, Format Version 12.00
# Visual Studio 14
VisualStudioVersion = 14.0.25420.1
MinimumVisualStudioVersion = 10.0.40219.1
Project("{FAE04EC0-301F-11D3-BF4B-00C04F79EFBC}") = "Salesforce.Core", "Salesforce.Core\Salesforce.Core.csproj", "{BE81BAE8-5A4F-4D7F-AB03-C9AF5D1710FF}"
EndProject
Project("{FAE04EC0-301F-11D3-BF4B-00C04F79EFBC}") = "Salesforce.Android", "Salesforce.Android\Salesforce.Android.csproj", "{0D1F9D33-D146-4DDC-973E-160B8763FD1C}"
EndProject
Project("{FAE04EC0-301F-11D3-BF4B-00C04F79EFBC}") = "Salesforce.iOS", "Salesforce.iOS\Salesforce.iOS.csproj", "{0FC90089-3230-45DB-8DF5-3BC206F2C955}"
EndProject
Project("{2150E333-8FDC-42A3-9474-1A3956D46DE8}") = "Externals", "Externals", "{87FE7800-EC80-494C-AC2F-3CF66FB84903}"
EndProject
Project("{FAE04EC0-301F-11D3-BF4B-00C04F79EFBC}") = "Salesforce.XamarinAndroid", "Salesforce.XamarinAndroid\Salesforce.XamarinAndroid.csproj", "{60A13CA1-2F48-4577-B375-6A4D8C434862}"
EndProject
Project("{FAE04EC0-301F-11D3-BF4B-00C04F79EFBC}") = "Salesforce.XamarinIOS", "Salesforce.XamarinIOS\Salesforce.XamarinIOS.csproj", "{0B68648C-59FA-453B-B751-E2987BC0DE1E}"
EndProject
Project("{FAE04EC0-301F-11D3-BF4B-00C04F79EFBC}") = "Xamarin.Auth.LinkSource", "..\external\Xamarin.Auth[]portable-bait-n-switch\source\Xamarin.Auth.LinkSource\Xamarin.Auth.LinkSource.csproj", "{EDE30D4F-FC0D-458A-A358-A745FC138DF3}"
EndProject
Project("{FAE04EC0-301F-11D3-BF4B-00C04F79EFBC}") = "Xamarin.Auth.Portable", "..\external\Xamarin.Auth[]portable-bait-n-switch\source\Xamarin.Auth.Portable\Xamarin.Auth.Portable.csproj", "{87580927-9F8E-42AE-BDFE-35F95ABF17D8}"
EndProject
Project("{FAE04EC0-301F-11D3-BF4B-00C04F79EFBC}") = "Xamarin.Auth.XamarinAndroid", "..\external\Xamarin.Auth[]portable-bait-n-switch\source\Xamarin.Auth.XamarinAndroid\Xamarin.Auth.XamarinAndroid.csproj", "{D46E20A0-DBA9-49A5-B45E-CE4664850445}"
EndProject
Project("{FAE04EC0-301F-11D3-BF4B-00C04F79EFBC}") = "Xamarin.Auth.XamarinIOS", "..\external\Xamarin.Auth[]portable-bait-n-switch\source\Xamarin.Auth.XamarinIOS\Xamarin.Auth.XamarinIOS.csproj", "{15BE2387-8E72-4C0B-8A6A-460EF5FA4539}"
EndProject
Project("{2150E333-8FDC-42A3-9474-1A3956D46DE8}") = ".nuget", ".nuget", "{73798C80-EB18-442B-9ACD-56A863B942E4}"
	ProjectSection(SolutionItems) = preProject
		..\external\Xamarin.Auth[]portable-bait-n-switch\source\.nuget\NuGet.Config = ..\external\Xamarin.Auth[]portable-bait-n-switch\source\.nuget\NuGet.Config
		..\external\Xamarin.Auth[]portable-bait-n-switch\source\.nuget\NuGet.exe = ..\external\Xamarin.Auth[]portable-bait-n-switch\source\.nuget\NuGet.exe
		..\external\Xamarin.Auth[]portable-bait-n-switch\source\.nuget\NuGet.targets = ..\external\Xamarin.Auth[]portable-bait-n-switch\source\.nuget\NuGet.targets
	EndProjectSection
EndProject
Project("{2150E333-8FDC-42A3-9474-1A3956D46DE8}") = "Xamarin.Forms", "Xamarin.Forms", "{77759364-0202-40B6-A285-6FD5490858D4}"
EndProject
Project("{FAE04EC0-301F-11D3-BF4B-00C04F79EFBC}") = "Xamarin.Auth.XamarinForms", "..\external\Xamarin.Auth[]portable-bait-n-switch\source\XamarinForms\Xamarin.Auth.XamarinForms\Xamarin.Auth.XamarinForms.csproj", "{67F9D3A8-F71E-4428-913F-C37AE82CDB24}"
EndProject
Project("{FAE04EC0-301F-11D3-BF4B-00C04F79EFBC}") = "Xamarin.Auth.XamarinForms.Droid", "..\external\Xamarin.Auth[]portable-bait-n-switch\source\XamarinForms\Xamarin.Auth.XamarinForms.Droid\Xamarin.Auth.XamarinForms.Droid.csproj", "{1B702A60-3D89-4183-B251-4A07388DCCB5}"
EndProject
Project("{FAE04EC0-301F-11D3-BF4B-00C04F79EFBC}") = "Xamarin.Auth.XamarinForms.iOS", "..\external\Xamarin.Auth[]portable-bait-n-switch\source\XamarinForms\Xamarin.Auth.XamarinForms.iOS\Xamarin.Auth.XamarinForms.iOS.csproj", "{7666F0AB-7493-49F2-82B0-7D51A0250FC9}"
EndProject
Project("{2150E333-8FDC-42A3-9474-1A3956D46DE8}") = "Solution Items", "Solution Items", "{D90AB228-24A0-4F93-8F1B-389931D88183}"
	ProjectSection(SolutionItems) = preProject
		..\external\Xamarin.Auth[]portable-bait-n-switch\source\readme.md = ..\external\Xamarin.Auth[]portable-bait-n-switch\source\readme.md
	EndProjectSection
EndProject
Project("{2150E333-8FDC-42A3-9474-1A3956D46DE8}") = "Extensions", "Extensions", "{C1AFC24F-8A5D-4AAF-938E-C61212111835}"
EndProject
Project("{FAE04EC0-301F-11D3-BF4B-00C04F79EFBC}") = "Xamarin.Auth.Extensions.LinkSource", "..\external\Xamarin.Auth[]portable-bait-n-switch\source\Extensions\Xamarin.Auth.Extensions.LinkSource\Xamarin.Auth.Extensions.LinkSource.csproj", "{3EBB5946-5B7E-4EB3-8E3A-4FEE91D69ED6}"
EndProject
Project("{FAE04EC0-301F-11D3-BF4B-00C04F79EFBC}") = "Xamarin.Auth.Extensions.Portable", "..\external\Xamarin.Auth[]portable-bait-n-switch\source\Extensions\Xamarin.Auth.Extensions.Portable\Xamarin.Auth.Extensions.Portable.csproj", "{6397C9BB-4FCF-4484-923B-A36093A4253D}"
EndProject
Project("{FAE04EC0-301F-11D3-BF4B-00C04F79EFBC}") = "Xamarin.Auth.Extensions.XamarinAndroid", "..\external\Xamarin.Auth[]portable-bait-n-switch\source\Extensions\Xamarin.Auth.Extensions.XamarinAndroid\Xamarin.Auth.Extensions.XamarinAndroid.csproj", "{FA8B2786-B839-4271-9303-43EE483BCC1F}"
EndProject
Project("{FAE04EC0-301F-11D3-BF4B-00C04F79EFBC}") = "Xamarin.Auth.Extensions.XamarinIOS", "..\external\Xamarin.Auth[]portable-bait-n-switch\source\Extensions\Xamarin.Auth.Extensions.XamarinIOS\Xamarin.Auth.Extensions.XamarinIOS.csproj", "{ED88D56E-0677-4735-B083-60A46FA8CB94}"
EndProject
Project("{FAE04EC0-301F-11D3-BF4B-00C04F79EFBC}") = "Salesforce.Core.Portable", "Salesforce.Core.Portable\Salesforce.Core.Portable.csproj", "{715DCA9F-B5DB-44BA-AA6D-5267CB7BC70A}"
EndProject
Global
	GlobalSection(SolutionConfigurationPlatforms) = preSolution
		Ad-Hoc|Any CPU = Ad-Hoc|Any CPU
		Ad-Hoc|ARM = Ad-Hoc|ARM
		Ad-Hoc|iPhone = Ad-Hoc|iPhone
		Ad-Hoc|iPhoneSimulator = Ad-Hoc|iPhoneSimulator
		Ad-Hoc|Mixed Platforms = Ad-Hoc|Mixed Platforms
		Ad-Hoc|x64 = Ad-Hoc|x64
		Ad-Hoc|x86 = Ad-Hoc|x86
		AppStore|Any CPU = AppStore|Any CPU
		AppStore|ARM = AppStore|ARM
		AppStore|iPhone = AppStore|iPhone
		AppStore|iPhoneSimulator = AppStore|iPhoneSimulator
		AppStore|Mixed Platforms = AppStore|Mixed Platforms
		AppStore|x64 = AppStore|x64
		AppStore|x86 = AppStore|x86
		Debug|Any CPU = Debug|Any CPU
		Debug|ARM = Debug|ARM
		Debug|iPhone = Debug|iPhone
		Debug|iPhoneSimulator = Debug|iPhoneSimulator
		Debug|Mixed Platforms = Debug|Mixed Platforms
		Debug|x64 = Debug|x64
		Debug|x86 = Debug|x86
		Release|Any CPU = Release|Any CPU
		Release|ARM = Release|ARM
		Release|iPhone = Release|iPhone
		Release|iPhoneSimulator = Release|iPhoneSimulator
		Release|Mixed Platforms = Release|Mixed Platforms
		Release|x64 = Release|x64
		Release|x86 = Release|x86
	EndGlobalSection
	GlobalSection(ProjectConfigurationPlatforms) = postSolution
		{BE81BAE8-5A4F-4D7F-AB03-C9AF5D1710FF}.Ad-Hoc|Any CPU.ActiveCfg = Debug|Any CPU
		{BE81BAE8-5A4F-4D7F-AB03-C9AF5D1710FF}.Ad-Hoc|Any CPU.Build.0 = Debug|Any CPU
		{BE81BAE8-5A4F-4D7F-AB03-C9AF5D1710FF}.Ad-Hoc|ARM.ActiveCfg = Release|Any CPU
		{BE81BAE8-5A4F-4D7F-AB03-C9AF5D1710FF}.Ad-Hoc|ARM.Build.0 = Release|Any CPU
		{BE81BAE8-5A4F-4D7F-AB03-C9AF5D1710FF}.Ad-Hoc|iPhone.ActiveCfg = Release|Any CPU
		{BE81BAE8-5A4F-4D7F-AB03-C9AF5D1710FF}.Ad-Hoc|iPhone.Build.0 = Release|Any CPU
		{BE81BAE8-5A4F-4D7F-AB03-C9AF5D1710FF}.Ad-Hoc|iPhoneSimulator.ActiveCfg = Debug|Any CPU
		{BE81BAE8-5A4F-4D7F-AB03-C9AF5D1710FF}.Ad-Hoc|iPhoneSimulator.Build.0 = Debug|Any CPU
		{BE81BAE8-5A4F-4D7F-AB03-C9AF5D1710FF}.Ad-Hoc|Mixed Platforms.ActiveCfg = Release|Any CPU
		{BE81BAE8-5A4F-4D7F-AB03-C9AF5D1710FF}.Ad-Hoc|Mixed Platforms.Build.0 = Release|Any CPU
		{BE81BAE8-5A4F-4D7F-AB03-C9AF5D1710FF}.Ad-Hoc|x64.ActiveCfg = Release|Any CPU
		{BE81BAE8-5A4F-4D7F-AB03-C9AF5D1710FF}.Ad-Hoc|x64.Build.0 = Release|Any CPU
		{BE81BAE8-5A4F-4D7F-AB03-C9AF5D1710FF}.Ad-Hoc|x86.ActiveCfg = Release|Any CPU
		{BE81BAE8-5A4F-4D7F-AB03-C9AF5D1710FF}.Ad-Hoc|x86.Build.0 = Release|Any CPU
		{BE81BAE8-5A4F-4D7F-AB03-C9AF5D1710FF}.AppStore|Any CPU.ActiveCfg = Debug|Any CPU
		{BE81BAE8-5A4F-4D7F-AB03-C9AF5D1710FF}.AppStore|Any CPU.Build.0 = Debug|Any CPU
		{BE81BAE8-5A4F-4D7F-AB03-C9AF5D1710FF}.AppStore|ARM.ActiveCfg = Release|Any CPU
		{BE81BAE8-5A4F-4D7F-AB03-C9AF5D1710FF}.AppStore|ARM.Build.0 = Release|Any CPU
		{BE81BAE8-5A4F-4D7F-AB03-C9AF5D1710FF}.AppStore|iPhone.ActiveCfg = Release|Any CPU
		{BE81BAE8-5A4F-4D7F-AB03-C9AF5D1710FF}.AppStore|iPhone.Build.0 = Release|Any CPU
		{BE81BAE8-5A4F-4D7F-AB03-C9AF5D1710FF}.AppStore|iPhoneSimulator.ActiveCfg = Debug|Any CPU
		{BE81BAE8-5A4F-4D7F-AB03-C9AF5D1710FF}.AppStore|iPhoneSimulator.Build.0 = Debug|Any CPU
		{BE81BAE8-5A4F-4D7F-AB03-C9AF5D1710FF}.AppStore|Mixed Platforms.ActiveCfg = Release|Any CPU
		{BE81BAE8-5A4F-4D7F-AB03-C9AF5D1710FF}.AppStore|Mixed Platforms.Build.0 = Release|Any CPU
		{BE81BAE8-5A4F-4D7F-AB03-C9AF5D1710FF}.AppStore|x64.ActiveCfg = Release|Any CPU
		{BE81BAE8-5A4F-4D7F-AB03-C9AF5D1710FF}.AppStore|x64.Build.0 = Release|Any CPU
		{BE81BAE8-5A4F-4D7F-AB03-C9AF5D1710FF}.AppStore|x86.ActiveCfg = Release|Any CPU
		{BE81BAE8-5A4F-4D7F-AB03-C9AF5D1710FF}.AppStore|x86.Build.0 = Release|Any CPU
		{BE81BAE8-5A4F-4D7F-AB03-C9AF5D1710FF}.Debug|Any CPU.ActiveCfg = Debug|Any CPU
		{BE81BAE8-5A4F-4D7F-AB03-C9AF5D1710FF}.Debug|Any CPU.Build.0 = Debug|Any CPU
		{BE81BAE8-5A4F-4D7F-AB03-C9AF5D1710FF}.Debug|ARM.ActiveCfg = Debug|Any CPU
		{BE81BAE8-5A4F-4D7F-AB03-C9AF5D1710FF}.Debug|ARM.Build.0 = Debug|Any CPU
		{BE81BAE8-5A4F-4D7F-AB03-C9AF5D1710FF}.Debug|iPhone.ActiveCfg = Debug|Any CPU
		{BE81BAE8-5A4F-4D7F-AB03-C9AF5D1710FF}.Debug|iPhone.Build.0 = Debug|Any CPU
		{BE81BAE8-5A4F-4D7F-AB03-C9AF5D1710FF}.Debug|iPhoneSimulator.ActiveCfg = Debug|Any CPU
		{BE81BAE8-5A4F-4D7F-AB03-C9AF5D1710FF}.Debug|iPhoneSimulator.Build.0 = Debug|Any CPU
		{BE81BAE8-5A4F-4D7F-AB03-C9AF5D1710FF}.Debug|Mixed Platforms.ActiveCfg = Debug|Any CPU
		{BE81BAE8-5A4F-4D7F-AB03-C9AF5D1710FF}.Debug|Mixed Platforms.Build.0 = Debug|Any CPU
		{BE81BAE8-5A4F-4D7F-AB03-C9AF5D1710FF}.Debug|x64.ActiveCfg = Debug|Any CPU
		{BE81BAE8-5A4F-4D7F-AB03-C9AF5D1710FF}.Debug|x64.Build.0 = Debug|Any CPU
		{BE81BAE8-5A4F-4D7F-AB03-C9AF5D1710FF}.Debug|x86.ActiveCfg = Debug|Any CPU
		{BE81BAE8-5A4F-4D7F-AB03-C9AF5D1710FF}.Debug|x86.Build.0 = Debug|Any CPU
		{BE81BAE8-5A4F-4D7F-AB03-C9AF5D1710FF}.Release|Any CPU.ActiveCfg = Release|Any CPU
		{BE81BAE8-5A4F-4D7F-AB03-C9AF5D1710FF}.Release|Any CPU.Build.0 = Release|Any CPU
		{BE81BAE8-5A4F-4D7F-AB03-C9AF5D1710FF}.Release|ARM.ActiveCfg = Release|Any CPU
		{BE81BAE8-5A4F-4D7F-AB03-C9AF5D1710FF}.Release|ARM.Build.0 = Release|Any CPU
		{BE81BAE8-5A4F-4D7F-AB03-C9AF5D1710FF}.Release|iPhone.ActiveCfg = Release|Any CPU
		{BE81BAE8-5A4F-4D7F-AB03-C9AF5D1710FF}.Release|iPhone.Build.0 = Release|Any CPU
		{BE81BAE8-5A4F-4D7F-AB03-C9AF5D1710FF}.Release|iPhoneSimulator.ActiveCfg = Release|Any CPU
		{BE81BAE8-5A4F-4D7F-AB03-C9AF5D1710FF}.Release|iPhoneSimulator.Build.0 = Release|Any CPU
		{BE81BAE8-5A4F-4D7F-AB03-C9AF5D1710FF}.Release|Mixed Platforms.ActiveCfg = Release|Any CPU
		{BE81BAE8-5A4F-4D7F-AB03-C9AF5D1710FF}.Release|Mixed Platforms.Build.0 = Release|Any CPU
		{BE81BAE8-5A4F-4D7F-AB03-C9AF5D1710FF}.Release|x64.ActiveCfg = Release|Any CPU
		{BE81BAE8-5A4F-4D7F-AB03-C9AF5D1710FF}.Release|x64.Build.0 = Release|Any CPU
		{BE81BAE8-5A4F-4D7F-AB03-C9AF5D1710FF}.Release|x86.ActiveCfg = Release|Any CPU
		{BE81BAE8-5A4F-4D7F-AB03-C9AF5D1710FF}.Release|x86.Build.0 = Release|Any CPU
		{0D1F9D33-D146-4DDC-973E-160B8763FD1C}.Ad-Hoc|Any CPU.ActiveCfg = Debug|Any CPU
		{0D1F9D33-D146-4DDC-973E-160B8763FD1C}.Ad-Hoc|Any CPU.Build.0 = Debug|Any CPU
		{0D1F9D33-D146-4DDC-973E-160B8763FD1C}.Ad-Hoc|ARM.ActiveCfg = Release|Any CPU
		{0D1F9D33-D146-4DDC-973E-160B8763FD1C}.Ad-Hoc|ARM.Build.0 = Release|Any CPU
		{0D1F9D33-D146-4DDC-973E-160B8763FD1C}.Ad-Hoc|iPhone.ActiveCfg = Release|Any CPU
		{0D1F9D33-D146-4DDC-973E-160B8763FD1C}.Ad-Hoc|iPhone.Build.0 = Release|Any CPU
		{0D1F9D33-D146-4DDC-973E-160B8763FD1C}.Ad-Hoc|iPhoneSimulator.ActiveCfg = Debug|Any CPU
		{0D1F9D33-D146-4DDC-973E-160B8763FD1C}.Ad-Hoc|iPhoneSimulator.Build.0 = Debug|Any CPU
		{0D1F9D33-D146-4DDC-973E-160B8763FD1C}.Ad-Hoc|Mixed Platforms.ActiveCfg = Release|Any CPU
		{0D1F9D33-D146-4DDC-973E-160B8763FD1C}.Ad-Hoc|Mixed Platforms.Build.0 = Release|Any CPU
		{0D1F9D33-D146-4DDC-973E-160B8763FD1C}.Ad-Hoc|x64.ActiveCfg = Release|Any CPU
		{0D1F9D33-D146-4DDC-973E-160B8763FD1C}.Ad-Hoc|x64.Build.0 = Release|Any CPU
		{0D1F9D33-D146-4DDC-973E-160B8763FD1C}.Ad-Hoc|x86.ActiveCfg = Release|Any CPU
		{0D1F9D33-D146-4DDC-973E-160B8763FD1C}.Ad-Hoc|x86.Build.0 = Release|Any CPU
		{0D1F9D33-D146-4DDC-973E-160B8763FD1C}.AppStore|Any CPU.ActiveCfg = Debug|Any CPU
		{0D1F9D33-D146-4DDC-973E-160B8763FD1C}.AppStore|Any CPU.Build.0 = Debug|Any CPU
		{0D1F9D33-D146-4DDC-973E-160B8763FD1C}.AppStore|ARM.ActiveCfg = Release|Any CPU
		{0D1F9D33-D146-4DDC-973E-160B8763FD1C}.AppStore|ARM.Build.0 = Release|Any CPU
		{0D1F9D33-D146-4DDC-973E-160B8763FD1C}.AppStore|iPhone.ActiveCfg = Release|Any CPU
		{0D1F9D33-D146-4DDC-973E-160B8763FD1C}.AppStore|iPhone.Build.0 = Release|Any CPU
		{0D1F9D33-D146-4DDC-973E-160B8763FD1C}.AppStore|iPhoneSimulator.ActiveCfg = Debug|Any CPU
		{0D1F9D33-D146-4DDC-973E-160B8763FD1C}.AppStore|iPhoneSimulator.Build.0 = Debug|Any CPU
		{0D1F9D33-D146-4DDC-973E-160B8763FD1C}.AppStore|Mixed Platforms.ActiveCfg = Release|Any CPU
		{0D1F9D33-D146-4DDC-973E-160B8763FD1C}.AppStore|Mixed Platforms.Build.0 = Release|Any CPU
		{0D1F9D33-D146-4DDC-973E-160B8763FD1C}.AppStore|x64.ActiveCfg = Release|Any CPU
		{0D1F9D33-D146-4DDC-973E-160B8763FD1C}.AppStore|x64.Build.0 = Release|Any CPU
		{0D1F9D33-D146-4DDC-973E-160B8763FD1C}.AppStore|x86.ActiveCfg = Release|Any CPU
		{0D1F9D33-D146-4DDC-973E-160B8763FD1C}.AppStore|x86.Build.0 = Release|Any CPU
		{0D1F9D33-D146-4DDC-973E-160B8763FD1C}.Debug|Any CPU.ActiveCfg = Debug|Any CPU
		{0D1F9D33-D146-4DDC-973E-160B8763FD1C}.Debug|Any CPU.Build.0 = Debug|Any CPU
		{0D1F9D33-D146-4DDC-973E-160B8763FD1C}.Debug|ARM.ActiveCfg = Debug|Any CPU
		{0D1F9D33-D146-4DDC-973E-160B8763FD1C}.Debug|ARM.Build.0 = Debug|Any CPU
		{0D1F9D33-D146-4DDC-973E-160B8763FD1C}.Debug|iPhone.ActiveCfg = Debug|Any CPU
		{0D1F9D33-D146-4DDC-973E-160B8763FD1C}.Debug|iPhone.Build.0 = Debug|Any CPU
		{0D1F9D33-D146-4DDC-973E-160B8763FD1C}.Debug|iPhoneSimulator.ActiveCfg = Debug|Any CPU
		{0D1F9D33-D146-4DDC-973E-160B8763FD1C}.Debug|iPhoneSimulator.Build.0 = Debug|Any CPU
		{0D1F9D33-D146-4DDC-973E-160B8763FD1C}.Debug|Mixed Platforms.ActiveCfg = Debug|Any CPU
		{0D1F9D33-D146-4DDC-973E-160B8763FD1C}.Debug|Mixed Platforms.Build.0 = Debug|Any CPU
		{0D1F9D33-D146-4DDC-973E-160B8763FD1C}.Debug|x64.ActiveCfg = Debug|Any CPU
		{0D1F9D33-D146-4DDC-973E-160B8763FD1C}.Debug|x64.Build.0 = Debug|Any CPU
		{0D1F9D33-D146-4DDC-973E-160B8763FD1C}.Debug|x86.ActiveCfg = Debug|Any CPU
		{0D1F9D33-D146-4DDC-973E-160B8763FD1C}.Debug|x86.Build.0 = Debug|Any CPU
		{0D1F9D33-D146-4DDC-973E-160B8763FD1C}.Release|Any CPU.ActiveCfg = Release|Any CPU
		{0D1F9D33-D146-4DDC-973E-160B8763FD1C}.Release|Any CPU.Build.0 = Release|Any CPU
		{0D1F9D33-D146-4DDC-973E-160B8763FD1C}.Release|ARM.ActiveCfg = Release|Any CPU
		{0D1F9D33-D146-4DDC-973E-160B8763FD1C}.Release|ARM.Build.0 = Release|Any CPU
		{0D1F9D33-D146-4DDC-973E-160B8763FD1C}.Release|iPhone.ActiveCfg = Release|Any CPU
		{0D1F9D33-D146-4DDC-973E-160B8763FD1C}.Release|iPhone.Build.0 = Release|Any CPU
		{0D1F9D33-D146-4DDC-973E-160B8763FD1C}.Release|iPhoneSimulator.ActiveCfg = Release|Any CPU
		{0D1F9D33-D146-4DDC-973E-160B8763FD1C}.Release|iPhoneSimulator.Build.0 = Release|Any CPU
		{0D1F9D33-D146-4DDC-973E-160B8763FD1C}.Release|Mixed Platforms.ActiveCfg = Release|Any CPU
		{0D1F9D33-D146-4DDC-973E-160B8763FD1C}.Release|Mixed Platforms.Build.0 = Release|Any CPU
		{0D1F9D33-D146-4DDC-973E-160B8763FD1C}.Release|x64.ActiveCfg = Release|Any CPU
		{0D1F9D33-D146-4DDC-973E-160B8763FD1C}.Release|x64.Build.0 = Release|Any CPU
		{0D1F9D33-D146-4DDC-973E-160B8763FD1C}.Release|x86.ActiveCfg = Release|Any CPU
		{0D1F9D33-D146-4DDC-973E-160B8763FD1C}.Release|x86.Build.0 = Release|Any CPU
		{0FC90089-3230-45DB-8DF5-3BC206F2C955}.Ad-Hoc|Any CPU.ActiveCfg = Debug|Any CPU
		{0FC90089-3230-45DB-8DF5-3BC206F2C955}.Ad-Hoc|Any CPU.Build.0 = Debug|Any CPU
		{0FC90089-3230-45DB-8DF5-3BC206F2C955}.Ad-Hoc|ARM.ActiveCfg = Release|Any CPU
		{0FC90089-3230-45DB-8DF5-3BC206F2C955}.Ad-Hoc|ARM.Build.0 = Release|Any CPU
		{0FC90089-3230-45DB-8DF5-3BC206F2C955}.Ad-Hoc|iPhone.ActiveCfg = Release|Any CPU
		{0FC90089-3230-45DB-8DF5-3BC206F2C955}.Ad-Hoc|iPhone.Build.0 = Release|Any CPU
		{0FC90089-3230-45DB-8DF5-3BC206F2C955}.Ad-Hoc|iPhoneSimulator.ActiveCfg = Release|Any CPU
		{0FC90089-3230-45DB-8DF5-3BC206F2C955}.Ad-Hoc|iPhoneSimulator.Build.0 = Release|Any CPU
		{0FC90089-3230-45DB-8DF5-3BC206F2C955}.Ad-Hoc|Mixed Platforms.ActiveCfg = Release|Any CPU
		{0FC90089-3230-45DB-8DF5-3BC206F2C955}.Ad-Hoc|Mixed Platforms.Build.0 = Release|Any CPU
		{0FC90089-3230-45DB-8DF5-3BC206F2C955}.Ad-Hoc|x64.ActiveCfg = Release|Any CPU
		{0FC90089-3230-45DB-8DF5-3BC206F2C955}.Ad-Hoc|x64.Build.0 = Release|Any CPU
		{0FC90089-3230-45DB-8DF5-3BC206F2C955}.Ad-Hoc|x86.ActiveCfg = Release|Any CPU
		{0FC90089-3230-45DB-8DF5-3BC206F2C955}.Ad-Hoc|x86.Build.0 = Release|Any CPU
		{0FC90089-3230-45DB-8DF5-3BC206F2C955}.AppStore|Any CPU.ActiveCfg = Debug|Any CPU
		{0FC90089-3230-45DB-8DF5-3BC206F2C955}.AppStore|Any CPU.Build.0 = Debug|Any CPU
		{0FC90089-3230-45DB-8DF5-3BC206F2C955}.AppStore|ARM.ActiveCfg = Release|Any CPU
		{0FC90089-3230-45DB-8DF5-3BC206F2C955}.AppStore|ARM.Build.0 = Release|Any CPU
		{0FC90089-3230-45DB-8DF5-3BC206F2C955}.AppStore|iPhone.ActiveCfg = Release|Any CPU
		{0FC90089-3230-45DB-8DF5-3BC206F2C955}.AppStore|iPhone.Build.0 = Release|Any CPU
		{0FC90089-3230-45DB-8DF5-3BC206F2C955}.AppStore|iPhoneSimulator.ActiveCfg = Release|Any CPU
		{0FC90089-3230-45DB-8DF5-3BC206F2C955}.AppStore|iPhoneSimulator.Build.0 = Release|Any CPU
		{0FC90089-3230-45DB-8DF5-3BC206F2C955}.AppStore|Mixed Platforms.ActiveCfg = Release|Any CPU
		{0FC90089-3230-45DB-8DF5-3BC206F2C955}.AppStore|Mixed Platforms.Build.0 = Release|Any CPU
		{0FC90089-3230-45DB-8DF5-3BC206F2C955}.AppStore|x64.ActiveCfg = Release|Any CPU
		{0FC90089-3230-45DB-8DF5-3BC206F2C955}.AppStore|x64.Build.0 = Release|Any CPU
		{0FC90089-3230-45DB-8DF5-3BC206F2C955}.AppStore|x86.ActiveCfg = Release|Any CPU
		{0FC90089-3230-45DB-8DF5-3BC206F2C955}.AppStore|x86.Build.0 = Release|Any CPU
		{0FC90089-3230-45DB-8DF5-3BC206F2C955}.Debug|Any CPU.ActiveCfg = Debug|Any CPU
		{0FC90089-3230-45DB-8DF5-3BC206F2C955}.Debug|Any CPU.Build.0 = Debug|Any CPU
		{0FC90089-3230-45DB-8DF5-3BC206F2C955}.Debug|ARM.ActiveCfg = Debug|Any CPU
		{0FC90089-3230-45DB-8DF5-3BC206F2C955}.Debug|ARM.Build.0 = Debug|Any CPU
		{0FC90089-3230-45DB-8DF5-3BC206F2C955}.Debug|iPhone.ActiveCfg = Debug|Any CPU
		{0FC90089-3230-45DB-8DF5-3BC206F2C955}.Debug|iPhone.Build.0 = Debug|Any CPU
		{0FC90089-3230-45DB-8DF5-3BC206F2C955}.Debug|iPhoneSimulator.ActiveCfg = Debug|Any CPU
		{0FC90089-3230-45DB-8DF5-3BC206F2C955}.Debug|iPhoneSimulator.Build.0 = Debug|Any CPU
		{0FC90089-3230-45DB-8DF5-3BC206F2C955}.Debug|Mixed Platforms.ActiveCfg = Debug|Any CPU
		{0FC90089-3230-45DB-8DF5-3BC206F2C955}.Debug|Mixed Platforms.Build.0 = Debug|Any CPU
		{0FC90089-3230-45DB-8DF5-3BC206F2C955}.Debug|x64.ActiveCfg = Debug|Any CPU
		{0FC90089-3230-45DB-8DF5-3BC206F2C955}.Debug|x64.Build.0 = Debug|Any CPU
		{0FC90089-3230-45DB-8DF5-3BC206F2C955}.Debug|x86.ActiveCfg = Debug|Any CPU
		{0FC90089-3230-45DB-8DF5-3BC206F2C955}.Debug|x86.Build.0 = Debug|Any CPU
		{0FC90089-3230-45DB-8DF5-3BC206F2C955}.Release|Any CPU.ActiveCfg = Release|Any CPU
		{0FC90089-3230-45DB-8DF5-3BC206F2C955}.Release|Any CPU.Build.0 = Release|Any CPU
		{0FC90089-3230-45DB-8DF5-3BC206F2C955}.Release|ARM.ActiveCfg = Release|Any CPU
		{0FC90089-3230-45DB-8DF5-3BC206F2C955}.Release|ARM.Build.0 = Release|Any CPU
		{0FC90089-3230-45DB-8DF5-3BC206F2C955}.Release|iPhone.ActiveCfg = Release|Any CPU
		{0FC90089-3230-45DB-8DF5-3BC206F2C955}.Release|iPhone.Build.0 = Release|Any CPU
		{0FC90089-3230-45DB-8DF5-3BC206F2C955}.Release|iPhoneSimulator.ActiveCfg = Release|Any CPU
		{0FC90089-3230-45DB-8DF5-3BC206F2C955}.Release|iPhoneSimulator.Build.0 = Release|Any CPU
		{0FC90089-3230-45DB-8DF5-3BC206F2C955}.Release|Mixed Platforms.ActiveCfg = Release|Any CPU
		{0FC90089-3230-45DB-8DF5-3BC206F2C955}.Release|Mixed Platforms.Build.0 = Release|Any CPU
		{0FC90089-3230-45DB-8DF5-3BC206F2C955}.Release|x64.ActiveCfg = Release|Any CPU
		{0FC90089-3230-45DB-8DF5-3BC206F2C955}.Release|x64.Build.0 = Release|Any CPU
		{0FC90089-3230-45DB-8DF5-3BC206F2C955}.Release|x86.ActiveCfg = Release|Any CPU
		{0FC90089-3230-45DB-8DF5-3BC206F2C955}.Release|x86.Build.0 = Release|Any CPU
		{60A13CA1-2F48-4577-B375-6A4D8C434862}.Ad-Hoc|Any CPU.ActiveCfg = Debug|Any CPU
		{60A13CA1-2F48-4577-B375-6A4D8C434862}.Ad-Hoc|Any CPU.Build.0 = Debug|Any CPU
		{60A13CA1-2F48-4577-B375-6A4D8C434862}.Ad-Hoc|ARM.ActiveCfg = Release|Any CPU
		{60A13CA1-2F48-4577-B375-6A4D8C434862}.Ad-Hoc|ARM.Build.0 = Release|Any CPU
		{60A13CA1-2F48-4577-B375-6A4D8C434862}.Ad-Hoc|iPhone.ActiveCfg = Release|Any CPU
		{60A13CA1-2F48-4577-B375-6A4D8C434862}.Ad-Hoc|iPhone.Build.0 = Release|Any CPU
		{60A13CA1-2F48-4577-B375-6A4D8C434862}.Ad-Hoc|iPhoneSimulator.ActiveCfg = Debug|Any CPU
		{60A13CA1-2F48-4577-B375-6A4D8C434862}.Ad-Hoc|iPhoneSimulator.Build.0 = Debug|Any CPU
		{60A13CA1-2F48-4577-B375-6A4D8C434862}.Ad-Hoc|Mixed Platforms.ActiveCfg = Release|Any CPU
		{60A13CA1-2F48-4577-B375-6A4D8C434862}.Ad-Hoc|Mixed Platforms.Build.0 = Release|Any CPU
		{60A13CA1-2F48-4577-B375-6A4D8C434862}.Ad-Hoc|x64.ActiveCfg = Release|Any CPU
		{60A13CA1-2F48-4577-B375-6A4D8C434862}.Ad-Hoc|x64.Build.0 = Release|Any CPU
		{60A13CA1-2F48-4577-B375-6A4D8C434862}.Ad-Hoc|x86.ActiveCfg = Release|Any CPU
		{60A13CA1-2F48-4577-B375-6A4D8C434862}.Ad-Hoc|x86.Build.0 = Release|Any CPU
		{60A13CA1-2F48-4577-B375-6A4D8C434862}.AppStore|Any CPU.ActiveCfg = Debug|Any CPU
		{60A13CA1-2F48-4577-B375-6A4D8C434862}.AppStore|Any CPU.Build.0 = Debug|Any CPU
		{60A13CA1-2F48-4577-B375-6A4D8C434862}.AppStore|ARM.ActiveCfg = Release|Any CPU
		{60A13CA1-2F48-4577-B375-6A4D8C434862}.AppStore|ARM.Build.0 = Release|Any CPU
		{60A13CA1-2F48-4577-B375-6A4D8C434862}.AppStore|iPhone.ActiveCfg = Release|Any CPU
		{60A13CA1-2F48-4577-B375-6A4D8C434862}.AppStore|iPhone.Build.0 = Release|Any CPU
		{60A13CA1-2F48-4577-B375-6A4D8C434862}.AppStore|iPhoneSimulator.ActiveCfg = Debug|Any CPU
		{60A13CA1-2F48-4577-B375-6A4D8C434862}.AppStore|iPhoneSimulator.Build.0 = Debug|Any CPU
		{60A13CA1-2F48-4577-B375-6A4D8C434862}.AppStore|Mixed Platforms.ActiveCfg = Release|Any CPU
		{60A13CA1-2F48-4577-B375-6A4D8C434862}.AppStore|Mixed Platforms.Build.0 = Release|Any CPU
		{60A13CA1-2F48-4577-B375-6A4D8C434862}.AppStore|x64.ActiveCfg = Release|Any CPU
		{60A13CA1-2F48-4577-B375-6A4D8C434862}.AppStore|x64.Build.0 = Release|Any CPU
		{60A13CA1-2F48-4577-B375-6A4D8C434862}.AppStore|x86.ActiveCfg = Release|Any CPU
		{60A13CA1-2F48-4577-B375-6A4D8C434862}.AppStore|x86.Build.0 = Release|Any CPU
		{60A13CA1-2F48-4577-B375-6A4D8C434862}.Debug|Any CPU.ActiveCfg = Debug|Any CPU
		{60A13CA1-2F48-4577-B375-6A4D8C434862}.Debug|Any CPU.Build.0 = Debug|Any CPU
		{60A13CA1-2F48-4577-B375-6A4D8C434862}.Debug|ARM.ActiveCfg = Debug|Any CPU
		{60A13CA1-2F48-4577-B375-6A4D8C434862}.Debug|ARM.Build.0 = Debug|Any CPU
		{60A13CA1-2F48-4577-B375-6A4D8C434862}.Debug|iPhone.ActiveCfg = Debug|Any CPU
		{60A13CA1-2F48-4577-B375-6A4D8C434862}.Debug|iPhone.Build.0 = Debug|Any CPU
		{60A13CA1-2F48-4577-B375-6A4D8C434862}.Debug|iPhoneSimulator.ActiveCfg = Debug|Any CPU
		{60A13CA1-2F48-4577-B375-6A4D8C434862}.Debug|iPhoneSimulator.Build.0 = Debug|Any CPU
		{60A13CA1-2F48-4577-B375-6A4D8C434862}.Debug|Mixed Platforms.ActiveCfg = Debug|Any CPU
		{60A13CA1-2F48-4577-B375-6A4D8C434862}.Debug|Mixed Platforms.Build.0 = Debug|Any CPU
		{60A13CA1-2F48-4577-B375-6A4D8C434862}.Debug|x64.ActiveCfg = Debug|Any CPU
		{60A13CA1-2F48-4577-B375-6A4D8C434862}.Debug|x64.Build.0 = Debug|Any CPU
		{60A13CA1-2F48-4577-B375-6A4D8C434862}.Debug|x86.ActiveCfg = Debug|Any CPU
		{60A13CA1-2F48-4577-B375-6A4D8C434862}.Debug|x86.Build.0 = Debug|Any CPU
		{60A13CA1-2F48-4577-B375-6A4D8C434862}.Release|Any CPU.ActiveCfg = Release|Any CPU
		{60A13CA1-2F48-4577-B375-6A4D8C434862}.Release|Any CPU.Build.0 = Release|Any CPU
		{60A13CA1-2F48-4577-B375-6A4D8C434862}.Release|ARM.ActiveCfg = Release|Any CPU
		{60A13CA1-2F48-4577-B375-6A4D8C434862}.Release|ARM.Build.0 = Release|Any CPU
		{60A13CA1-2F48-4577-B375-6A4D8C434862}.Release|iPhone.ActiveCfg = Release|Any CPU
		{60A13CA1-2F48-4577-B375-6A4D8C434862}.Release|iPhone.Build.0 = Release|Any CPU
		{60A13CA1-2F48-4577-B375-6A4D8C434862}.Release|iPhoneSimulator.ActiveCfg = Release|Any CPU
		{60A13CA1-2F48-4577-B375-6A4D8C434862}.Release|iPhoneSimulator.Build.0 = Release|Any CPU
		{60A13CA1-2F48-4577-B375-6A4D8C434862}.Release|Mixed Platforms.ActiveCfg = Release|Any CPU
		{60A13CA1-2F48-4577-B375-6A4D8C434862}.Release|Mixed Platforms.Build.0 = Release|Any CPU
		{60A13CA1-2F48-4577-B375-6A4D8C434862}.Release|x64.ActiveCfg = Release|Any CPU
		{60A13CA1-2F48-4577-B375-6A4D8C434862}.Release|x64.Build.0 = Release|Any CPU
		{60A13CA1-2F48-4577-B375-6A4D8C434862}.Release|x86.ActiveCfg = Release|Any CPU
		{60A13CA1-2F48-4577-B375-6A4D8C434862}.Release|x86.Build.0 = Release|Any CPU
		{0B68648C-59FA-453B-B751-E2987BC0DE1E}.Ad-Hoc|Any CPU.ActiveCfg = Debug|Any CPU
		{0B68648C-59FA-453B-B751-E2987BC0DE1E}.Ad-Hoc|Any CPU.Build.0 = Debug|Any CPU
		{0B68648C-59FA-453B-B751-E2987BC0DE1E}.Ad-Hoc|ARM.ActiveCfg = Release|Any CPU
		{0B68648C-59FA-453B-B751-E2987BC0DE1E}.Ad-Hoc|ARM.Build.0 = Release|Any CPU
		{0B68648C-59FA-453B-B751-E2987BC0DE1E}.Ad-Hoc|iPhone.ActiveCfg = Release|Any CPU
		{0B68648C-59FA-453B-B751-E2987BC0DE1E}.Ad-Hoc|iPhone.Build.0 = Release|Any CPU
		{0B68648C-59FA-453B-B751-E2987BC0DE1E}.Ad-Hoc|iPhoneSimulator.ActiveCfg = Debug|Any CPU
		{0B68648C-59FA-453B-B751-E2987BC0DE1E}.Ad-Hoc|iPhoneSimulator.Build.0 = Debug|Any CPU
		{0B68648C-59FA-453B-B751-E2987BC0DE1E}.Ad-Hoc|Mixed Platforms.ActiveCfg = Release|Any CPU
		{0B68648C-59FA-453B-B751-E2987BC0DE1E}.Ad-Hoc|Mixed Platforms.Build.0 = Release|Any CPU
		{0B68648C-59FA-453B-B751-E2987BC0DE1E}.Ad-Hoc|x64.ActiveCfg = Release|Any CPU
		{0B68648C-59FA-453B-B751-E2987BC0DE1E}.Ad-Hoc|x64.Build.0 = Release|Any CPU
		{0B68648C-59FA-453B-B751-E2987BC0DE1E}.Ad-Hoc|x86.ActiveCfg = Release|Any CPU
		{0B68648C-59FA-453B-B751-E2987BC0DE1E}.Ad-Hoc|x86.Build.0 = Release|Any CPU
		{0B68648C-59FA-453B-B751-E2987BC0DE1E}.AppStore|Any CPU.ActiveCfg = Debug|Any CPU
		{0B68648C-59FA-453B-B751-E2987BC0DE1E}.AppStore|Any CPU.Build.0 = Debug|Any CPU
		{0B68648C-59FA-453B-B751-E2987BC0DE1E}.AppStore|ARM.ActiveCfg = Release|Any CPU
		{0B68648C-59FA-453B-B751-E2987BC0DE1E}.AppStore|ARM.Build.0 = Release|Any CPU
		{0B68648C-59FA-453B-B751-E2987BC0DE1E}.AppStore|iPhone.ActiveCfg = Release|Any CPU
		{0B68648C-59FA-453B-B751-E2987BC0DE1E}.AppStore|iPhone.Build.0 = Release|Any CPU
		{0B68648C-59FA-453B-B751-E2987BC0DE1E}.AppStore|iPhoneSimulator.ActiveCfg = Debug|Any CPU
		{0B68648C-59FA-453B-B751-E2987BC0DE1E}.AppStore|iPhoneSimulator.Build.0 = Debug|Any CPU
		{0B68648C-59FA-453B-B751-E2987BC0DE1E}.AppStore|Mixed Platforms.ActiveCfg = Release|Any CPU
		{0B68648C-59FA-453B-B751-E2987BC0DE1E}.AppStore|Mixed Platforms.Build.0 = Release|Any CPU
		{0B68648C-59FA-453B-B751-E2987BC0DE1E}.AppStore|x64.ActiveCfg = Release|Any CPU
		{0B68648C-59FA-453B-B751-E2987BC0DE1E}.AppStore|x64.Build.0 = Release|Any CPU
		{0B68648C-59FA-453B-B751-E2987BC0DE1E}.AppStore|x86.ActiveCfg = Release|Any CPU
		{0B68648C-59FA-453B-B751-E2987BC0DE1E}.AppStore|x86.Build.0 = Release|Any CPU
		{0B68648C-59FA-453B-B751-E2987BC0DE1E}.Debug|Any CPU.ActiveCfg = Debug|Any CPU
		{0B68648C-59FA-453B-B751-E2987BC0DE1E}.Debug|Any CPU.Build.0 = Debug|Any CPU
		{0B68648C-59FA-453B-B751-E2987BC0DE1E}.Debug|ARM.ActiveCfg = Debug|Any CPU
		{0B68648C-59FA-453B-B751-E2987BC0DE1E}.Debug|ARM.Build.0 = Debug|Any CPU
		{0B68648C-59FA-453B-B751-E2987BC0DE1E}.Debug|iPhone.ActiveCfg = Debug|Any CPU
		{0B68648C-59FA-453B-B751-E2987BC0DE1E}.Debug|iPhone.Build.0 = Debug|Any CPU
		{0B68648C-59FA-453B-B751-E2987BC0DE1E}.Debug|iPhoneSimulator.ActiveCfg = Debug|Any CPU
		{0B68648C-59FA-453B-B751-E2987BC0DE1E}.Debug|iPhoneSimulator.Build.0 = Debug|Any CPU
		{0B68648C-59FA-453B-B751-E2987BC0DE1E}.Debug|Mixed Platforms.ActiveCfg = Debug|Any CPU
		{0B68648C-59FA-453B-B751-E2987BC0DE1E}.Debug|Mixed Platforms.Build.0 = Debug|Any CPU
		{0B68648C-59FA-453B-B751-E2987BC0DE1E}.Debug|x64.ActiveCfg = Debug|Any CPU
		{0B68648C-59FA-453B-B751-E2987BC0DE1E}.Debug|x64.Build.0 = Debug|Any CPU
		{0B68648C-59FA-453B-B751-E2987BC0DE1E}.Debug|x86.ActiveCfg = Debug|Any CPU
		{0B68648C-59FA-453B-B751-E2987BC0DE1E}.Debug|x86.Build.0 = Debug|Any CPU
		{0B68648C-59FA-453B-B751-E2987BC0DE1E}.Release|Any CPU.ActiveCfg = Release|Any CPU
		{0B68648C-59FA-453B-B751-E2987BC0DE1E}.Release|Any CPU.Build.0 = Release|Any CPU
		{0B68648C-59FA-453B-B751-E2987BC0DE1E}.Release|ARM.ActiveCfg = Release|Any CPU
		{0B68648C-59FA-453B-B751-E2987BC0DE1E}.Release|ARM.Build.0 = Release|Any CPU
		{0B68648C-59FA-453B-B751-E2987BC0DE1E}.Release|iPhone.ActiveCfg = Release|Any CPU
		{0B68648C-59FA-453B-B751-E2987BC0DE1E}.Release|iPhone.Build.0 = Release|Any CPU
		{0B68648C-59FA-453B-B751-E2987BC0DE1E}.Release|iPhoneSimulator.ActiveCfg = Release|Any CPU
		{0B68648C-59FA-453B-B751-E2987BC0DE1E}.Release|iPhoneSimulator.Build.0 = Release|Any CPU
		{0B68648C-59FA-453B-B751-E2987BC0DE1E}.Release|Mixed Platforms.ActiveCfg = Release|Any CPU
		{0B68648C-59FA-453B-B751-E2987BC0DE1E}.Release|Mixed Platforms.Build.0 = Release|Any CPU
		{0B68648C-59FA-453B-B751-E2987BC0DE1E}.Release|x64.ActiveCfg = Release|Any CPU
		{0B68648C-59FA-453B-B751-E2987BC0DE1E}.Release|x64.Build.0 = Release|Any CPU
		{0B68648C-59FA-453B-B751-E2987BC0DE1E}.Release|x86.ActiveCfg = Release|Any CPU
		{0B68648C-59FA-453B-B751-E2987BC0DE1E}.Release|x86.Build.0 = Release|Any CPU
		{EDE30D4F-FC0D-458A-A358-A745FC138DF3}.Ad-Hoc|Any CPU.ActiveCfg = Release|Any CPU
		{EDE30D4F-FC0D-458A-A358-A745FC138DF3}.Ad-Hoc|Any CPU.Build.0 = Release|Any CPU
		{EDE30D4F-FC0D-458A-A358-A745FC138DF3}.Ad-Hoc|ARM.ActiveCfg = Release|Any CPU
		{EDE30D4F-FC0D-458A-A358-A745FC138DF3}.Ad-Hoc|ARM.Build.0 = Release|Any CPU
		{EDE30D4F-FC0D-458A-A358-A745FC138DF3}.Ad-Hoc|iPhone.ActiveCfg = Debug|Any CPU
		{EDE30D4F-FC0D-458A-A358-A745FC138DF3}.Ad-Hoc|iPhone.Build.0 = Debug|Any CPU
		{EDE30D4F-FC0D-458A-A358-A745FC138DF3}.Ad-Hoc|iPhoneSimulator.ActiveCfg = Release|Any CPU
		{EDE30D4F-FC0D-458A-A358-A745FC138DF3}.Ad-Hoc|iPhoneSimulator.Build.0 = Release|Any CPU
		{EDE30D4F-FC0D-458A-A358-A745FC138DF3}.Ad-Hoc|Mixed Platforms.ActiveCfg = Release|Any CPU
		{EDE30D4F-FC0D-458A-A358-A745FC138DF3}.Ad-Hoc|Mixed Platforms.Build.0 = Release|Any CPU
		{EDE30D4F-FC0D-458A-A358-A745FC138DF3}.Ad-Hoc|x64.ActiveCfg = Debug|Any CPU
		{EDE30D4F-FC0D-458A-A358-A745FC138DF3}.Ad-Hoc|x64.Build.0 = Debug|Any CPU
		{EDE30D4F-FC0D-458A-A358-A745FC138DF3}.Ad-Hoc|x86.ActiveCfg = Release|Any CPU
		{EDE30D4F-FC0D-458A-A358-A745FC138DF3}.Ad-Hoc|x86.Build.0 = Release|Any CPU
		{EDE30D4F-FC0D-458A-A358-A745FC138DF3}.AppStore|Any CPU.ActiveCfg = Release|Any CPU
		{EDE30D4F-FC0D-458A-A358-A745FC138DF3}.AppStore|Any CPU.Build.0 = Release|Any CPU
		{EDE30D4F-FC0D-458A-A358-A745FC138DF3}.AppStore|ARM.ActiveCfg = Release|Any CPU
		{EDE30D4F-FC0D-458A-A358-A745FC138DF3}.AppStore|ARM.Build.0 = Release|Any CPU
		{EDE30D4F-FC0D-458A-A358-A745FC138DF3}.AppStore|iPhone.ActiveCfg = Debug|Any CPU
		{EDE30D4F-FC0D-458A-A358-A745FC138DF3}.AppStore|iPhone.Build.0 = Debug|Any CPU
		{EDE30D4F-FC0D-458A-A358-A745FC138DF3}.AppStore|iPhoneSimulator.ActiveCfg = Release|Any CPU
		{EDE30D4F-FC0D-458A-A358-A745FC138DF3}.AppStore|iPhoneSimulator.Build.0 = Release|Any CPU
		{EDE30D4F-FC0D-458A-A358-A745FC138DF3}.AppStore|Mixed Platforms.ActiveCfg = Release|Any CPU
		{EDE30D4F-FC0D-458A-A358-A745FC138DF3}.AppStore|Mixed Platforms.Build.0 = Release|Any CPU
		{EDE30D4F-FC0D-458A-A358-A745FC138DF3}.AppStore|x64.ActiveCfg = Debug|Any CPU
		{EDE30D4F-FC0D-458A-A358-A745FC138DF3}.AppStore|x64.Build.0 = Debug|Any CPU
		{EDE30D4F-FC0D-458A-A358-A745FC138DF3}.AppStore|x86.ActiveCfg = Release|Any CPU
		{EDE30D4F-FC0D-458A-A358-A745FC138DF3}.AppStore|x86.Build.0 = Release|Any CPU
		{EDE30D4F-FC0D-458A-A358-A745FC138DF3}.Debug|Any CPU.ActiveCfg = Debug|Any CPU
		{EDE30D4F-FC0D-458A-A358-A745FC138DF3}.Debug|Any CPU.Build.0 = Debug|Any CPU
		{EDE30D4F-FC0D-458A-A358-A745FC138DF3}.Debug|ARM.ActiveCfg = Debug|Any CPU
		{EDE30D4F-FC0D-458A-A358-A745FC138DF3}.Debug|ARM.Build.0 = Debug|Any CPU
		{EDE30D4F-FC0D-458A-A358-A745FC138DF3}.Debug|iPhone.ActiveCfg = Debug|Any CPU
		{EDE30D4F-FC0D-458A-A358-A745FC138DF3}.Debug|iPhone.Build.0 = Debug|Any CPU
		{EDE30D4F-FC0D-458A-A358-A745FC138DF3}.Debug|iPhoneSimulator.ActiveCfg = Debug|Any CPU
		{EDE30D4F-FC0D-458A-A358-A745FC138DF3}.Debug|iPhoneSimulator.Build.0 = Debug|Any CPU
		{EDE30D4F-FC0D-458A-A358-A745FC138DF3}.Debug|Mixed Platforms.ActiveCfg = Debug|Any CPU
		{EDE30D4F-FC0D-458A-A358-A745FC138DF3}.Debug|Mixed Platforms.Build.0 = Debug|Any CPU
		{EDE30D4F-FC0D-458A-A358-A745FC138DF3}.Debug|x64.ActiveCfg = Debug|Any CPU
		{EDE30D4F-FC0D-458A-A358-A745FC138DF3}.Debug|x64.Build.0 = Debug|Any CPU
		{EDE30D4F-FC0D-458A-A358-A745FC138DF3}.Debug|x86.ActiveCfg = Debug|Any CPU
		{EDE30D4F-FC0D-458A-A358-A745FC138DF3}.Debug|x86.Build.0 = Debug|Any CPU
		{EDE30D4F-FC0D-458A-A358-A745FC138DF3}.Release|Any CPU.ActiveCfg = Release|Any CPU
		{EDE30D4F-FC0D-458A-A358-A745FC138DF3}.Release|Any CPU.Build.0 = Release|Any CPU
		{EDE30D4F-FC0D-458A-A358-A745FC138DF3}.Release|ARM.ActiveCfg = Release|Any CPU
		{EDE30D4F-FC0D-458A-A358-A745FC138DF3}.Release|ARM.Build.0 = Release|Any CPU
		{EDE30D4F-FC0D-458A-A358-A745FC138DF3}.Release|iPhone.ActiveCfg = Release|Any CPU
		{EDE30D4F-FC0D-458A-A358-A745FC138DF3}.Release|iPhone.Build.0 = Release|Any CPU
		{EDE30D4F-FC0D-458A-A358-A745FC138DF3}.Release|iPhoneSimulator.ActiveCfg = Release|Any CPU
		{EDE30D4F-FC0D-458A-A358-A745FC138DF3}.Release|iPhoneSimulator.Build.0 = Release|Any CPU
		{EDE30D4F-FC0D-458A-A358-A745FC138DF3}.Release|Mixed Platforms.ActiveCfg = Release|Any CPU
		{EDE30D4F-FC0D-458A-A358-A745FC138DF3}.Release|Mixed Platforms.Build.0 = Release|Any CPU
		{EDE30D4F-FC0D-458A-A358-A745FC138DF3}.Release|x64.ActiveCfg = Release|Any CPU
		{EDE30D4F-FC0D-458A-A358-A745FC138DF3}.Release|x64.Build.0 = Release|Any CPU
		{EDE30D4F-FC0D-458A-A358-A745FC138DF3}.Release|x86.ActiveCfg = Release|Any CPU
		{EDE30D4F-FC0D-458A-A358-A745FC138DF3}.Release|x86.Build.0 = Release|Any CPU
		{87580927-9F8E-42AE-BDFE-35F95ABF17D8}.Ad-Hoc|Any CPU.ActiveCfg = Release|Any CPU
		{87580927-9F8E-42AE-BDFE-35F95ABF17D8}.Ad-Hoc|Any CPU.Build.0 = Release|Any CPU
		{87580927-9F8E-42AE-BDFE-35F95ABF17D8}.Ad-Hoc|ARM.ActiveCfg = Release|Any CPU
		{87580927-9F8E-42AE-BDFE-35F95ABF17D8}.Ad-Hoc|ARM.Build.0 = Release|Any CPU
		{87580927-9F8E-42AE-BDFE-35F95ABF17D8}.Ad-Hoc|iPhone.ActiveCfg = Debug|Any CPU
		{87580927-9F8E-42AE-BDFE-35F95ABF17D8}.Ad-Hoc|iPhone.Build.0 = Debug|Any CPU
		{87580927-9F8E-42AE-BDFE-35F95ABF17D8}.Ad-Hoc|iPhoneSimulator.ActiveCfg = Release|Any CPU
		{87580927-9F8E-42AE-BDFE-35F95ABF17D8}.Ad-Hoc|iPhoneSimulator.Build.0 = Release|Any CPU
		{87580927-9F8E-42AE-BDFE-35F95ABF17D8}.Ad-Hoc|Mixed Platforms.ActiveCfg = Release|Any CPU
		{87580927-9F8E-42AE-BDFE-35F95ABF17D8}.Ad-Hoc|Mixed Platforms.Build.0 = Release|Any CPU
		{87580927-9F8E-42AE-BDFE-35F95ABF17D8}.Ad-Hoc|x64.ActiveCfg = Debug|Any CPU
		{87580927-9F8E-42AE-BDFE-35F95ABF17D8}.Ad-Hoc|x64.Build.0 = Debug|Any CPU
		{87580927-9F8E-42AE-BDFE-35F95ABF17D8}.Ad-Hoc|x86.ActiveCfg = Release|Any CPU
		{87580927-9F8E-42AE-BDFE-35F95ABF17D8}.Ad-Hoc|x86.Build.0 = Release|Any CPU
		{87580927-9F8E-42AE-BDFE-35F95ABF17D8}.AppStore|Any CPU.ActiveCfg = Release|Any CPU
		{87580927-9F8E-42AE-BDFE-35F95ABF17D8}.AppStore|Any CPU.Build.0 = Release|Any CPU
		{87580927-9F8E-42AE-BDFE-35F95ABF17D8}.AppStore|ARM.ActiveCfg = Release|Any CPU
		{87580927-9F8E-42AE-BDFE-35F95ABF17D8}.AppStore|ARM.Build.0 = Release|Any CPU
		{87580927-9F8E-42AE-BDFE-35F95ABF17D8}.AppStore|iPhone.ActiveCfg = Debug|Any CPU
		{87580927-9F8E-42AE-BDFE-35F95ABF17D8}.AppStore|iPhone.Build.0 = Debug|Any CPU
		{87580927-9F8E-42AE-BDFE-35F95ABF17D8}.AppStore|iPhoneSimulator.ActiveCfg = Release|Any CPU
		{87580927-9F8E-42AE-BDFE-35F95ABF17D8}.AppStore|iPhoneSimulator.Build.0 = Release|Any CPU
		{87580927-9F8E-42AE-BDFE-35F95ABF17D8}.AppStore|Mixed Platforms.ActiveCfg = Release|Any CPU
		{87580927-9F8E-42AE-BDFE-35F95ABF17D8}.AppStore|Mixed Platforms.Build.0 = Release|Any CPU
		{87580927-9F8E-42AE-BDFE-35F95ABF17D8}.AppStore|x64.ActiveCfg = Debug|Any CPU
		{87580927-9F8E-42AE-BDFE-35F95ABF17D8}.AppStore|x64.Build.0 = Debug|Any CPU
		{87580927-9F8E-42AE-BDFE-35F95ABF17D8}.AppStore|x86.ActiveCfg = Release|Any CPU
		{87580927-9F8E-42AE-BDFE-35F95ABF17D8}.AppStore|x86.Build.0 = Release|Any CPU
		{87580927-9F8E-42AE-BDFE-35F95ABF17D8}.Debug|Any CPU.ActiveCfg = Debug|Any CPU
		{87580927-9F8E-42AE-BDFE-35F95ABF17D8}.Debug|Any CPU.Build.0 = Debug|Any CPU
		{87580927-9F8E-42AE-BDFE-35F95ABF17D8}.Debug|ARM.ActiveCfg = Debug|Any CPU
		{87580927-9F8E-42AE-BDFE-35F95ABF17D8}.Debug|ARM.Build.0 = Debug|Any CPU
		{87580927-9F8E-42AE-BDFE-35F95ABF17D8}.Debug|iPhone.ActiveCfg = Debug|Any CPU
		{87580927-9F8E-42AE-BDFE-35F95ABF17D8}.Debug|iPhone.Build.0 = Debug|Any CPU
		{87580927-9F8E-42AE-BDFE-35F95ABF17D8}.Debug|iPhoneSimulator.ActiveCfg = Debug|Any CPU
		{87580927-9F8E-42AE-BDFE-35F95ABF17D8}.Debug|iPhoneSimulator.Build.0 = Debug|Any CPU
		{87580927-9F8E-42AE-BDFE-35F95ABF17D8}.Debug|Mixed Platforms.ActiveCfg = Debug|Any CPU
		{87580927-9F8E-42AE-BDFE-35F95ABF17D8}.Debug|Mixed Platforms.Build.0 = Debug|Any CPU
		{87580927-9F8E-42AE-BDFE-35F95ABF17D8}.Debug|x64.ActiveCfg = Debug|Any CPU
		{87580927-9F8E-42AE-BDFE-35F95ABF17D8}.Debug|x64.Build.0 = Debug|Any CPU
		{87580927-9F8E-42AE-BDFE-35F95ABF17D8}.Debug|x86.ActiveCfg = Debug|Any CPU
		{87580927-9F8E-42AE-BDFE-35F95ABF17D8}.Debug|x86.Build.0 = Debug|Any CPU
		{87580927-9F8E-42AE-BDFE-35F95ABF17D8}.Release|Any CPU.ActiveCfg = Release|Any CPU
		{87580927-9F8E-42AE-BDFE-35F95ABF17D8}.Release|Any CPU.Build.0 = Release|Any CPU
		{87580927-9F8E-42AE-BDFE-35F95ABF17D8}.Release|ARM.ActiveCfg = Release|Any CPU
		{87580927-9F8E-42AE-BDFE-35F95ABF17D8}.Release|ARM.Build.0 = Release|Any CPU
		{87580927-9F8E-42AE-BDFE-35F95ABF17D8}.Release|iPhone.ActiveCfg = Release|Any CPU
		{87580927-9F8E-42AE-BDFE-35F95ABF17D8}.Release|iPhone.Build.0 = Release|Any CPU
		{87580927-9F8E-42AE-BDFE-35F95ABF17D8}.Release|iPhoneSimulator.ActiveCfg = Release|Any CPU
		{87580927-9F8E-42AE-BDFE-35F95ABF17D8}.Release|iPhoneSimulator.Build.0 = Release|Any CPU
		{87580927-9F8E-42AE-BDFE-35F95ABF17D8}.Release|Mixed Platforms.ActiveCfg = Release|Any CPU
		{87580927-9F8E-42AE-BDFE-35F95ABF17D8}.Release|Mixed Platforms.Build.0 = Release|Any CPU
		{87580927-9F8E-42AE-BDFE-35F95ABF17D8}.Release|x64.ActiveCfg = Release|Any CPU
		{87580927-9F8E-42AE-BDFE-35F95ABF17D8}.Release|x64.Build.0 = Release|Any CPU
		{87580927-9F8E-42AE-BDFE-35F95ABF17D8}.Release|x86.ActiveCfg = Release|Any CPU
		{87580927-9F8E-42AE-BDFE-35F95ABF17D8}.Release|x86.Build.0 = Release|Any CPU
		{D46E20A0-DBA9-49A5-B45E-CE4664850445}.Ad-Hoc|Any CPU.ActiveCfg = Release|Any CPU
		{D46E20A0-DBA9-49A5-B45E-CE4664850445}.Ad-Hoc|Any CPU.Build.0 = Release|Any CPU
		{D46E20A0-DBA9-49A5-B45E-CE4664850445}.Ad-Hoc|ARM.ActiveCfg = Release|Any CPU
		{D46E20A0-DBA9-49A5-B45E-CE4664850445}.Ad-Hoc|iPhone.ActiveCfg = Debug|Any CPU
		{D46E20A0-DBA9-49A5-B45E-CE4664850445}.Ad-Hoc|iPhoneSimulator.ActiveCfg = Release|Any CPU
		{D46E20A0-DBA9-49A5-B45E-CE4664850445}.Ad-Hoc|Mixed Platforms.ActiveCfg = Release|Any CPU
		{D46E20A0-DBA9-49A5-B45E-CE4664850445}.Ad-Hoc|Mixed Platforms.Build.0 = Release|Any CPU
		{D46E20A0-DBA9-49A5-B45E-CE4664850445}.Ad-Hoc|x64.ActiveCfg = Debug|Any CPU
		{D46E20A0-DBA9-49A5-B45E-CE4664850445}.Ad-Hoc|x64.Build.0 = Debug|Any CPU
		{D46E20A0-DBA9-49A5-B45E-CE4664850445}.Ad-Hoc|x86.ActiveCfg = Release|Any CPU
		{D46E20A0-DBA9-49A5-B45E-CE4664850445}.Ad-Hoc|x86.Build.0 = Release|Any CPU
		{D46E20A0-DBA9-49A5-B45E-CE4664850445}.AppStore|Any CPU.ActiveCfg = Release|Any CPU
		{D46E20A0-DBA9-49A5-B45E-CE4664850445}.AppStore|ARM.ActiveCfg = Release|Any CPU
		{D46E20A0-DBA9-49A5-B45E-CE4664850445}.AppStore|ARM.Build.0 = Release|Any CPU
		{D46E20A0-DBA9-49A5-B45E-CE4664850445}.AppStore|iPhone.ActiveCfg = Debug|Any CPU
		{D46E20A0-DBA9-49A5-B45E-CE4664850445}.AppStore|iPhoneSimulator.ActiveCfg = Release|Any CPU
		{D46E20A0-DBA9-49A5-B45E-CE4664850445}.AppStore|Mixed Platforms.ActiveCfg = Release|Any CPU
		{D46E20A0-DBA9-49A5-B45E-CE4664850445}.AppStore|Mixed Platforms.Build.0 = Release|Any CPU
		{D46E20A0-DBA9-49A5-B45E-CE4664850445}.AppStore|x64.ActiveCfg = Debug|Any CPU
		{D46E20A0-DBA9-49A5-B45E-CE4664850445}.AppStore|x64.Build.0 = Debug|Any CPU
		{D46E20A0-DBA9-49A5-B45E-CE4664850445}.AppStore|x86.ActiveCfg = Release|Any CPU
		{D46E20A0-DBA9-49A5-B45E-CE4664850445}.AppStore|x86.Build.0 = Release|Any CPU
		{D46E20A0-DBA9-49A5-B45E-CE4664850445}.Debug|Any CPU.ActiveCfg = Debug|Any CPU
		{D46E20A0-DBA9-49A5-B45E-CE4664850445}.Debug|Any CPU.Build.0 = Debug|Any CPU
		{D46E20A0-DBA9-49A5-B45E-CE4664850445}.Debug|ARM.ActiveCfg = Debug|Any CPU
		{D46E20A0-DBA9-49A5-B45E-CE4664850445}.Debug|ARM.Build.0 = Debug|Any CPU
		{D46E20A0-DBA9-49A5-B45E-CE4664850445}.Debug|iPhone.ActiveCfg = Debug|Any CPU
		{D46E20A0-DBA9-49A5-B45E-CE4664850445}.Debug|iPhoneSimulator.ActiveCfg = Debug|Any CPU
		{D46E20A0-DBA9-49A5-B45E-CE4664850445}.Debug|Mixed Platforms.ActiveCfg = Debug|Any CPU
		{D46E20A0-DBA9-49A5-B45E-CE4664850445}.Debug|Mixed Platforms.Build.0 = Debug|Any CPU
		{D46E20A0-DBA9-49A5-B45E-CE4664850445}.Debug|x64.ActiveCfg = Debug|Any CPU
		{D46E20A0-DBA9-49A5-B45E-CE4664850445}.Debug|x64.Build.0 = Debug|Any CPU
		{D46E20A0-DBA9-49A5-B45E-CE4664850445}.Debug|x86.ActiveCfg = Debug|Any CPU
		{D46E20A0-DBA9-49A5-B45E-CE4664850445}.Debug|x86.Build.0 = Debug|Any CPU
		{D46E20A0-DBA9-49A5-B45E-CE4664850445}.Release|Any CPU.ActiveCfg = Release|Any CPU
		{D46E20A0-DBA9-49A5-B45E-CE4664850445}.Release|Any CPU.Build.0 = Release|Any CPU
		{D46E20A0-DBA9-49A5-B45E-CE4664850445}.Release|ARM.ActiveCfg = Release|Any CPU
		{D46E20A0-DBA9-49A5-B45E-CE4664850445}.Release|ARM.Build.0 = Release|Any CPU
		{D46E20A0-DBA9-49A5-B45E-CE4664850445}.Release|iPhone.ActiveCfg = Release|Any CPU
		{D46E20A0-DBA9-49A5-B45E-CE4664850445}.Release|iPhoneSimulator.ActiveCfg = Release|Any CPU
		{D46E20A0-DBA9-49A5-B45E-CE4664850445}.Release|Mixed Platforms.ActiveCfg = Release|Any CPU
		{D46E20A0-DBA9-49A5-B45E-CE4664850445}.Release|Mixed Platforms.Build.0 = Release|Any CPU
		{D46E20A0-DBA9-49A5-B45E-CE4664850445}.Release|x64.ActiveCfg = Release|Any CPU
		{D46E20A0-DBA9-49A5-B45E-CE4664850445}.Release|x64.Build.0 = Release|Any CPU
		{D46E20A0-DBA9-49A5-B45E-CE4664850445}.Release|x86.ActiveCfg = Release|Any CPU
		{D46E20A0-DBA9-49A5-B45E-CE4664850445}.Release|x86.Build.0 = Release|Any CPU
		{15BE2387-8E72-4C0B-8A6A-460EF5FA4539}.Ad-Hoc|Any CPU.ActiveCfg = Release|Any CPU
		{15BE2387-8E72-4C0B-8A6A-460EF5FA4539}.Ad-Hoc|Any CPU.Build.0 = Release|Any CPU
		{15BE2387-8E72-4C0B-8A6A-460EF5FA4539}.Ad-Hoc|ARM.ActiveCfg = Release|Any CPU
		{15BE2387-8E72-4C0B-8A6A-460EF5FA4539}.Ad-Hoc|ARM.Build.0 = Release|Any CPU
		{15BE2387-8E72-4C0B-8A6A-460EF5FA4539}.Ad-Hoc|iPhone.ActiveCfg = Debug|Any CPU
		{15BE2387-8E72-4C0B-8A6A-460EF5FA4539}.Ad-Hoc|iPhone.Build.0 = Debug|Any CPU
		{15BE2387-8E72-4C0B-8A6A-460EF5FA4539}.Ad-Hoc|iPhoneSimulator.ActiveCfg = Release|Any CPU
		{15BE2387-8E72-4C0B-8A6A-460EF5FA4539}.Ad-Hoc|iPhoneSimulator.Build.0 = Release|Any CPU
		{15BE2387-8E72-4C0B-8A6A-460EF5FA4539}.Ad-Hoc|Mixed Platforms.ActiveCfg = Release|Any CPU
		{15BE2387-8E72-4C0B-8A6A-460EF5FA4539}.Ad-Hoc|Mixed Platforms.Build.0 = Release|Any CPU
		{15BE2387-8E72-4C0B-8A6A-460EF5FA4539}.Ad-Hoc|x64.ActiveCfg = Debug|Any CPU
		{15BE2387-8E72-4C0B-8A6A-460EF5FA4539}.Ad-Hoc|x64.Build.0 = Debug|Any CPU
		{15BE2387-8E72-4C0B-8A6A-460EF5FA4539}.Ad-Hoc|x86.ActiveCfg = Release|Any CPU
		{15BE2387-8E72-4C0B-8A6A-460EF5FA4539}.Ad-Hoc|x86.Build.0 = Release|Any CPU
		{15BE2387-8E72-4C0B-8A6A-460EF5FA4539}.AppStore|Any CPU.ActiveCfg = Release|Any CPU
		{15BE2387-8E72-4C0B-8A6A-460EF5FA4539}.AppStore|Any CPU.Build.0 = Release|Any CPU
		{15BE2387-8E72-4C0B-8A6A-460EF5FA4539}.AppStore|ARM.ActiveCfg = Release|Any CPU
		{15BE2387-8E72-4C0B-8A6A-460EF5FA4539}.AppStore|ARM.Build.0 = Release|Any CPU
		{15BE2387-8E72-4C0B-8A6A-460EF5FA4539}.AppStore|iPhone.ActiveCfg = Debug|Any CPU
		{15BE2387-8E72-4C0B-8A6A-460EF5FA4539}.AppStore|iPhone.Build.0 = Debug|Any CPU
		{15BE2387-8E72-4C0B-8A6A-460EF5FA4539}.AppStore|iPhoneSimulator.ActiveCfg = Release|Any CPU
		{15BE2387-8E72-4C0B-8A6A-460EF5FA4539}.AppStore|iPhoneSimulator.Build.0 = Release|Any CPU
		{15BE2387-8E72-4C0B-8A6A-460EF5FA4539}.AppStore|Mixed Platforms.ActiveCfg = Release|Any CPU
		{15BE2387-8E72-4C0B-8A6A-460EF5FA4539}.AppStore|Mixed Platforms.Build.0 = Release|Any CPU
		{15BE2387-8E72-4C0B-8A6A-460EF5FA4539}.AppStore|x64.ActiveCfg = Debug|Any CPU
		{15BE2387-8E72-4C0B-8A6A-460EF5FA4539}.AppStore|x64.Build.0 = Debug|Any CPU
		{15BE2387-8E72-4C0B-8A6A-460EF5FA4539}.AppStore|x86.ActiveCfg = Release|Any CPU
		{15BE2387-8E72-4C0B-8A6A-460EF5FA4539}.AppStore|x86.Build.0 = Release|Any CPU
		{15BE2387-8E72-4C0B-8A6A-460EF5FA4539}.Debug|Any CPU.ActiveCfg = Debug|Any CPU
		{15BE2387-8E72-4C0B-8A6A-460EF5FA4539}.Debug|Any CPU.Build.0 = Debug|Any CPU
		{15BE2387-8E72-4C0B-8A6A-460EF5FA4539}.Debug|ARM.ActiveCfg = Debug|Any CPU
		{15BE2387-8E72-4C0B-8A6A-460EF5FA4539}.Debug|ARM.Build.0 = Debug|Any CPU
		{15BE2387-8E72-4C0B-8A6A-460EF5FA4539}.Debug|iPhone.ActiveCfg = Debug|Any CPU
		{15BE2387-8E72-4C0B-8A6A-460EF5FA4539}.Debug|iPhone.Build.0 = Debug|Any CPU
		{15BE2387-8E72-4C0B-8A6A-460EF5FA4539}.Debug|iPhoneSimulator.ActiveCfg = Debug|Any CPU
		{15BE2387-8E72-4C0B-8A6A-460EF5FA4539}.Debug|iPhoneSimulator.Build.0 = Debug|Any CPU
		{15BE2387-8E72-4C0B-8A6A-460EF5FA4539}.Debug|Mixed Platforms.ActiveCfg = Debug|Any CPU
		{15BE2387-8E72-4C0B-8A6A-460EF5FA4539}.Debug|Mixed Platforms.Build.0 = Debug|Any CPU
		{15BE2387-8E72-4C0B-8A6A-460EF5FA4539}.Debug|x64.ActiveCfg = Debug|Any CPU
		{15BE2387-8E72-4C0B-8A6A-460EF5FA4539}.Debug|x64.Build.0 = Debug|Any CPU
		{15BE2387-8E72-4C0B-8A6A-460EF5FA4539}.Debug|x86.ActiveCfg = Debug|Any CPU
		{15BE2387-8E72-4C0B-8A6A-460EF5FA4539}.Debug|x86.Build.0 = Debug|Any CPU
		{15BE2387-8E72-4C0B-8A6A-460EF5FA4539}.Release|Any CPU.ActiveCfg = Release|Any CPU
		{15BE2387-8E72-4C0B-8A6A-460EF5FA4539}.Release|Any CPU.Build.0 = Release|Any CPU
		{15BE2387-8E72-4C0B-8A6A-460EF5FA4539}.Release|ARM.ActiveCfg = Release|Any CPU
		{15BE2387-8E72-4C0B-8A6A-460EF5FA4539}.Release|ARM.Build.0 = Release|Any CPU
		{15BE2387-8E72-4C0B-8A6A-460EF5FA4539}.Release|iPhone.ActiveCfg = Release|Any CPU
		{15BE2387-8E72-4C0B-8A6A-460EF5FA4539}.Release|iPhone.Build.0 = Release|Any CPU
		{15BE2387-8E72-4C0B-8A6A-460EF5FA4539}.Release|iPhoneSimulator.ActiveCfg = Release|Any CPU
		{15BE2387-8E72-4C0B-8A6A-460EF5FA4539}.Release|iPhoneSimulator.Build.0 = Release|Any CPU
		{15BE2387-8E72-4C0B-8A6A-460EF5FA4539}.Release|Mixed Platforms.ActiveCfg = Release|Any CPU
		{15BE2387-8E72-4C0B-8A6A-460EF5FA4539}.Release|Mixed Platforms.Build.0 = Release|Any CPU
		{15BE2387-8E72-4C0B-8A6A-460EF5FA4539}.Release|x64.ActiveCfg = Release|Any CPU
		{15BE2387-8E72-4C0B-8A6A-460EF5FA4539}.Release|x64.Build.0 = Release|Any CPU
		{15BE2387-8E72-4C0B-8A6A-460EF5FA4539}.Release|x86.ActiveCfg = Release|Any CPU
		{15BE2387-8E72-4C0B-8A6A-460EF5FA4539}.Release|x86.Build.0 = Release|Any CPU
		{67F9D3A8-F71E-4428-913F-C37AE82CDB24}.Ad-Hoc|Any CPU.ActiveCfg = Release|Any CPU
		{67F9D3A8-F71E-4428-913F-C37AE82CDB24}.Ad-Hoc|Any CPU.Build.0 = Release|Any CPU
		{67F9D3A8-F71E-4428-913F-C37AE82CDB24}.Ad-Hoc|ARM.ActiveCfg = Release|Any CPU
		{67F9D3A8-F71E-4428-913F-C37AE82CDB24}.Ad-Hoc|ARM.Build.0 = Release|Any CPU
		{67F9D3A8-F71E-4428-913F-C37AE82CDB24}.Ad-Hoc|iPhone.ActiveCfg = Release|Any CPU
		{67F9D3A8-F71E-4428-913F-C37AE82CDB24}.Ad-Hoc|iPhone.Build.0 = Release|Any CPU
		{67F9D3A8-F71E-4428-913F-C37AE82CDB24}.Ad-Hoc|iPhoneSimulator.ActiveCfg = Release|Any CPU
		{67F9D3A8-F71E-4428-913F-C37AE82CDB24}.Ad-Hoc|iPhoneSimulator.Build.0 = Release|Any CPU
		{67F9D3A8-F71E-4428-913F-C37AE82CDB24}.Ad-Hoc|Mixed Platforms.ActiveCfg = Release|Any CPU
		{67F9D3A8-F71E-4428-913F-C37AE82CDB24}.Ad-Hoc|Mixed Platforms.Build.0 = Release|Any CPU
		{67F9D3A8-F71E-4428-913F-C37AE82CDB24}.Ad-Hoc|x64.ActiveCfg = Release|Any CPU
		{67F9D3A8-F71E-4428-913F-C37AE82CDB24}.Ad-Hoc|x64.Build.0 = Release|Any CPU
		{67F9D3A8-F71E-4428-913F-C37AE82CDB24}.Ad-Hoc|x86.ActiveCfg = Release|Any CPU
		{67F9D3A8-F71E-4428-913F-C37AE82CDB24}.Ad-Hoc|x86.Build.0 = Release|Any CPU
		{67F9D3A8-F71E-4428-913F-C37AE82CDB24}.AppStore|Any CPU.ActiveCfg = Release|Any CPU
		{67F9D3A8-F71E-4428-913F-C37AE82CDB24}.AppStore|Any CPU.Build.0 = Release|Any CPU
		{67F9D3A8-F71E-4428-913F-C37AE82CDB24}.AppStore|ARM.ActiveCfg = Release|Any CPU
		{67F9D3A8-F71E-4428-913F-C37AE82CDB24}.AppStore|ARM.Build.0 = Release|Any CPU
		{67F9D3A8-F71E-4428-913F-C37AE82CDB24}.AppStore|iPhone.ActiveCfg = Release|Any CPU
		{67F9D3A8-F71E-4428-913F-C37AE82CDB24}.AppStore|iPhone.Build.0 = Release|Any CPU
		{67F9D3A8-F71E-4428-913F-C37AE82CDB24}.AppStore|iPhoneSimulator.ActiveCfg = Release|Any CPU
		{67F9D3A8-F71E-4428-913F-C37AE82CDB24}.AppStore|iPhoneSimulator.Build.0 = Release|Any CPU
		{67F9D3A8-F71E-4428-913F-C37AE82CDB24}.AppStore|Mixed Platforms.ActiveCfg = Release|Any CPU
		{67F9D3A8-F71E-4428-913F-C37AE82CDB24}.AppStore|Mixed Platforms.Build.0 = Release|Any CPU
		{67F9D3A8-F71E-4428-913F-C37AE82CDB24}.AppStore|x64.ActiveCfg = Release|Any CPU
		{67F9D3A8-F71E-4428-913F-C37AE82CDB24}.AppStore|x64.Build.0 = Release|Any CPU
		{67F9D3A8-F71E-4428-913F-C37AE82CDB24}.AppStore|x86.ActiveCfg = Release|Any CPU
		{67F9D3A8-F71E-4428-913F-C37AE82CDB24}.AppStore|x86.Build.0 = Release|Any CPU
		{67F9D3A8-F71E-4428-913F-C37AE82CDB24}.Debug|Any CPU.ActiveCfg = Debug|Any CPU
		{67F9D3A8-F71E-4428-913F-C37AE82CDB24}.Debug|Any CPU.Build.0 = Debug|Any CPU
		{67F9D3A8-F71E-4428-913F-C37AE82CDB24}.Debug|ARM.ActiveCfg = Debug|Any CPU
		{67F9D3A8-F71E-4428-913F-C37AE82CDB24}.Debug|ARM.Build.0 = Debug|Any CPU
		{67F9D3A8-F71E-4428-913F-C37AE82CDB24}.Debug|iPhone.ActiveCfg = Debug|Any CPU
		{67F9D3A8-F71E-4428-913F-C37AE82CDB24}.Debug|iPhone.Build.0 = Debug|Any CPU
		{67F9D3A8-F71E-4428-913F-C37AE82CDB24}.Debug|iPhoneSimulator.ActiveCfg = Debug|Any CPU
		{67F9D3A8-F71E-4428-913F-C37AE82CDB24}.Debug|iPhoneSimulator.Build.0 = Debug|Any CPU
		{67F9D3A8-F71E-4428-913F-C37AE82CDB24}.Debug|Mixed Platforms.ActiveCfg = Debug|Any CPU
		{67F9D3A8-F71E-4428-913F-C37AE82CDB24}.Debug|Mixed Platforms.Build.0 = Debug|Any CPU
		{67F9D3A8-F71E-4428-913F-C37AE82CDB24}.Debug|x64.ActiveCfg = Debug|Any CPU
		{67F9D3A8-F71E-4428-913F-C37AE82CDB24}.Debug|x64.Build.0 = Debug|Any CPU
		{67F9D3A8-F71E-4428-913F-C37AE82CDB24}.Debug|x86.ActiveCfg = Debug|Any CPU
		{67F9D3A8-F71E-4428-913F-C37AE82CDB24}.Debug|x86.Build.0 = Debug|Any CPU
		{67F9D3A8-F71E-4428-913F-C37AE82CDB24}.Release|Any CPU.ActiveCfg = Release|Any CPU
		{67F9D3A8-F71E-4428-913F-C37AE82CDB24}.Release|Any CPU.Build.0 = Release|Any CPU
		{67F9D3A8-F71E-4428-913F-C37AE82CDB24}.Release|ARM.ActiveCfg = Release|Any CPU
		{67F9D3A8-F71E-4428-913F-C37AE82CDB24}.Release|ARM.Build.0 = Release|Any CPU
		{67F9D3A8-F71E-4428-913F-C37AE82CDB24}.Release|iPhone.ActiveCfg = Release|Any CPU
		{67F9D3A8-F71E-4428-913F-C37AE82CDB24}.Release|iPhone.Build.0 = Release|Any CPU
		{67F9D3A8-F71E-4428-913F-C37AE82CDB24}.Release|iPhoneSimulator.ActiveCfg = Release|Any CPU
		{67F9D3A8-F71E-4428-913F-C37AE82CDB24}.Release|iPhoneSimulator.Build.0 = Release|Any CPU
		{67F9D3A8-F71E-4428-913F-C37AE82CDB24}.Release|Mixed Platforms.ActiveCfg = Release|Any CPU
		{67F9D3A8-F71E-4428-913F-C37AE82CDB24}.Release|Mixed Platforms.Build.0 = Release|Any CPU
		{67F9D3A8-F71E-4428-913F-C37AE82CDB24}.Release|x64.ActiveCfg = Release|Any CPU
		{67F9D3A8-F71E-4428-913F-C37AE82CDB24}.Release|x64.Build.0 = Release|Any CPU
		{67F9D3A8-F71E-4428-913F-C37AE82CDB24}.Release|x86.ActiveCfg = Release|Any CPU
		{67F9D3A8-F71E-4428-913F-C37AE82CDB24}.Release|x86.Build.0 = Release|Any CPU
		{1B702A60-3D89-4183-B251-4A07388DCCB5}.Ad-Hoc|Any CPU.ActiveCfg = Release|Any CPU
		{1B702A60-3D89-4183-B251-4A07388DCCB5}.Ad-Hoc|Any CPU.Build.0 = Release|Any CPU
		{1B702A60-3D89-4183-B251-4A07388DCCB5}.Ad-Hoc|ARM.ActiveCfg = Release|Any CPU
		{1B702A60-3D89-4183-B251-4A07388DCCB5}.Ad-Hoc|iPhone.ActiveCfg = Release|Any CPU
		{1B702A60-3D89-4183-B251-4A07388DCCB5}.Ad-Hoc|iPhoneSimulator.ActiveCfg = Release|Any CPU
		{1B702A60-3D89-4183-B251-4A07388DCCB5}.Ad-Hoc|Mixed Platforms.ActiveCfg = Release|Any CPU
		{1B702A60-3D89-4183-B251-4A07388DCCB5}.Ad-Hoc|Mixed Platforms.Build.0 = Release|Any CPU
		{1B702A60-3D89-4183-B251-4A07388DCCB5}.Ad-Hoc|x64.ActiveCfg = Release|Any CPU
		{1B702A60-3D89-4183-B251-4A07388DCCB5}.Ad-Hoc|x64.Build.0 = Release|Any CPU
		{1B702A60-3D89-4183-B251-4A07388DCCB5}.Ad-Hoc|x86.ActiveCfg = Release|Any CPU
		{1B702A60-3D89-4183-B251-4A07388DCCB5}.Ad-Hoc|x86.Build.0 = Release|Any CPU
		{1B702A60-3D89-4183-B251-4A07388DCCB5}.AppStore|Any CPU.ActiveCfg = Release|Any CPU
		{1B702A60-3D89-4183-B251-4A07388DCCB5}.AppStore|ARM.ActiveCfg = Release|Any CPU
		{1B702A60-3D89-4183-B251-4A07388DCCB5}.AppStore|ARM.Build.0 = Release|Any CPU
		{1B702A60-3D89-4183-B251-4A07388DCCB5}.AppStore|iPhone.ActiveCfg = Release|Any CPU
		{1B702A60-3D89-4183-B251-4A07388DCCB5}.AppStore|iPhoneSimulator.ActiveCfg = Release|Any CPU
		{1B702A60-3D89-4183-B251-4A07388DCCB5}.AppStore|Mixed Platforms.ActiveCfg = Release|Any CPU
		{1B702A60-3D89-4183-B251-4A07388DCCB5}.AppStore|Mixed Platforms.Build.0 = Release|Any CPU
		{1B702A60-3D89-4183-B251-4A07388DCCB5}.AppStore|x64.ActiveCfg = Release|Any CPU
		{1B702A60-3D89-4183-B251-4A07388DCCB5}.AppStore|x64.Build.0 = Release|Any CPU
		{1B702A60-3D89-4183-B251-4A07388DCCB5}.AppStore|x86.ActiveCfg = Release|Any CPU
		{1B702A60-3D89-4183-B251-4A07388DCCB5}.AppStore|x86.Build.0 = Release|Any CPU
		{1B702A60-3D89-4183-B251-4A07388DCCB5}.Debug|Any CPU.ActiveCfg = Debug|Any CPU
		{1B702A60-3D89-4183-B251-4A07388DCCB5}.Debug|Any CPU.Build.0 = Debug|Any CPU
		{1B702A60-3D89-4183-B251-4A07388DCCB5}.Debug|ARM.ActiveCfg = Debug|Any CPU
		{1B702A60-3D89-4183-B251-4A07388DCCB5}.Debug|ARM.Build.0 = Debug|Any CPU
		{1B702A60-3D89-4183-B251-4A07388DCCB5}.Debug|iPhone.ActiveCfg = Debug|Any CPU
		{1B702A60-3D89-4183-B251-4A07388DCCB5}.Debug|iPhoneSimulator.ActiveCfg = Debug|Any CPU
		{1B702A60-3D89-4183-B251-4A07388DCCB5}.Debug|Mixed Platforms.ActiveCfg = Debug|Any CPU
		{1B702A60-3D89-4183-B251-4A07388DCCB5}.Debug|Mixed Platforms.Build.0 = Debug|Any CPU
		{1B702A60-3D89-4183-B251-4A07388DCCB5}.Debug|x64.ActiveCfg = Debug|Any CPU
		{1B702A60-3D89-4183-B251-4A07388DCCB5}.Debug|x64.Build.0 = Debug|Any CPU
		{1B702A60-3D89-4183-B251-4A07388DCCB5}.Debug|x86.ActiveCfg = Debug|Any CPU
		{1B702A60-3D89-4183-B251-4A07388DCCB5}.Debug|x86.Build.0 = Debug|Any CPU
		{1B702A60-3D89-4183-B251-4A07388DCCB5}.Release|Any CPU.ActiveCfg = Release|Any CPU
		{1B702A60-3D89-4183-B251-4A07388DCCB5}.Release|Any CPU.Build.0 = Release|Any CPU
		{1B702A60-3D89-4183-B251-4A07388DCCB5}.Release|ARM.ActiveCfg = Release|Any CPU
		{1B702A60-3D89-4183-B251-4A07388DCCB5}.Release|ARM.Build.0 = Release|Any CPU
		{1B702A60-3D89-4183-B251-4A07388DCCB5}.Release|iPhone.ActiveCfg = Release|Any CPU
		{1B702A60-3D89-4183-B251-4A07388DCCB5}.Release|iPhoneSimulator.ActiveCfg = Release|Any CPU
		{1B702A60-3D89-4183-B251-4A07388DCCB5}.Release|Mixed Platforms.ActiveCfg = Release|Any CPU
		{1B702A60-3D89-4183-B251-4A07388DCCB5}.Release|Mixed Platforms.Build.0 = Release|Any CPU
		{1B702A60-3D89-4183-B251-4A07388DCCB5}.Release|x64.ActiveCfg = Release|Any CPU
		{1B702A60-3D89-4183-B251-4A07388DCCB5}.Release|x64.Build.0 = Release|Any CPU
		{1B702A60-3D89-4183-B251-4A07388DCCB5}.Release|x86.ActiveCfg = Release|Any CPU
		{1B702A60-3D89-4183-B251-4A07388DCCB5}.Release|x86.Build.0 = Release|Any CPU
		{7666F0AB-7493-49F2-82B0-7D51A0250FC9}.Ad-Hoc|Any CPU.ActiveCfg = Release|Any CPU
		{7666F0AB-7493-49F2-82B0-7D51A0250FC9}.Ad-Hoc|Any CPU.Build.0 = Release|Any CPU
		{7666F0AB-7493-49F2-82B0-7D51A0250FC9}.Ad-Hoc|ARM.ActiveCfg = Release|Any CPU
		{7666F0AB-7493-49F2-82B0-7D51A0250FC9}.Ad-Hoc|ARM.Build.0 = Release|Any CPU
		{7666F0AB-7493-49F2-82B0-7D51A0250FC9}.Ad-Hoc|iPhone.ActiveCfg = Release|Any CPU
		{7666F0AB-7493-49F2-82B0-7D51A0250FC9}.Ad-Hoc|iPhone.Build.0 = Release|Any CPU
		{7666F0AB-7493-49F2-82B0-7D51A0250FC9}.Ad-Hoc|iPhoneSimulator.ActiveCfg = Release|Any CPU
		{7666F0AB-7493-49F2-82B0-7D51A0250FC9}.Ad-Hoc|iPhoneSimulator.Build.0 = Release|Any CPU
		{7666F0AB-7493-49F2-82B0-7D51A0250FC9}.Ad-Hoc|Mixed Platforms.ActiveCfg = Release|Any CPU
		{7666F0AB-7493-49F2-82B0-7D51A0250FC9}.Ad-Hoc|Mixed Platforms.Build.0 = Release|Any CPU
		{7666F0AB-7493-49F2-82B0-7D51A0250FC9}.Ad-Hoc|x64.ActiveCfg = Release|Any CPU
		{7666F0AB-7493-49F2-82B0-7D51A0250FC9}.Ad-Hoc|x64.Build.0 = Release|Any CPU
		{7666F0AB-7493-49F2-82B0-7D51A0250FC9}.Ad-Hoc|x86.ActiveCfg = Release|Any CPU
		{7666F0AB-7493-49F2-82B0-7D51A0250FC9}.Ad-Hoc|x86.Build.0 = Release|Any CPU
		{7666F0AB-7493-49F2-82B0-7D51A0250FC9}.AppStore|Any CPU.ActiveCfg = Release|Any CPU
		{7666F0AB-7493-49F2-82B0-7D51A0250FC9}.AppStore|Any CPU.Build.0 = Release|Any CPU
		{7666F0AB-7493-49F2-82B0-7D51A0250FC9}.AppStore|ARM.ActiveCfg = Release|Any CPU
		{7666F0AB-7493-49F2-82B0-7D51A0250FC9}.AppStore|ARM.Build.0 = Release|Any CPU
		{7666F0AB-7493-49F2-82B0-7D51A0250FC9}.AppStore|iPhone.ActiveCfg = Release|Any CPU
		{7666F0AB-7493-49F2-82B0-7D51A0250FC9}.AppStore|iPhone.Build.0 = Release|Any CPU
		{7666F0AB-7493-49F2-82B0-7D51A0250FC9}.AppStore|iPhoneSimulator.ActiveCfg = Release|Any CPU
		{7666F0AB-7493-49F2-82B0-7D51A0250FC9}.AppStore|iPhoneSimulator.Build.0 = Release|Any CPU
		{7666F0AB-7493-49F2-82B0-7D51A0250FC9}.AppStore|Mixed Platforms.ActiveCfg = Release|Any CPU
		{7666F0AB-7493-49F2-82B0-7D51A0250FC9}.AppStore|Mixed Platforms.Build.0 = Release|Any CPU
		{7666F0AB-7493-49F2-82B0-7D51A0250FC9}.AppStore|x64.ActiveCfg = Release|Any CPU
		{7666F0AB-7493-49F2-82B0-7D51A0250FC9}.AppStore|x64.Build.0 = Release|Any CPU
		{7666F0AB-7493-49F2-82B0-7D51A0250FC9}.AppStore|x86.ActiveCfg = Release|Any CPU
		{7666F0AB-7493-49F2-82B0-7D51A0250FC9}.AppStore|x86.Build.0 = Release|Any CPU
		{7666F0AB-7493-49F2-82B0-7D51A0250FC9}.Debug|Any CPU.ActiveCfg = Debug|Any CPU
		{7666F0AB-7493-49F2-82B0-7D51A0250FC9}.Debug|Any CPU.Build.0 = Debug|Any CPU
		{7666F0AB-7493-49F2-82B0-7D51A0250FC9}.Debug|ARM.ActiveCfg = Debug|Any CPU
		{7666F0AB-7493-49F2-82B0-7D51A0250FC9}.Debug|ARM.Build.0 = Debug|Any CPU
		{7666F0AB-7493-49F2-82B0-7D51A0250FC9}.Debug|iPhone.ActiveCfg = Debug|Any CPU
		{7666F0AB-7493-49F2-82B0-7D51A0250FC9}.Debug|iPhone.Build.0 = Debug|Any CPU
		{7666F0AB-7493-49F2-82B0-7D51A0250FC9}.Debug|iPhoneSimulator.ActiveCfg = Debug|Any CPU
		{7666F0AB-7493-49F2-82B0-7D51A0250FC9}.Debug|iPhoneSimulator.Build.0 = Debug|Any CPU
		{7666F0AB-7493-49F2-82B0-7D51A0250FC9}.Debug|Mixed Platforms.ActiveCfg = Debug|Any CPU
		{7666F0AB-7493-49F2-82B0-7D51A0250FC9}.Debug|Mixed Platforms.Build.0 = Debug|Any CPU
		{7666F0AB-7493-49F2-82B0-7D51A0250FC9}.Debug|x64.ActiveCfg = Debug|Any CPU
		{7666F0AB-7493-49F2-82B0-7D51A0250FC9}.Debug|x64.Build.0 = Debug|Any CPU
		{7666F0AB-7493-49F2-82B0-7D51A0250FC9}.Debug|x86.ActiveCfg = Debug|Any CPU
		{7666F0AB-7493-49F2-82B0-7D51A0250FC9}.Debug|x86.Build.0 = Debug|Any CPU
		{7666F0AB-7493-49F2-82B0-7D51A0250FC9}.Release|Any CPU.ActiveCfg = Release|Any CPU
		{7666F0AB-7493-49F2-82B0-7D51A0250FC9}.Release|Any CPU.Build.0 = Release|Any CPU
		{7666F0AB-7493-49F2-82B0-7D51A0250FC9}.Release|ARM.ActiveCfg = Release|Any CPU
		{7666F0AB-7493-49F2-82B0-7D51A0250FC9}.Release|ARM.Build.0 = Release|Any CPU
		{7666F0AB-7493-49F2-82B0-7D51A0250FC9}.Release|iPhone.ActiveCfg = Release|Any CPU
		{7666F0AB-7493-49F2-82B0-7D51A0250FC9}.Release|iPhone.Build.0 = Release|Any CPU
		{7666F0AB-7493-49F2-82B0-7D51A0250FC9}.Release|iPhoneSimulator.ActiveCfg = Release|Any CPU
		{7666F0AB-7493-49F2-82B0-7D51A0250FC9}.Release|iPhoneSimulator.Build.0 = Release|Any CPU
		{7666F0AB-7493-49F2-82B0-7D51A0250FC9}.Release|Mixed Platforms.ActiveCfg = Release|Any CPU
		{7666F0AB-7493-49F2-82B0-7D51A0250FC9}.Release|Mixed Platforms.Build.0 = Release|Any CPU
		{7666F0AB-7493-49F2-82B0-7D51A0250FC9}.Release|x64.ActiveCfg = Release|Any CPU
		{7666F0AB-7493-49F2-82B0-7D51A0250FC9}.Release|x64.Build.0 = Release|Any CPU
		{7666F0AB-7493-49F2-82B0-7D51A0250FC9}.Release|x86.ActiveCfg = Release|Any CPU
		{7666F0AB-7493-49F2-82B0-7D51A0250FC9}.Release|x86.Build.0 = Release|Any CPU
		{3EBB5946-5B7E-4EB3-8E3A-4FEE91D69ED6}.Ad-Hoc|Any CPU.ActiveCfg = Release|Any CPU
		{3EBB5946-5B7E-4EB3-8E3A-4FEE91D69ED6}.Ad-Hoc|Any CPU.Build.0 = Release|Any CPU
		{3EBB5946-5B7E-4EB3-8E3A-4FEE91D69ED6}.Ad-Hoc|ARM.ActiveCfg = Release|Any CPU
		{3EBB5946-5B7E-4EB3-8E3A-4FEE91D69ED6}.Ad-Hoc|ARM.Build.0 = Release|Any CPU
		{3EBB5946-5B7E-4EB3-8E3A-4FEE91D69ED6}.Ad-Hoc|iPhone.ActiveCfg = Debug|Any CPU
		{3EBB5946-5B7E-4EB3-8E3A-4FEE91D69ED6}.Ad-Hoc|iPhone.Build.0 = Debug|Any CPU
		{3EBB5946-5B7E-4EB3-8E3A-4FEE91D69ED6}.Ad-Hoc|iPhoneSimulator.ActiveCfg = Release|Any CPU
		{3EBB5946-5B7E-4EB3-8E3A-4FEE91D69ED6}.Ad-Hoc|iPhoneSimulator.Build.0 = Release|Any CPU
		{3EBB5946-5B7E-4EB3-8E3A-4FEE91D69ED6}.Ad-Hoc|Mixed Platforms.ActiveCfg = Release|Any CPU
		{3EBB5946-5B7E-4EB3-8E3A-4FEE91D69ED6}.Ad-Hoc|Mixed Platforms.Build.0 = Release|Any CPU
		{3EBB5946-5B7E-4EB3-8E3A-4FEE91D69ED6}.Ad-Hoc|x64.ActiveCfg = Debug|Any CPU
		{3EBB5946-5B7E-4EB3-8E3A-4FEE91D69ED6}.Ad-Hoc|x64.Build.0 = Debug|Any CPU
		{3EBB5946-5B7E-4EB3-8E3A-4FEE91D69ED6}.Ad-Hoc|x86.ActiveCfg = Release|Any CPU
		{3EBB5946-5B7E-4EB3-8E3A-4FEE91D69ED6}.Ad-Hoc|x86.Build.0 = Release|Any CPU
		{3EBB5946-5B7E-4EB3-8E3A-4FEE91D69ED6}.AppStore|Any CPU.ActiveCfg = Release|Any CPU
		{3EBB5946-5B7E-4EB3-8E3A-4FEE91D69ED6}.AppStore|Any CPU.Build.0 = Release|Any CPU
		{3EBB5946-5B7E-4EB3-8E3A-4FEE91D69ED6}.AppStore|ARM.ActiveCfg = Release|Any CPU
		{3EBB5946-5B7E-4EB3-8E3A-4FEE91D69ED6}.AppStore|ARM.Build.0 = Release|Any CPU
		{3EBB5946-5B7E-4EB3-8E3A-4FEE91D69ED6}.AppStore|iPhone.ActiveCfg = Debug|Any CPU
		{3EBB5946-5B7E-4EB3-8E3A-4FEE91D69ED6}.AppStore|iPhone.Build.0 = Debug|Any CPU
		{3EBB5946-5B7E-4EB3-8E3A-4FEE91D69ED6}.AppStore|iPhoneSimulator.ActiveCfg = Release|Any CPU
		{3EBB5946-5B7E-4EB3-8E3A-4FEE91D69ED6}.AppStore|iPhoneSimulator.Build.0 = Release|Any CPU
		{3EBB5946-5B7E-4EB3-8E3A-4FEE91D69ED6}.AppStore|Mixed Platforms.ActiveCfg = Release|Any CPU
		{3EBB5946-5B7E-4EB3-8E3A-4FEE91D69ED6}.AppStore|Mixed Platforms.Build.0 = Release|Any CPU
		{3EBB5946-5B7E-4EB3-8E3A-4FEE91D69ED6}.AppStore|x64.ActiveCfg = Debug|Any CPU
		{3EBB5946-5B7E-4EB3-8E3A-4FEE91D69ED6}.AppStore|x64.Build.0 = Debug|Any CPU
		{3EBB5946-5B7E-4EB3-8E3A-4FEE91D69ED6}.AppStore|x86.ActiveCfg = Release|Any CPU
		{3EBB5946-5B7E-4EB3-8E3A-4FEE91D69ED6}.AppStore|x86.Build.0 = Release|Any CPU
		{3EBB5946-5B7E-4EB3-8E3A-4FEE91D69ED6}.Debug|Any CPU.ActiveCfg = Debug|Any CPU
		{3EBB5946-5B7E-4EB3-8E3A-4FEE91D69ED6}.Debug|Any CPU.Build.0 = Debug|Any CPU
		{3EBB5946-5B7E-4EB3-8E3A-4FEE91D69ED6}.Debug|ARM.ActiveCfg = Debug|Any CPU
		{3EBB5946-5B7E-4EB3-8E3A-4FEE91D69ED6}.Debug|ARM.Build.0 = Debug|Any CPU
		{3EBB5946-5B7E-4EB3-8E3A-4FEE91D69ED6}.Debug|iPhone.ActiveCfg = Debug|Any CPU
		{3EBB5946-5B7E-4EB3-8E3A-4FEE91D69ED6}.Debug|iPhone.Build.0 = Debug|Any CPU
		{3EBB5946-5B7E-4EB3-8E3A-4FEE91D69ED6}.Debug|iPhoneSimulator.ActiveCfg = Debug|Any CPU
		{3EBB5946-5B7E-4EB3-8E3A-4FEE91D69ED6}.Debug|iPhoneSimulator.Build.0 = Debug|Any CPU
		{3EBB5946-5B7E-4EB3-8E3A-4FEE91D69ED6}.Debug|Mixed Platforms.ActiveCfg = Debug|Any CPU
		{3EBB5946-5B7E-4EB3-8E3A-4FEE91D69ED6}.Debug|Mixed Platforms.Build.0 = Debug|Any CPU
		{3EBB5946-5B7E-4EB3-8E3A-4FEE91D69ED6}.Debug|x64.ActiveCfg = Debug|Any CPU
		{3EBB5946-5B7E-4EB3-8E3A-4FEE91D69ED6}.Debug|x64.Build.0 = Debug|Any CPU
		{3EBB5946-5B7E-4EB3-8E3A-4FEE91D69ED6}.Debug|x86.ActiveCfg = Debug|Any CPU
		{3EBB5946-5B7E-4EB3-8E3A-4FEE91D69ED6}.Debug|x86.Build.0 = Debug|Any CPU
		{3EBB5946-5B7E-4EB3-8E3A-4FEE91D69ED6}.Release|Any CPU.ActiveCfg = Release|Any CPU
		{3EBB5946-5B7E-4EB3-8E3A-4FEE91D69ED6}.Release|Any CPU.Build.0 = Release|Any CPU
		{3EBB5946-5B7E-4EB3-8E3A-4FEE91D69ED6}.Release|ARM.ActiveCfg = Release|Any CPU
		{3EBB5946-5B7E-4EB3-8E3A-4FEE91D69ED6}.Release|ARM.Build.0 = Release|Any CPU
		{3EBB5946-5B7E-4EB3-8E3A-4FEE91D69ED6}.Release|iPhone.ActiveCfg = Release|Any CPU
		{3EBB5946-5B7E-4EB3-8E3A-4FEE91D69ED6}.Release|iPhone.Build.0 = Release|Any CPU
		{3EBB5946-5B7E-4EB3-8E3A-4FEE91D69ED6}.Release|iPhoneSimulator.ActiveCfg = Release|Any CPU
		{3EBB5946-5B7E-4EB3-8E3A-4FEE91D69ED6}.Release|iPhoneSimulator.Build.0 = Release|Any CPU
		{3EBB5946-5B7E-4EB3-8E3A-4FEE91D69ED6}.Release|Mixed Platforms.ActiveCfg = Release|Any CPU
		{3EBB5946-5B7E-4EB3-8E3A-4FEE91D69ED6}.Release|Mixed Platforms.Build.0 = Release|Any CPU
		{3EBB5946-5B7E-4EB3-8E3A-4FEE91D69ED6}.Release|x64.ActiveCfg = Release|Any CPU
		{3EBB5946-5B7E-4EB3-8E3A-4FEE91D69ED6}.Release|x64.Build.0 = Release|Any CPU
		{3EBB5946-5B7E-4EB3-8E3A-4FEE91D69ED6}.Release|x86.ActiveCfg = Release|Any CPU
		{3EBB5946-5B7E-4EB3-8E3A-4FEE91D69ED6}.Release|x86.Build.0 = Release|Any CPU
		{6397C9BB-4FCF-4484-923B-A36093A4253D}.Ad-Hoc|Any CPU.ActiveCfg = Release|Any CPU
		{6397C9BB-4FCF-4484-923B-A36093A4253D}.Ad-Hoc|Any CPU.Build.0 = Release|Any CPU
		{6397C9BB-4FCF-4484-923B-A36093A4253D}.Ad-Hoc|ARM.ActiveCfg = Release|Any CPU
		{6397C9BB-4FCF-4484-923B-A36093A4253D}.Ad-Hoc|ARM.Build.0 = Release|Any CPU
		{6397C9BB-4FCF-4484-923B-A36093A4253D}.Ad-Hoc|iPhone.ActiveCfg = Debug|Any CPU
		{6397C9BB-4FCF-4484-923B-A36093A4253D}.Ad-Hoc|iPhone.Build.0 = Debug|Any CPU
		{6397C9BB-4FCF-4484-923B-A36093A4253D}.Ad-Hoc|iPhoneSimulator.ActiveCfg = Release|Any CPU
		{6397C9BB-4FCF-4484-923B-A36093A4253D}.Ad-Hoc|iPhoneSimulator.Build.0 = Release|Any CPU
		{6397C9BB-4FCF-4484-923B-A36093A4253D}.Ad-Hoc|Mixed Platforms.ActiveCfg = Release|Any CPU
		{6397C9BB-4FCF-4484-923B-A36093A4253D}.Ad-Hoc|Mixed Platforms.Build.0 = Release|Any CPU
		{6397C9BB-4FCF-4484-923B-A36093A4253D}.Ad-Hoc|x64.ActiveCfg = Debug|Any CPU
		{6397C9BB-4FCF-4484-923B-A36093A4253D}.Ad-Hoc|x64.Build.0 = Debug|Any CPU
		{6397C9BB-4FCF-4484-923B-A36093A4253D}.Ad-Hoc|x86.ActiveCfg = Release|Any CPU
		{6397C9BB-4FCF-4484-923B-A36093A4253D}.Ad-Hoc|x86.Build.0 = Release|Any CPU
		{6397C9BB-4FCF-4484-923B-A36093A4253D}.AppStore|Any CPU.ActiveCfg = Release|Any CPU
		{6397C9BB-4FCF-4484-923B-A36093A4253D}.AppStore|Any CPU.Build.0 = Release|Any CPU
		{6397C9BB-4FCF-4484-923B-A36093A4253D}.AppStore|ARM.ActiveCfg = Release|Any CPU
		{6397C9BB-4FCF-4484-923B-A36093A4253D}.AppStore|ARM.Build.0 = Release|Any CPU
		{6397C9BB-4FCF-4484-923B-A36093A4253D}.AppStore|iPhone.ActiveCfg = Debug|Any CPU
		{6397C9BB-4FCF-4484-923B-A36093A4253D}.AppStore|iPhone.Build.0 = Debug|Any CPU
		{6397C9BB-4FCF-4484-923B-A36093A4253D}.AppStore|iPhoneSimulator.ActiveCfg = Release|Any CPU
		{6397C9BB-4FCF-4484-923B-A36093A4253D}.AppStore|iPhoneSimulator.Build.0 = Release|Any CPU
		{6397C9BB-4FCF-4484-923B-A36093A4253D}.AppStore|Mixed Platforms.ActiveCfg = Release|Any CPU
		{6397C9BB-4FCF-4484-923B-A36093A4253D}.AppStore|Mixed Platforms.Build.0 = Release|Any CPU
		{6397C9BB-4FCF-4484-923B-A36093A4253D}.AppStore|x64.ActiveCfg = Debug|Any CPU
		{6397C9BB-4FCF-4484-923B-A36093A4253D}.AppStore|x64.Build.0 = Debug|Any CPU
		{6397C9BB-4FCF-4484-923B-A36093A4253D}.AppStore|x86.ActiveCfg = Release|Any CPU
		{6397C9BB-4FCF-4484-923B-A36093A4253D}.AppStore|x86.Build.0 = Release|Any CPU
		{6397C9BB-4FCF-4484-923B-A36093A4253D}.Debug|Any CPU.ActiveCfg = Debug|Any CPU
		{6397C9BB-4FCF-4484-923B-A36093A4253D}.Debug|Any CPU.Build.0 = Debug|Any CPU
		{6397C9BB-4FCF-4484-923B-A36093A4253D}.Debug|ARM.ActiveCfg = Debug|Any CPU
		{6397C9BB-4FCF-4484-923B-A36093A4253D}.Debug|ARM.Build.0 = Debug|Any CPU
		{6397C9BB-4FCF-4484-923B-A36093A4253D}.Debug|iPhone.ActiveCfg = Debug|Any CPU
		{6397C9BB-4FCF-4484-923B-A36093A4253D}.Debug|iPhone.Build.0 = Debug|Any CPU
		{6397C9BB-4FCF-4484-923B-A36093A4253D}.Debug|iPhoneSimulator.ActiveCfg = Debug|Any CPU
		{6397C9BB-4FCF-4484-923B-A36093A4253D}.Debug|iPhoneSimulator.Build.0 = Debug|Any CPU
		{6397C9BB-4FCF-4484-923B-A36093A4253D}.Debug|Mixed Platforms.ActiveCfg = Debug|Any CPU
		{6397C9BB-4FCF-4484-923B-A36093A4253D}.Debug|Mixed Platforms.Build.0 = Debug|Any CPU
		{6397C9BB-4FCF-4484-923B-A36093A4253D}.Debug|x64.ActiveCfg = Debug|Any CPU
		{6397C9BB-4FCF-4484-923B-A36093A4253D}.Debug|x64.Build.0 = Debug|Any CPU
		{6397C9BB-4FCF-4484-923B-A36093A4253D}.Debug|x86.ActiveCfg = Debug|Any CPU
		{6397C9BB-4FCF-4484-923B-A36093A4253D}.Debug|x86.Build.0 = Debug|Any CPU
		{6397C9BB-4FCF-4484-923B-A36093A4253D}.Release|Any CPU.ActiveCfg = Release|Any CPU
		{6397C9BB-4FCF-4484-923B-A36093A4253D}.Release|Any CPU.Build.0 = Release|Any CPU
		{6397C9BB-4FCF-4484-923B-A36093A4253D}.Release|ARM.ActiveCfg = Release|Any CPU
		{6397C9BB-4FCF-4484-923B-A36093A4253D}.Release|ARM.Build.0 = Release|Any CPU
		{6397C9BB-4FCF-4484-923B-A36093A4253D}.Release|iPhone.ActiveCfg = Release|Any CPU
		{6397C9BB-4FCF-4484-923B-A36093A4253D}.Release|iPhone.Build.0 = Release|Any CPU
		{6397C9BB-4FCF-4484-923B-A36093A4253D}.Release|iPhoneSimulator.ActiveCfg = Release|Any CPU
		{6397C9BB-4FCF-4484-923B-A36093A4253D}.Release|iPhoneSimulator.Build.0 = Release|Any CPU
		{6397C9BB-4FCF-4484-923B-A36093A4253D}.Release|Mixed Platforms.ActiveCfg = Release|Any CPU
		{6397C9BB-4FCF-4484-923B-A36093A4253D}.Release|Mixed Platforms.Build.0 = Release|Any CPU
		{6397C9BB-4FCF-4484-923B-A36093A4253D}.Release|x64.ActiveCfg = Release|Any CPU
		{6397C9BB-4FCF-4484-923B-A36093A4253D}.Release|x64.Build.0 = Release|Any CPU
		{6397C9BB-4FCF-4484-923B-A36093A4253D}.Release|x86.ActiveCfg = Release|Any CPU
		{6397C9BB-4FCF-4484-923B-A36093A4253D}.Release|x86.Build.0 = Release|Any CPU
		{FA8B2786-B839-4271-9303-43EE483BCC1F}.Ad-Hoc|Any CPU.ActiveCfg = Release|Any CPU
		{FA8B2786-B839-4271-9303-43EE483BCC1F}.Ad-Hoc|Any CPU.Build.0 = Release|Any CPU
		{FA8B2786-B839-4271-9303-43EE483BCC1F}.Ad-Hoc|ARM.ActiveCfg = Release|Any CPU
		{FA8B2786-B839-4271-9303-43EE483BCC1F}.Ad-Hoc|iPhone.ActiveCfg = Debug|Any CPU
		{FA8B2786-B839-4271-9303-43EE483BCC1F}.Ad-Hoc|iPhoneSimulator.ActiveCfg = Release|Any CPU
		{FA8B2786-B839-4271-9303-43EE483BCC1F}.Ad-Hoc|Mixed Platforms.ActiveCfg = Release|Any CPU
		{FA8B2786-B839-4271-9303-43EE483BCC1F}.Ad-Hoc|Mixed Platforms.Build.0 = Release|Any CPU
		{FA8B2786-B839-4271-9303-43EE483BCC1F}.Ad-Hoc|x64.ActiveCfg = Debug|Any CPU
		{FA8B2786-B839-4271-9303-43EE483BCC1F}.Ad-Hoc|x64.Build.0 = Debug|Any CPU
		{FA8B2786-B839-4271-9303-43EE483BCC1F}.Ad-Hoc|x86.ActiveCfg = Release|Any CPU
		{FA8B2786-B839-4271-9303-43EE483BCC1F}.Ad-Hoc|x86.Build.0 = Release|Any CPU
		{FA8B2786-B839-4271-9303-43EE483BCC1F}.AppStore|Any CPU.ActiveCfg = Release|Any CPU
		{FA8B2786-B839-4271-9303-43EE483BCC1F}.AppStore|ARM.ActiveCfg = Release|Any CPU
		{FA8B2786-B839-4271-9303-43EE483BCC1F}.AppStore|ARM.Build.0 = Release|Any CPU
		{FA8B2786-B839-4271-9303-43EE483BCC1F}.AppStore|iPhone.ActiveCfg = Debug|Any CPU
		{FA8B2786-B839-4271-9303-43EE483BCC1F}.AppStore|iPhoneSimulator.ActiveCfg = Release|Any CPU
		{FA8B2786-B839-4271-9303-43EE483BCC1F}.AppStore|Mixed Platforms.ActiveCfg = Release|Any CPU
		{FA8B2786-B839-4271-9303-43EE483BCC1F}.AppStore|Mixed Platforms.Build.0 = Release|Any CPU
		{FA8B2786-B839-4271-9303-43EE483BCC1F}.AppStore|x64.ActiveCfg = Debug|Any CPU
		{FA8B2786-B839-4271-9303-43EE483BCC1F}.AppStore|x64.Build.0 = Debug|Any CPU
		{FA8B2786-B839-4271-9303-43EE483BCC1F}.AppStore|x86.ActiveCfg = Release|Any CPU
		{FA8B2786-B839-4271-9303-43EE483BCC1F}.AppStore|x86.Build.0 = Release|Any CPU
		{FA8B2786-B839-4271-9303-43EE483BCC1F}.Debug|Any CPU.ActiveCfg = Debug|Any CPU
		{FA8B2786-B839-4271-9303-43EE483BCC1F}.Debug|Any CPU.Build.0 = Debug|Any CPU
		{FA8B2786-B839-4271-9303-43EE483BCC1F}.Debug|ARM.ActiveCfg = Debug|Any CPU
		{FA8B2786-B839-4271-9303-43EE483BCC1F}.Debug|ARM.Build.0 = Debug|Any CPU
		{FA8B2786-B839-4271-9303-43EE483BCC1F}.Debug|iPhone.ActiveCfg = Debug|Any CPU
		{FA8B2786-B839-4271-9303-43EE483BCC1F}.Debug|iPhoneSimulator.ActiveCfg = Debug|Any CPU
		{FA8B2786-B839-4271-9303-43EE483BCC1F}.Debug|Mixed Platforms.ActiveCfg = Debug|Any CPU
		{FA8B2786-B839-4271-9303-43EE483BCC1F}.Debug|Mixed Platforms.Build.0 = Debug|Any CPU
		{FA8B2786-B839-4271-9303-43EE483BCC1F}.Debug|x64.ActiveCfg = Debug|Any CPU
		{FA8B2786-B839-4271-9303-43EE483BCC1F}.Debug|x64.Build.0 = Debug|Any CPU
		{FA8B2786-B839-4271-9303-43EE483BCC1F}.Debug|x86.ActiveCfg = Debug|Any CPU
		{FA8B2786-B839-4271-9303-43EE483BCC1F}.Debug|x86.Build.0 = Debug|Any CPU
		{FA8B2786-B839-4271-9303-43EE483BCC1F}.Release|Any CPU.ActiveCfg = Release|Any CPU
		{FA8B2786-B839-4271-9303-43EE483BCC1F}.Release|Any CPU.Build.0 = Release|Any CPU
		{FA8B2786-B839-4271-9303-43EE483BCC1F}.Release|ARM.ActiveCfg = Release|Any CPU
		{FA8B2786-B839-4271-9303-43EE483BCC1F}.Release|ARM.Build.0 = Release|Any CPU
		{FA8B2786-B839-4271-9303-43EE483BCC1F}.Release|iPhone.ActiveCfg = Release|Any CPU
		{FA8B2786-B839-4271-9303-43EE483BCC1F}.Release|iPhoneSimulator.ActiveCfg = Release|Any CPU
		{FA8B2786-B839-4271-9303-43EE483BCC1F}.Release|Mixed Platforms.ActiveCfg = Release|Any CPU
		{FA8B2786-B839-4271-9303-43EE483BCC1F}.Release|Mixed Platforms.Build.0 = Release|Any CPU
		{FA8B2786-B839-4271-9303-43EE483BCC1F}.Release|x64.ActiveCfg = Release|Any CPU
		{FA8B2786-B839-4271-9303-43EE483BCC1F}.Release|x64.Build.0 = Release|Any CPU
		{FA8B2786-B839-4271-9303-43EE483BCC1F}.Release|x86.ActiveCfg = Release|Any CPU
		{FA8B2786-B839-4271-9303-43EE483BCC1F}.Release|x86.Build.0 = Release|Any CPU
		{ED88D56E-0677-4735-B083-60A46FA8CB94}.Ad-Hoc|Any CPU.ActiveCfg = Release|Any CPU
		{ED88D56E-0677-4735-B083-60A46FA8CB94}.Ad-Hoc|Any CPU.Build.0 = Release|Any CPU
		{ED88D56E-0677-4735-B083-60A46FA8CB94}.Ad-Hoc|ARM.ActiveCfg = Release|Any CPU
		{ED88D56E-0677-4735-B083-60A46FA8CB94}.Ad-Hoc|ARM.Build.0 = Release|Any CPU
		{ED88D56E-0677-4735-B083-60A46FA8CB94}.Ad-Hoc|iPhone.ActiveCfg = Debug|Any CPU
		{ED88D56E-0677-4735-B083-60A46FA8CB94}.Ad-Hoc|iPhone.Build.0 = Debug|Any CPU
		{ED88D56E-0677-4735-B083-60A46FA8CB94}.Ad-Hoc|iPhoneSimulator.ActiveCfg = Release|Any CPU
		{ED88D56E-0677-4735-B083-60A46FA8CB94}.Ad-Hoc|iPhoneSimulator.Build.0 = Release|Any CPU
		{ED88D56E-0677-4735-B083-60A46FA8CB94}.Ad-Hoc|Mixed Platforms.ActiveCfg = Release|Any CPU
		{ED88D56E-0677-4735-B083-60A46FA8CB94}.Ad-Hoc|Mixed Platforms.Build.0 = Release|Any CPU
		{ED88D56E-0677-4735-B083-60A46FA8CB94}.Ad-Hoc|x64.ActiveCfg = Debug|Any CPU
		{ED88D56E-0677-4735-B083-60A46FA8CB94}.Ad-Hoc|x64.Build.0 = Debug|Any CPU
		{ED88D56E-0677-4735-B083-60A46FA8CB94}.Ad-Hoc|x86.ActiveCfg = Release|Any CPU
		{ED88D56E-0677-4735-B083-60A46FA8CB94}.Ad-Hoc|x86.Build.0 = Release|Any CPU
		{ED88D56E-0677-4735-B083-60A46FA8CB94}.AppStore|Any CPU.ActiveCfg = Release|Any CPU
		{ED88D56E-0677-4735-B083-60A46FA8CB94}.AppStore|Any CPU.Build.0 = Release|Any CPU
		{ED88D56E-0677-4735-B083-60A46FA8CB94}.AppStore|ARM.ActiveCfg = Release|Any CPU
		{ED88D56E-0677-4735-B083-60A46FA8CB94}.AppStore|ARM.Build.0 = Release|Any CPU
		{ED88D56E-0677-4735-B083-60A46FA8CB94}.AppStore|iPhone.ActiveCfg = Debug|Any CPU
		{ED88D56E-0677-4735-B083-60A46FA8CB94}.AppStore|iPhone.Build.0 = Debug|Any CPU
		{ED88D56E-0677-4735-B083-60A46FA8CB94}.AppStore|iPhoneSimulator.ActiveCfg = Release|Any CPU
		{ED88D56E-0677-4735-B083-60A46FA8CB94}.AppStore|iPhoneSimulator.Build.0 = Release|Any CPU
		{ED88D56E-0677-4735-B083-60A46FA8CB94}.AppStore|Mixed Platforms.ActiveCfg = Release|Any CPU
		{ED88D56E-0677-4735-B083-60A46FA8CB94}.AppStore|Mixed Platforms.Build.0 = Release|Any CPU
		{ED88D56E-0677-4735-B083-60A46FA8CB94}.AppStore|x64.ActiveCfg = Debug|Any CPU
		{ED88D56E-0677-4735-B083-60A46FA8CB94}.AppStore|x64.Build.0 = Debug|Any CPU
		{ED88D56E-0677-4735-B083-60A46FA8CB94}.AppStore|x86.ActiveCfg = Release|Any CPU
		{ED88D56E-0677-4735-B083-60A46FA8CB94}.AppStore|x86.Build.0 = Release|Any CPU
		{ED88D56E-0677-4735-B083-60A46FA8CB94}.Debug|Any CPU.ActiveCfg = Debug|Any CPU
		{ED88D56E-0677-4735-B083-60A46FA8CB94}.Debug|Any CPU.Build.0 = Debug|Any CPU
		{ED88D56E-0677-4735-B083-60A46FA8CB94}.Debug|ARM.ActiveCfg = Debug|Any CPU
		{ED88D56E-0677-4735-B083-60A46FA8CB94}.Debug|ARM.Build.0 = Debug|Any CPU
		{ED88D56E-0677-4735-B083-60A46FA8CB94}.Debug|iPhone.ActiveCfg = Debug|Any CPU
		{ED88D56E-0677-4735-B083-60A46FA8CB94}.Debug|iPhone.Build.0 = Debug|Any CPU
		{ED88D56E-0677-4735-B083-60A46FA8CB94}.Debug|iPhoneSimulator.ActiveCfg = Debug|Any CPU
		{ED88D56E-0677-4735-B083-60A46FA8CB94}.Debug|iPhoneSimulator.Build.0 = Debug|Any CPU
		{ED88D56E-0677-4735-B083-60A46FA8CB94}.Debug|Mixed Platforms.ActiveCfg = Debug|Any CPU
		{ED88D56E-0677-4735-B083-60A46FA8CB94}.Debug|Mixed Platforms.Build.0 = Debug|Any CPU
		{ED88D56E-0677-4735-B083-60A46FA8CB94}.Debug|x64.ActiveCfg = Debug|Any CPU
		{ED88D56E-0677-4735-B083-60A46FA8CB94}.Debug|x64.Build.0 = Debug|Any CPU
		{ED88D56E-0677-4735-B083-60A46FA8CB94}.Debug|x86.ActiveCfg = Debug|Any CPU
		{ED88D56E-0677-4735-B083-60A46FA8CB94}.Debug|x86.Build.0 = Debug|Any CPU
		{ED88D56E-0677-4735-B083-60A46FA8CB94}.Release|Any CPU.ActiveCfg = Release|Any CPU
		{ED88D56E-0677-4735-B083-60A46FA8CB94}.Release|Any CPU.Build.0 = Release|Any CPU
		{ED88D56E-0677-4735-B083-60A46FA8CB94}.Release|ARM.ActiveCfg = Release|Any CPU
		{ED88D56E-0677-4735-B083-60A46FA8CB94}.Release|ARM.Build.0 = Release|Any CPU
		{ED88D56E-0677-4735-B083-60A46FA8CB94}.Release|iPhone.ActiveCfg = Release|Any CPU
		{ED88D56E-0677-4735-B083-60A46FA8CB94}.Release|iPhone.Build.0 = Release|Any CPU
		{ED88D56E-0677-4735-B083-60A46FA8CB94}.Release|iPhoneSimulator.ActiveCfg = Release|Any CPU
		{ED88D56E-0677-4735-B083-60A46FA8CB94}.Release|iPhoneSimulator.Build.0 = Release|Any CPU
		{ED88D56E-0677-4735-B083-60A46FA8CB94}.Release|Mixed Platforms.ActiveCfg = Release|Any CPU
		{ED88D56E-0677-4735-B083-60A46FA8CB94}.Release|Mixed Platforms.Build.0 = Release|Any CPU
		{ED88D56E-0677-4735-B083-60A46FA8CB94}.Release|x64.ActiveCfg = Release|Any CPU
		{ED88D56E-0677-4735-B083-60A46FA8CB94}.Release|x64.Build.0 = Release|Any CPU
		{ED88D56E-0677-4735-B083-60A46FA8CB94}.Release|x86.ActiveCfg = Release|Any CPU
		{ED88D56E-0677-4735-B083-60A46FA8CB94}.Release|x86.Build.0 = Release|Any CPU
		{715DCA9F-B5DB-44BA-AA6D-5267CB7BC70A}.Ad-Hoc|Any CPU.ActiveCfg = Debug|Any CPU
		{715DCA9F-B5DB-44BA-AA6D-5267CB7BC70A}.Ad-Hoc|Any CPU.Build.0 = Debug|Any CPU
		{715DCA9F-B5DB-44BA-AA6D-5267CB7BC70A}.Ad-Hoc|ARM.ActiveCfg = Release|Any CPU
		{715DCA9F-B5DB-44BA-AA6D-5267CB7BC70A}.Ad-Hoc|ARM.Build.0 = Release|Any CPU
		{715DCA9F-B5DB-44BA-AA6D-5267CB7BC70A}.Ad-Hoc|iPhone.ActiveCfg = Release|Any CPU
		{715DCA9F-B5DB-44BA-AA6D-5267CB7BC70A}.Ad-Hoc|iPhone.Build.0 = Release|Any CPU
		{715DCA9F-B5DB-44BA-AA6D-5267CB7BC70A}.Ad-Hoc|iPhoneSimulator.ActiveCfg = Debug|Any CPU
		{715DCA9F-B5DB-44BA-AA6D-5267CB7BC70A}.Ad-Hoc|iPhoneSimulator.Build.0 = Debug|Any CPU
		{715DCA9F-B5DB-44BA-AA6D-5267CB7BC70A}.Ad-Hoc|Mixed Platforms.ActiveCfg = Release|Any CPU
		{715DCA9F-B5DB-44BA-AA6D-5267CB7BC70A}.Ad-Hoc|Mixed Platforms.Build.0 = Release|Any CPU
		{715DCA9F-B5DB-44BA-AA6D-5267CB7BC70A}.Ad-Hoc|x64.ActiveCfg = Release|Any CPU
		{715DCA9F-B5DB-44BA-AA6D-5267CB7BC70A}.Ad-Hoc|x64.Build.0 = Release|Any CPU
		{715DCA9F-B5DB-44BA-AA6D-5267CB7BC70A}.Ad-Hoc|x86.ActiveCfg = Release|Any CPU
		{715DCA9F-B5DB-44BA-AA6D-5267CB7BC70A}.Ad-Hoc|x86.Build.0 = Release|Any CPU
		{715DCA9F-B5DB-44BA-AA6D-5267CB7BC70A}.AppStore|Any CPU.ActiveCfg = Debug|Any CPU
		{715DCA9F-B5DB-44BA-AA6D-5267CB7BC70A}.AppStore|Any CPU.Build.0 = Debug|Any CPU
		{715DCA9F-B5DB-44BA-AA6D-5267CB7BC70A}.AppStore|ARM.ActiveCfg = Release|Any CPU
		{715DCA9F-B5DB-44BA-AA6D-5267CB7BC70A}.AppStore|ARM.Build.0 = Release|Any CPU
		{715DCA9F-B5DB-44BA-AA6D-5267CB7BC70A}.AppStore|iPhone.ActiveCfg = Release|Any CPU
		{715DCA9F-B5DB-44BA-AA6D-5267CB7BC70A}.AppStore|iPhone.Build.0 = Release|Any CPU
		{715DCA9F-B5DB-44BA-AA6D-5267CB7BC70A}.AppStore|iPhoneSimulator.ActiveCfg = Debug|Any CPU
		{715DCA9F-B5DB-44BA-AA6D-5267CB7BC70A}.AppStore|iPhoneSimulator.Build.0 = Debug|Any CPU
		{715DCA9F-B5DB-44BA-AA6D-5267CB7BC70A}.AppStore|Mixed Platforms.ActiveCfg = Release|Any CPU
		{715DCA9F-B5DB-44BA-AA6D-5267CB7BC70A}.AppStore|Mixed Platforms.Build.0 = Release|Any CPU
		{715DCA9F-B5DB-44BA-AA6D-5267CB7BC70A}.AppStore|x64.ActiveCfg = Release|Any CPU
		{715DCA9F-B5DB-44BA-AA6D-5267CB7BC70A}.AppStore|x64.Build.0 = Release|Any CPU
		{715DCA9F-B5DB-44BA-AA6D-5267CB7BC70A}.AppStore|x86.ActiveCfg = Release|Any CPU
		{715DCA9F-B5DB-44BA-AA6D-5267CB7BC70A}.AppStore|x86.Build.0 = Release|Any CPU
		{715DCA9F-B5DB-44BA-AA6D-5267CB7BC70A}.Debug|Any CPU.ActiveCfg = Debug|Any CPU
		{715DCA9F-B5DB-44BA-AA6D-5267CB7BC70A}.Debug|Any CPU.Build.0 = Debug|Any CPU
		{715DCA9F-B5DB-44BA-AA6D-5267CB7BC70A}.Debug|ARM.ActiveCfg = Debug|Any CPU
		{715DCA9F-B5DB-44BA-AA6D-5267CB7BC70A}.Debug|ARM.Build.0 = Debug|Any CPU
		{715DCA9F-B5DB-44BA-AA6D-5267CB7BC70A}.Debug|iPhone.ActiveCfg = Debug|Any CPU
		{715DCA9F-B5DB-44BA-AA6D-5267CB7BC70A}.Debug|iPhone.Build.0 = Debug|Any CPU
		{715DCA9F-B5DB-44BA-AA6D-5267CB7BC70A}.Debug|iPhoneSimulator.ActiveCfg = Debug|Any CPU
		{715DCA9F-B5DB-44BA-AA6D-5267CB7BC70A}.Debug|iPhoneSimulator.Build.0 = Debug|Any CPU
		{715DCA9F-B5DB-44BA-AA6D-5267CB7BC70A}.Debug|Mixed Platforms.ActiveCfg = Debug|Any CPU
		{715DCA9F-B5DB-44BA-AA6D-5267CB7BC70A}.Debug|Mixed Platforms.Build.0 = Debug|Any CPU
		{715DCA9F-B5DB-44BA-AA6D-5267CB7BC70A}.Debug|x64.ActiveCfg = Debug|Any CPU
		{715DCA9F-B5DB-44BA-AA6D-5267CB7BC70A}.Debug|x64.Build.0 = Debug|Any CPU
		{715DCA9F-B5DB-44BA-AA6D-5267CB7BC70A}.Debug|x86.ActiveCfg = Debug|Any CPU
		{715DCA9F-B5DB-44BA-AA6D-5267CB7BC70A}.Debug|x86.Build.0 = Debug|Any CPU
		{715DCA9F-B5DB-44BA-AA6D-5267CB7BC70A}.Release|Any CPU.ActiveCfg = Release|Any CPU
		{715DCA9F-B5DB-44BA-AA6D-5267CB7BC70A}.Release|Any CPU.Build.0 = Release|Any CPU
		{715DCA9F-B5DB-44BA-AA6D-5267CB7BC70A}.Release|ARM.ActiveCfg = Release|Any CPU
		{715DCA9F-B5DB-44BA-AA6D-5267CB7BC70A}.Release|ARM.Build.0 = Release|Any CPU
		{715DCA9F-B5DB-44BA-AA6D-5267CB7BC70A}.Release|iPhone.ActiveCfg = Release|Any CPU
		{715DCA9F-B5DB-44BA-AA6D-5267CB7BC70A}.Release|iPhone.Build.0 = Release|Any CPU
		{715DCA9F-B5DB-44BA-AA6D-5267CB7BC70A}.Release|iPhoneSimulator.ActiveCfg = Release|Any CPU
		{715DCA9F-B5DB-44BA-AA6D-5267CB7BC70A}.Release|iPhoneSimulator.Build.0 = Release|Any CPU
		{715DCA9F-B5DB-44BA-AA6D-5267CB7BC70A}.Release|Mixed Platforms.ActiveCfg = Release|Any CPU
		{715DCA9F-B5DB-44BA-AA6D-5267CB7BC70A}.Release|Mixed Platforms.Build.0 = Release|Any CPU
		{715DCA9F-B5DB-44BA-AA6D-5267CB7BC70A}.Release|x64.ActiveCfg = Release|Any CPU
		{715DCA9F-B5DB-44BA-AA6D-5267CB7BC70A}.Release|x64.Build.0 = Release|Any CPU
		{715DCA9F-B5DB-44BA-AA6D-5267CB7BC70A}.Release|x86.ActiveCfg = Release|Any CPU
		{715DCA9F-B5DB-44BA-AA6D-5267CB7BC70A}.Release|x86.Build.0 = Release|Any CPU
	EndGlobalSection
	GlobalSection(SolutionProperties) = preSolution
		HideSolutionNode = FALSE
	EndGlobalSection
	GlobalSection(NestedProjects) = preSolution
		{EDE30D4F-FC0D-458A-A358-A745FC138DF3} = {87FE7800-EC80-494C-AC2F-3CF66FB84903}
		{87580927-9F8E-42AE-BDFE-35F95ABF17D8} = {87FE7800-EC80-494C-AC2F-3CF66FB84903}
		{D46E20A0-DBA9-49A5-B45E-CE4664850445} = {87FE7800-EC80-494C-AC2F-3CF66FB84903}
		{15BE2387-8E72-4C0B-8A6A-460EF5FA4539} = {87FE7800-EC80-494C-AC2F-3CF66FB84903}
		{73798C80-EB18-442B-9ACD-56A863B942E4} = {87FE7800-EC80-494C-AC2F-3CF66FB84903}
		{77759364-0202-40B6-A285-6FD5490858D4} = {87FE7800-EC80-494C-AC2F-3CF66FB84903}
		{67F9D3A8-F71E-4428-913F-C37AE82CDB24} = {77759364-0202-40B6-A285-6FD5490858D4}
		{1B702A60-3D89-4183-B251-4A07388DCCB5} = {77759364-0202-40B6-A285-6FD5490858D4}
		{7666F0AB-7493-49F2-82B0-7D51A0250FC9} = {77759364-0202-40B6-A285-6FD5490858D4}
		{D90AB228-24A0-4F93-8F1B-389931D88183} = {87FE7800-EC80-494C-AC2F-3CF66FB84903}
		{C1AFC24F-8A5D-4AAF-938E-C61212111835} = {87FE7800-EC80-494C-AC2F-3CF66FB84903}
		{3EBB5946-5B7E-4EB3-8E3A-4FEE91D69ED6} = {C1AFC24F-8A5D-4AAF-938E-C61212111835}
		{6397C9BB-4FCF-4484-923B-A36093A4253D} = {C1AFC24F-8A5D-4AAF-938E-C61212111835}
		{FA8B2786-B839-4271-9303-43EE483BCC1F} = {C1AFC24F-8A5D-4AAF-938E-C61212111835}
		{ED88D56E-0677-4735-B083-60A46FA8CB94} = {C1AFC24F-8A5D-4AAF-938E-C61212111835}
	EndGlobalSection
EndGlobal
